// !$*UTF8*$!
{
	archiveVersion = 1;
	classes = {
	};
	objectVersion = 55;
	objects = {

/* Begin PBXBuildFile section */
		A02F58E027A6F14500D3330F /* slowdownApp.swift in Sources */ = {isa = PBXBuildFile; fileRef = A02F58DF27A6F14500D3330F /* slowdownApp.swift */; };
		A02F58E227A6F14500D3330F /* ContentView.swift in Sources */ = {isa = PBXBuildFile; fileRef = A02F58E127A6F14500D3330F /* ContentView.swift */; };
		A02F58E427A6F14500D3330F /* Assets.xcassets in Resources */ = {isa = PBXBuildFile; fileRef = A02F58E327A6F14500D3330F /* Assets.xcassets */; };
		A02F58E727A6F14500D3330F /* Preview Assets.xcassets in Resources */ = {isa = PBXBuildFile; fileRef = A02F58E627A6F14500D3330F /* Preview Assets.xcassets */; };
		A02F58F127A6F14600D3330F /* slowdownTests.swift in Sources */ = {isa = PBXBuildFile; fileRef = A02F58F027A6F14600D3330F /* slowdownTests.swift */; };
		A02F58FB27A6F14600D3330F /* slowdownUITests.swift in Sources */ = {isa = PBXBuildFile; fileRef = A02F58FA27A6F14600D3330F /* slowdownUITests.swift */; };
		A02F58FD27A6F14600D3330F /* slowdownUITestsLaunchTests.swift in Sources */ = {isa = PBXBuildFile; fileRef = A02F58FC27A6F14600D3330F /* slowdownUITestsLaunchTests.swift */; };
		A02F590C27B09A7A00D3330F /* NetworkExtension.framework in Frameworks */ = {isa = PBXBuildFile; fileRef = A02F590B27B09A7A00D3330F /* NetworkExtension.framework */; };
		A04332CA296BA21A00D69210 /* FirebaseCrashlytics in Frameworks */ = {isa = PBXBuildFile; productRef = A04332C9296BA21A00D69210 /* FirebaseCrashlytics */; };
		A04332CC296BA2A400D69210 /* GoogleService-Info.plist in Resources */ = {isa = PBXBuildFile; fileRef = A04332CB296BA2A400D69210 /* GoogleService-Info.plist */; };
		A04332CD296BA2A400D69210 /* GoogleService-Info.plist in Resources */ = {isa = PBXBuildFile; fileRef = A04332CB296BA2A400D69210 /* GoogleService-Info.plist */; };
		A0458BFA285FB5A300CE4CCB /* Logging in Frameworks */ = {isa = PBXBuildFile; productRef = A0458BF9285FB5A300CE4CCB /* Logging */; };
		A0458C0128614D6500CE4CCB /* LoggingOSLog in Frameworks */ = {isa = PBXBuildFile; productRef = A0458C0028614D6500CE4CCB /* LoggingOSLog */; };
		A04FAD98294D477B0002C19B /* Proxy.swift in Sources */ = {isa = PBXBuildFile; fileRef = A04FAD97294D477B0002C19B /* Proxy.swift */; };
		A04FAD9C294D60960002C19B /* SwiftProtobuf in Frameworks */ = {isa = PBXBuildFile; productRef = A04FAD9B294D60960002C19B /* SwiftProtobuf */; };
		A05AD0B3285D0CD100878904 /* NIO in Frameworks */ = {isa = PBXBuildFile; productRef = A05AD0B2285D0CD100878904 /* NIO */; };
		A06516E42953667900227A95 /* Ffi.xcframework in Frameworks */ = {isa = PBXBuildFile; fileRef = A080EDF3294F8532005401E4 /* Ffi.xcframework */; };
		A0717CCD294D260C00186AFE /* SwiftProtobufPluginLibrary in Frameworks */ = {isa = PBXBuildFile; productRef = A0717CCC294D260C00186AFE /* SwiftProtobufPluginLibrary */; };
		A0774F68296A6F0D001F278B /* Server.swift in Sources */ = {isa = PBXBuildFile; fileRef = A0774F67296A6F0D001F278B /* Server.swift */; };
		A0774F6C296A6F24001F278B /* Ffi.xcframework in Frameworks */ = {isa = PBXBuildFile; fileRef = A080EDF3294F8532005401E4 /* Ffi.xcframework */; };
		A0774F6E296A6F2A001F278B /* Logging in Frameworks */ = {isa = PBXBuildFile; productRef = A0774F6D296A6F2A001F278B /* Logging */; };
		A0774F76296A6F3A001F278B /* ServerTests.swift in Sources */ = {isa = PBXBuildFile; fileRef = A0774F75296A6F3A001F278B /* ServerTests.swift */; };
		A0774F77296A6F3A001F278B /* libServer.a in Frameworks */ = {isa = PBXBuildFile; fileRef = A0774F65296A6F0D001F278B /* libServer.a */; };
		A0774F7E296A6F45001F278B /* ProxyService in Frameworks */ = {isa = PBXBuildFile; productRef = A0774F7D296A6F45001F278B /* ProxyService */; };
		A0774F7F296A7046001F278B /* libServer.a in Frameworks */ = {isa = PBXBuildFile; fileRef = A0774F65296A6F0D001F278B /* libServer.a */; };
		A0774F85296A85DF001F278B /* ProxyService in Frameworks */ = {isa = PBXBuildFile; productRef = A0774F84296A85DF001F278B /* ProxyService */; };
		A080EDF0294F7B89005401E4 /* ProxyService in Frameworks */ = {isa = PBXBuildFile; productRef = A080EDEF294F7B89005401E4 /* ProxyService */; };
		A080EDF6294F9864005401E4 /* Logging in Frameworks */ = {isa = PBXBuildFile; productRef = A080EDF5294F9864005401E4 /* Logging */; };
		A080EDF8294F9868005401E4 /* LoggingOSLog in Frameworks */ = {isa = PBXBuildFile; productRef = A080EDF7294F9868005401E4 /* LoggingOSLog */; };
		A080EDFA294F9B1C005401E4 /* SettingsController.swift in Sources */ = {isa = PBXBuildFile; fileRef = A080EDF9294F9B1C005401E4 /* SettingsController.swift */; };
		A081F232295BB3D700863FE3 /* SetupView.swift in Sources */ = {isa = PBXBuildFile; fileRef = A081F231295BB3D700863FE3 /* SetupView.swift */; };
		A081F2362966A6BA00863FE3 /* SettingsMigrations.swift in Sources */ = {isa = PBXBuildFile; fileRef = A081F2352966A6BA00863FE3 /* SettingsMigrations.swift */; };
		A081F2382967B10600863FE3 /* ProxyService in Frameworks */ = {isa = PBXBuildFile; productRef = A081F2372967B10600863FE3 /* ProxyService */; };
		A081F23A2967B10F00863FE3 /* SwiftProtobuf in Frameworks */ = {isa = PBXBuildFile; productRef = A081F2392967B10F00863FE3 /* SwiftProtobuf */; };
		A081F23C2967B10F00863FE3 /* SwiftProtobufPluginLibrary in Frameworks */ = {isa = PBXBuildFile; productRef = A081F23B2967B10F00863FE3 /* SwiftProtobufPluginLibrary */; };
		A081F23E2967B27A00863FE3 /* SnapCarousel.swift in Sources */ = {isa = PBXBuildFile; fileRef = A081F23D2967B27A00863FE3 /* SnapCarousel.swift */; };
		A081F2402967B70000863FE3 /* ProgressiveModeView.swift in Sources */ = {isa = PBXBuildFile; fileRef = A081F23F2967B70000863FE3 /* ProgressiveModeView.swift */; };
		A081F2422967BC5500863FE3 /* FocusModeView.swift in Sources */ = {isa = PBXBuildFile; fileRef = A081F2412967BC5500863FE3 /* FocusModeView.swift */; };
		A081F2442967BC9800863FE3 /* BreakModeView.swift in Sources */ = {isa = PBXBuildFile; fileRef = A081F2432967BC9800863FE3 /* BreakModeView.swift */; };
		A081F2462967BCEE00863FE3 /* AppViewModel.swift in Sources */ = {isa = PBXBuildFile; fileRef = A081F2452967BCEE00863FE3 /* AppViewModel.swift */; };
		A081F2482967C83800863FE3 /* AppModeCarousel.swift in Sources */ = {isa = PBXBuildFile; fileRef = A081F2472967C83800863FE3 /* AppModeCarousel.swift */; };
		A081F24E296922F300863FE3 /* StateController.swift in Sources */ = {isa = PBXBuildFile; fileRef = A081F24D296922F300863FE3 /* StateController.swift */; };
		A081F250296A125300863FE3 /* DamageBar.swift in Sources */ = {isa = PBXBuildFile; fileRef = A081F24F296A125300863FE3 /* DamageBar.swift */; };
		A08719D6281A4BF900113F3F /* PrimaryButton.swift in Sources */ = {isa = PBXBuildFile; fileRef = A08719D5281A4BF900113F3F /* PrimaryButton.swift */; };
		A08719D8281A4CE500113F3F /* SplashView.swift in Sources */ = {isa = PBXBuildFile; fileRef = A08719D7281A4CE500113F3F /* SplashView.swift */; };
		A08719DA281A4E1100113F3F /* AppView.swift in Sources */ = {isa = PBXBuildFile; fileRef = A08719D9281A4E1100113F3F /* AppView.swift */; };
		A08719DC281A513200113F3F /* VPNConfigurationService.swift in Sources */ = {isa = PBXBuildFile; fileRef = A08719DB281A513200113F3F /* VPNConfigurationService.swift */; };
		A08719DE281A54A900113F3F /* Spinner.swift in Sources */ = {isa = PBXBuildFile; fileRef = A08719DD281A54A900113F3F /* Spinner.swift */; };
		A08719E4281A617500113F3F /* NetworkExtension.framework in Frameworks */ = {isa = PBXBuildFile; fileRef = A02F590B27B09A7A00D3330F /* NetworkExtension.framework */; };
		A08719E7281A617500113F3F /* PacketTunnelProvider.swift in Sources */ = {isa = PBXBuildFile; fileRef = A08719E6281A617500113F3F /* PacketTunnelProvider.swift */; };
		A08719EC281A617500113F3F /* tunnel.appex in Embed Foundation Extensions */ = {isa = PBXBuildFile; fileRef = A08719E3281A617500113F3F /* tunnel.appex */; settings = {ATTRIBUTES = (RemoveHeadersOnCopy, ); }; };
		A0A81D5C296B98D800B9E1DD /* FirebaseCrashlytics in Frameworks */ = {isa = PBXBuildFile; productRef = A0A81D5B296B98D800B9E1DD /* FirebaseCrashlytics */; };
		A0BF9202293FCF1700C090E9 /* SettingsStore.swift in Sources */ = {isa = PBXBuildFile; fileRef = A0BF9201293FCF1700C090E9 /* SettingsStore.swift */; };
		A0BF9204294175AE00C090E9 /* CheatController.swift in Sources */ = {isa = PBXBuildFile; fileRef = A0BF9203294175AE00C090E9 /* CheatController.swift */; };
/* End PBXBuildFile section */

/* Begin PBXContainerItemProxy section */
		A02F58ED27A6F14600D3330F /* PBXContainerItemProxy */ = {
			isa = PBXContainerItemProxy;
			containerPortal = A02F58D427A6F14500D3330F /* Project object */;
			proxyType = 1;
			remoteGlobalIDString = A02F58DB27A6F14500D3330F;
			remoteInfo = slowdown;
		};
		A02F58F727A6F14600D3330F /* PBXContainerItemProxy */ = {
			isa = PBXContainerItemProxy;
			containerPortal = A02F58D427A6F14500D3330F /* Project object */;
			proxyType = 1;
			remoteGlobalIDString = A02F58DB27A6F14500D3330F;
			remoteInfo = slowdown;
		};
		A0774F78296A6F3A001F278B /* PBXContainerItemProxy */ = {
			isa = PBXContainerItemProxy;
			containerPortal = A02F58D427A6F14500D3330F /* Project object */;
			proxyType = 1;
			remoteGlobalIDString = A0774F64296A6F0D001F278B;
			remoteInfo = Server;
		};
		A0774F80296A7046001F278B /* PBXContainerItemProxy */ = {
			isa = PBXContainerItemProxy;
			containerPortal = A02F58D427A6F14500D3330F /* Project object */;
			proxyType = 1;
			remoteGlobalIDString = A0774F64296A6F0D001F278B;
			remoteInfo = Server;
		};
		A0774F82296A70E4001F278B /* PBXContainerItemProxy */ = {
			isa = PBXContainerItemProxy;
			containerPortal = A02F58D427A6F14500D3330F /* Project object */;
			proxyType = 1;
			remoteGlobalIDString = A02F58DB27A6F14500D3330F;
			remoteInfo = slowdown;
		};
		A08719EA281A617500113F3F /* PBXContainerItemProxy */ = {
			isa = PBXContainerItemProxy;
			containerPortal = A02F58D427A6F14500D3330F /* Project object */;
			proxyType = 1;
			remoteGlobalIDString = A08719E2281A617500113F3F;
			remoteInfo = tunnel;
		};
/* End PBXContainerItemProxy section */

/* Begin PBXCopyFilesBuildPhase section */
		A009B5C7296A4F78008DE488 /* Embed Frameworks */ = {
			isa = PBXCopyFilesBuildPhase;
			buildActionMask = 2147483647;
			dstPath = "";
			dstSubfolderSpec = 10;
			files = (
			);
			name = "Embed Frameworks";
			runOnlyForDeploymentPostprocessing = 0;
		};
		A06516F729574C1000227A95 /* Embed ExtensionKit Extensions */ = {
			isa = PBXCopyFilesBuildPhase;
			buildActionMask = 2147483647;
			dstPath = "$(EXTENSIONS_FOLDER_PATH)";
			dstSubfolderSpec = 16;
			files = (
			);
			name = "Embed ExtensionKit Extensions";
			runOnlyForDeploymentPostprocessing = 0;
		};
		A0774F63296A6F0D001F278B /* CopyFiles */ = {
			isa = PBXCopyFilesBuildPhase;
			buildActionMask = 2147483647;
			dstPath = "include/$(PRODUCT_NAME)";
			dstSubfolderSpec = 16;
			files = (
			);
			runOnlyForDeploymentPostprocessing = 0;
		};
		A08719F0281A617500113F3F /* Embed Foundation Extensions */ = {
			isa = PBXCopyFilesBuildPhase;
			buildActionMask = 2147483647;
			dstPath = "";
			dstSubfolderSpec = 13;
			files = (
				A08719EC281A617500113F3F /* tunnel.appex in Embed Foundation Extensions */,
			);
			name = "Embed Foundation Extensions";
			runOnlyForDeploymentPostprocessing = 0;
		};
		A0E88BDC296A5E4F00E83C18 /* Embed Frameworks */ = {
			isa = PBXCopyFilesBuildPhase;
			buildActionMask = 2147483647;
			dstPath = "";
			dstSubfolderSpec = 10;
			files = (
			);
			name = "Embed Frameworks";
			runOnlyForDeploymentPostprocessing = 0;
		};
/* End PBXCopyFilesBuildPhase section */

/* Begin PBXFileReference section */
		A02F58DC27A6F14500D3330F /* slowdown.app */ = {isa = PBXFileReference; explicitFileType = wrapper.application; includeInIndex = 0; path = slowdown.app; sourceTree = BUILT_PRODUCTS_DIR; };
		A02F58DF27A6F14500D3330F /* slowdownApp.swift */ = {isa = PBXFileReference; lastKnownFileType = sourcecode.swift; path = slowdownApp.swift; sourceTree = "<group>"; };
		A02F58E127A6F14500D3330F /* ContentView.swift */ = {isa = PBXFileReference; lastKnownFileType = sourcecode.swift; path = ContentView.swift; sourceTree = "<group>"; };
		A02F58E327A6F14500D3330F /* Assets.xcassets */ = {isa = PBXFileReference; lastKnownFileType = folder.assetcatalog; path = Assets.xcassets; sourceTree = "<group>"; };
		A02F58E627A6F14500D3330F /* Preview Assets.xcassets */ = {isa = PBXFileReference; lastKnownFileType = folder.assetcatalog; path = "Preview Assets.xcassets"; sourceTree = "<group>"; };
		A02F58EC27A6F14600D3330F /* slowdownTests.xctest */ = {isa = PBXFileReference; explicitFileType = wrapper.cfbundle; includeInIndex = 0; path = slowdownTests.xctest; sourceTree = BUILT_PRODUCTS_DIR; };
		A02F58F027A6F14600D3330F /* slowdownTests.swift */ = {isa = PBXFileReference; lastKnownFileType = sourcecode.swift; path = slowdownTests.swift; sourceTree = "<group>"; };
		A02F58F627A6F14600D3330F /* slowdownUITests.xctest */ = {isa = PBXFileReference; explicitFileType = wrapper.cfbundle; includeInIndex = 0; path = slowdownUITests.xctest; sourceTree = BUILT_PRODUCTS_DIR; };
		A02F58FA27A6F14600D3330F /* slowdownUITests.swift */ = {isa = PBXFileReference; lastKnownFileType = sourcecode.swift; path = slowdownUITests.swift; sourceTree = "<group>"; };
		A02F58FC27A6F14600D3330F /* slowdownUITestsLaunchTests.swift */ = {isa = PBXFileReference; lastKnownFileType = sourcecode.swift; path = slowdownUITestsLaunchTests.swift; sourceTree = "<group>"; };
		A02F590927B09A7A00D3330F /* slowdown.entitlements */ = {isa = PBXFileReference; lastKnownFileType = text.plist.entitlements; path = slowdown.entitlements; sourceTree = "<group>"; };
		A02F590B27B09A7A00D3330F /* NetworkExtension.framework */ = {isa = PBXFileReference; lastKnownFileType = wrapper.framework; name = NetworkExtension.framework; path = System/Library/Frameworks/NetworkExtension.framework; sourceTree = SDKROOT; };
		A04332CB296BA2A400D69210 /* GoogleService-Info.plist */ = {isa = PBXFileReference; fileEncoding = 4; lastKnownFileType = text.plist.xml; path = "GoogleService-Info.plist"; sourceTree = "<group>"; };
		A04FAD97294D477B0002C19B /* Proxy.swift */ = {isa = PBXFileReference; lastKnownFileType = sourcecode.swift; path = Proxy.swift; sourceTree = "<group>"; };
		A04FADA2294F7A9F0002C19B /* ProxyService */ = {isa = PBXFileReference; lastKnownFileType = wrapper; name = ProxyService; path = "go-proxy/ProxyService"; sourceTree = "<group>"; };
		A0774F65296A6F0D001F278B /* libServer.a */ = {isa = PBXFileReference; explicitFileType = archive.ar; includeInIndex = 0; path = libServer.a; sourceTree = BUILT_PRODUCTS_DIR; };
		A0774F67296A6F0D001F278B /* Server.swift */ = {isa = PBXFileReference; lastKnownFileType = sourcecode.swift; path = Server.swift; sourceTree = "<group>"; };
		A0774F73296A6F3A001F278B /* ServerTests.xctest */ = {isa = PBXFileReference; explicitFileType = wrapper.cfbundle; includeInIndex = 0; path = ServerTests.xctest; sourceTree = BUILT_PRODUCTS_DIR; };
		A0774F75296A6F3A001F278B /* ServerTests.swift */ = {isa = PBXFileReference; lastKnownFileType = sourcecode.swift; path = ServerTests.swift; sourceTree = "<group>"; };
		A080EDF3294F8532005401E4 /* Ffi.xcframework */ = {isa = PBXFileReference; lastKnownFileType = wrapper.xcframework; name = Ffi.xcframework; path = "go-proxy/Ffi.xcframework"; sourceTree = "<group>"; };
		A080EDF9294F9B1C005401E4 /* SettingsController.swift */ = {isa = PBXFileReference; lastKnownFileType = sourcecode.swift; path = SettingsController.swift; sourceTree = "<group>"; };
		A081F230295B732900863FE3 /* Info.plist */ = {isa = PBXFileReference; lastKnownFileType = text.plist; path = Info.plist; sourceTree = "<group>"; };
		A081F231295BB3D700863FE3 /* SetupView.swift */ = {isa = PBXFileReference; lastKnownFileType = sourcecode.swift; path = SetupView.swift; sourceTree = "<group>"; };
		A081F2352966A6BA00863FE3 /* SettingsMigrations.swift */ = {isa = PBXFileReference; lastKnownFileType = sourcecode.swift; path = SettingsMigrations.swift; sourceTree = "<group>"; };
		A081F23D2967B27A00863FE3 /* SnapCarousel.swift */ = {isa = PBXFileReference; lastKnownFileType = sourcecode.swift; path = SnapCarousel.swift; sourceTree = "<group>"; };
		A081F23F2967B70000863FE3 /* ProgressiveModeView.swift */ = {isa = PBXFileReference; lastKnownFileType = sourcecode.swift; path = ProgressiveModeView.swift; sourceTree = "<group>"; };
		A081F2412967BC5500863FE3 /* FocusModeView.swift */ = {isa = PBXFileReference; lastKnownFileType = sourcecode.swift; path = FocusModeView.swift; sourceTree = "<group>"; };
		A081F2432967BC9800863FE3 /* BreakModeView.swift */ = {isa = PBXFileReference; lastKnownFileType = sourcecode.swift; path = BreakModeView.swift; sourceTree = "<group>"; };
		A081F2452967BCEE00863FE3 /* AppViewModel.swift */ = {isa = PBXFileReference; lastKnownFileType = sourcecode.swift; path = AppViewModel.swift; sourceTree = "<group>"; };
		A081F2472967C83800863FE3 /* AppModeCarousel.swift */ = {isa = PBXFileReference; lastKnownFileType = sourcecode.swift; path = AppModeCarousel.swift; sourceTree = "<group>"; };
		A081F24D296922F300863FE3 /* StateController.swift */ = {isa = PBXFileReference; lastKnownFileType = sourcecode.swift; path = StateController.swift; sourceTree = "<group>"; };
		A081F24F296A125300863FE3 /* DamageBar.swift */ = {isa = PBXFileReference; lastKnownFileType = sourcecode.swift; path = DamageBar.swift; sourceTree = "<group>"; };
		A08719D5281A4BF900113F3F /* PrimaryButton.swift */ = {isa = PBXFileReference; lastKnownFileType = sourcecode.swift; path = PrimaryButton.swift; sourceTree = "<group>"; };
		A08719D7281A4CE500113F3F /* SplashView.swift */ = {isa = PBXFileReference; lastKnownFileType = sourcecode.swift; path = SplashView.swift; sourceTree = "<group>"; };
		A08719D9281A4E1100113F3F /* AppView.swift */ = {isa = PBXFileReference; lastKnownFileType = sourcecode.swift; path = AppView.swift; sourceTree = "<group>"; };
		A08719DB281A513200113F3F /* VPNConfigurationService.swift */ = {isa = PBXFileReference; lastKnownFileType = sourcecode.swift; path = VPNConfigurationService.swift; sourceTree = "<group>"; };
		A08719DD281A54A900113F3F /* Spinner.swift */ = {isa = PBXFileReference; lastKnownFileType = sourcecode.swift; path = Spinner.swift; sourceTree = "<group>"; };
		A08719E3281A617500113F3F /* tunnel.appex */ = {isa = PBXFileReference; explicitFileType = "wrapper.app-extension"; includeInIndex = 0; path = tunnel.appex; sourceTree = BUILT_PRODUCTS_DIR; };
		A08719E6281A617500113F3F /* PacketTunnelProvider.swift */ = {isa = PBXFileReference; lastKnownFileType = sourcecode.swift; path = PacketTunnelProvider.swift; sourceTree = "<group>"; };
		A08719E8281A617500113F3F /* Info.plist */ = {isa = PBXFileReference; lastKnownFileType = text.plist.xml; path = Info.plist; sourceTree = "<group>"; };
		A08719E9281A617500113F3F /* tunnel.entitlements */ = {isa = PBXFileReference; lastKnownFileType = text.plist.entitlements; path = tunnel.entitlements; sourceTree = "<group>"; };
		A0BF9201293FCF1700C090E9 /* SettingsStore.swift */ = {isa = PBXFileReference; lastKnownFileType = sourcecode.swift; path = SettingsStore.swift; sourceTree = "<group>"; };
		A0BF9203294175AE00C090E9 /* CheatController.swift */ = {isa = PBXFileReference; lastKnownFileType = sourcecode.swift; path = CheatController.swift; sourceTree = "<group>"; };
/* End PBXFileReference section */

/* Begin PBXFrameworksBuildPhase section */
		A02F58D927A6F14500D3330F /* Frameworks */ = {
			isa = PBXFrameworksBuildPhase;
			buildActionMask = 2147483647;
			files = (
				A080EDF6294F9864005401E4 /* Logging in Frameworks */,
				A0717CCD294D260C00186AFE /* SwiftProtobufPluginLibrary in Frameworks */,
				A02F590C27B09A7A00D3330F /* NetworkExtension.framework in Frameworks */,
				A05AD0B3285D0CD100878904 /* NIO in Frameworks */,
				A080EDF0294F7B89005401E4 /* ProxyService in Frameworks */,
				A0A81D5C296B98D800B9E1DD /* FirebaseCrashlytics in Frameworks */,
				A080EDF8294F9868005401E4 /* LoggingOSLog in Frameworks */,
				A04FAD9C294D60960002C19B /* SwiftProtobuf in Frameworks */,
			);
			runOnlyForDeploymentPostprocessing = 0;
		};
		A02F58E927A6F14600D3330F /* Frameworks */ = {
			isa = PBXFrameworksBuildPhase;
			buildActionMask = 2147483647;
			files = (
			);
			runOnlyForDeploymentPostprocessing = 0;
		};
		A02F58F327A6F14600D3330F /* Frameworks */ = {
			isa = PBXFrameworksBuildPhase;
			buildActionMask = 2147483647;
			files = (
			);
			runOnlyForDeploymentPostprocessing = 0;
		};
		A0774F62296A6F0D001F278B /* Frameworks */ = {
			isa = PBXFrameworksBuildPhase;
			buildActionMask = 2147483647;
			files = (
				A0774F6E296A6F2A001F278B /* Logging in Frameworks */,
				A0774F6C296A6F24001F278B /* Ffi.xcframework in Frameworks */,
				A0774F85296A85DF001F278B /* ProxyService in Frameworks */,
			);
			runOnlyForDeploymentPostprocessing = 0;
		};
		A0774F70296A6F3A001F278B /* Frameworks */ = {
			isa = PBXFrameworksBuildPhase;
			buildActionMask = 2147483647;
			files = (
				A0774F77296A6F3A001F278B /* libServer.a in Frameworks */,
				A0774F7E296A6F45001F278B /* ProxyService in Frameworks */,
			);
			runOnlyForDeploymentPostprocessing = 0;
		};
		A08719E0281A617500113F3F /* Frameworks */ = {
			isa = PBXFrameworksBuildPhase;
			buildActionMask = 2147483647;
			files = (
				A0774F7F296A7046001F278B /* libServer.a in Frameworks */,
				A06516E42953667900227A95 /* Ffi.xcframework in Frameworks */,
				A08719E4281A617500113F3F /* NetworkExtension.framework in Frameworks */,
				A081F23C2967B10F00863FE3 /* SwiftProtobufPluginLibrary in Frameworks */,
				A0458C0128614D6500CE4CCB /* LoggingOSLog in Frameworks */,
				A081F2382967B10600863FE3 /* ProxyService in Frameworks */,
				A04332CA296BA21A00D69210 /* FirebaseCrashlytics in Frameworks */,
				A0458BFA285FB5A300CE4CCB /* Logging in Frameworks */,
				A081F23A2967B10F00863FE3 /* SwiftProtobuf in Frameworks */,
			);
			runOnlyForDeploymentPostprocessing = 0;
		};
/* End PBXFrameworksBuildPhase section */

/* Begin PBXGroup section */
		A02F58D327A6F14500D3330F = {
			isa = PBXGroup;
			children = (
				A080EDF3294F8532005401E4 /* Ffi.xcframework */,
				A04FADA2294F7A9F0002C19B /* ProxyService */,
				A02F58DE27A6F14500D3330F /* slowdown */,
				A02F58EF27A6F14600D3330F /* slowdownTests */,
				A02F58F927A6F14600D3330F /* slowdownUITests */,
				A08719E5281A617500113F3F /* tunnel */,
				A0774F66296A6F0D001F278B /* Server */,
				A0774F74296A6F3A001F278B /* ServerTests */,
				A02F58DD27A6F14500D3330F /* Products */,
				A02F590A27B09A7A00D3330F /* Frameworks */,
			);
			sourceTree = "<group>";
		};
		A02F58DD27A6F14500D3330F /* Products */ = {
			isa = PBXGroup;
			children = (
				A02F58DC27A6F14500D3330F /* slowdown.app */,
				A02F58EC27A6F14600D3330F /* slowdownTests.xctest */,
				A02F58F627A6F14600D3330F /* slowdownUITests.xctest */,
				A08719E3281A617500113F3F /* tunnel.appex */,
				A0774F65296A6F0D001F278B /* libServer.a */,
				A0774F73296A6F3A001F278B /* ServerTests.xctest */,
			);
			name = Products;
			sourceTree = "<group>";
		};
		A02F58DE27A6F14500D3330F /* slowdown */ = {
			isa = PBXGroup;
			children = (
				A04332CB296BA2A400D69210 /* GoogleService-Info.plist */,
				A081F2492967CB5C00863FE3 /* AppView */,
				A081F230295B732900863FE3 /* Info.plist */,
				A06516E52956A08F00227A95 /* elements */,
				A02F590927B09A7A00D3330F /* slowdown.entitlements */,
				A02F58DF27A6F14500D3330F /* slowdownApp.swift */,
				A02F58E127A6F14500D3330F /* ContentView.swift */,
				A02F58E327A6F14500D3330F /* Assets.xcassets */,
				A02F58E527A6F14500D3330F /* Preview Content */,
				A08719D7281A4CE500113F3F /* SplashView.swift */,
				A081F231295BB3D700863FE3 /* SetupView.swift */,
				A081F24C2967DA3C00863FE3 /* Controllers */,
			);
			path = slowdown;
			sourceTree = "<group>";
		};
		A02F58E527A6F14500D3330F /* Preview Content */ = {
			isa = PBXGroup;
			children = (
				A02F58E627A6F14500D3330F /* Preview Assets.xcassets */,
			);
			path = "Preview Content";
			sourceTree = "<group>";
		};
		A02F58EF27A6F14600D3330F /* slowdownTests */ = {
			isa = PBXGroup;
			children = (
				A02F58F027A6F14600D3330F /* slowdownTests.swift */,
			);
			path = slowdownTests;
			sourceTree = "<group>";
		};
		A02F58F927A6F14600D3330F /* slowdownUITests */ = {
			isa = PBXGroup;
			children = (
				A02F58FA27A6F14600D3330F /* slowdownUITests.swift */,
				A02F58FC27A6F14600D3330F /* slowdownUITestsLaunchTests.swift */,
			);
			path = slowdownUITests;
			sourceTree = "<group>";
		};
		A02F590A27B09A7A00D3330F /* Frameworks */ = {
			isa = PBXGroup;
			children = (
				A02F590B27B09A7A00D3330F /* NetworkExtension.framework */,
			);
			name = Frameworks;
			sourceTree = "<group>";
		};
		A06516E52956A08F00227A95 /* elements */ = {
			isa = PBXGroup;
			children = (
				A08719D5281A4BF900113F3F /* PrimaryButton.swift */,
				A08719DD281A54A900113F3F /* Spinner.swift */,
				A081F23D2967B27A00863FE3 /* SnapCarousel.swift */,
			);
			path = elements;
			sourceTree = "<group>";
		};
		A0774F66296A6F0D001F278B /* Server */ = {
			isa = PBXGroup;
			children = (
				A0774F67296A6F0D001F278B /* Server.swift */,
			);
			path = Server;
			sourceTree = "<group>";
		};
		A0774F74296A6F3A001F278B /* ServerTests */ = {
			isa = PBXGroup;
			children = (
				A0774F75296A6F3A001F278B /* ServerTests.swift */,
			);
			path = ServerTests;
			sourceTree = "<group>";
		};
		A081F2492967CB5C00863FE3 /* AppView */ = {
			isa = PBXGroup;
			children = (
				A081F2452967BCEE00863FE3 /* AppViewModel.swift */,
				A081F2412967BC5500863FE3 /* FocusModeView.swift */,
				A08719D9281A4E1100113F3F /* AppView.swift */,
				A081F2432967BC9800863FE3 /* BreakModeView.swift */,
				A081F23F2967B70000863FE3 /* ProgressiveModeView.swift */,
				A081F2472967C83800863FE3 /* AppModeCarousel.swift */,
				A081F24F296A125300863FE3 /* DamageBar.swift */,
			);
			path = AppView;
			sourceTree = "<group>";
		};
		A081F24C2967DA3C00863FE3 /* Controllers */ = {
			isa = PBXGroup;
			children = (
				A081F2352966A6BA00863FE3 /* SettingsMigrations.swift */,
				A08719DB281A513200113F3F /* VPNConfigurationService.swift */,
				A0BF9201293FCF1700C090E9 /* SettingsStore.swift */,
				A080EDF9294F9B1C005401E4 /* SettingsController.swift */,
				A0BF9203294175AE00C090E9 /* CheatController.swift */,
				A081F24D296922F300863FE3 /* StateController.swift */,
			);
			path = Controllers;
			sourceTree = "<group>";
		};
		A08719E5281A617500113F3F /* tunnel */ = {
			isa = PBXGroup;
			children = (
				A08719E6281A617500113F3F /* PacketTunnelProvider.swift */,
				A08719E8281A617500113F3F /* Info.plist */,
				A08719E9281A617500113F3F /* tunnel.entitlements */,
				A04FAD97294D477B0002C19B /* Proxy.swift */,
			);
			path = tunnel;
			sourceTree = "<group>";
		};
/* End PBXGroup section */

/* Begin PBXNativeTarget section */
		A02F58DB27A6F14500D3330F /* slowdown */ = {
			isa = PBXNativeTarget;
			buildConfigurationList = A02F590027A6F14600D3330F /* Build configuration list for PBXNativeTarget "slowdown" */;
			buildPhases = (
				A02F58D827A6F14500D3330F /* Sources */,
				A02F58D927A6F14500D3330F /* Frameworks */,
				A02F58DA27A6F14500D3330F /* Resources */,
				A08719F0281A617500113F3F /* Embed Foundation Extensions */,
				A06516F729574C1000227A95 /* Embed ExtensionKit Extensions */,
				A009B5C7296A4F78008DE488 /* Embed Frameworks */,
				A0A81D5D296B9A8000B9E1DD /* ShellScript */,
			);
			buildRules = (
			);
			dependencies = (
				A08719EB281A617500113F3F /* PBXTargetDependency */,
			);
			name = slowdown;
			packageProductDependencies = (
				A05AD0B2285D0CD100878904 /* NIO */,
				A0717CCC294D260C00186AFE /* SwiftProtobufPluginLibrary */,
				A04FAD9B294D60960002C19B /* SwiftProtobuf */,
				A080EDEF294F7B89005401E4 /* ProxyService */,
				A080EDF5294F9864005401E4 /* Logging */,
				A080EDF7294F9868005401E4 /* LoggingOSLog */,
				A0A81D5B296B98D800B9E1DD /* FirebaseCrashlytics */,
			);
			productName = slowdown;
			productReference = A02F58DC27A6F14500D3330F /* slowdown.app */;
			productType = "com.apple.product-type.application";
		};
		A02F58EB27A6F14600D3330F /* slowdownTests */ = {
			isa = PBXNativeTarget;
			buildConfigurationList = A02F590327A6F14600D3330F /* Build configuration list for PBXNativeTarget "slowdownTests" */;
			buildPhases = (
				A02F58E827A6F14600D3330F /* Sources */,
				A02F58E927A6F14600D3330F /* Frameworks */,
				A02F58EA27A6F14600D3330F /* Resources */,
			);
			buildRules = (
			);
			dependencies = (
				A02F58EE27A6F14600D3330F /* PBXTargetDependency */,
			);
			name = slowdownTests;
			productName = slowdownTests;
			productReference = A02F58EC27A6F14600D3330F /* slowdownTests.xctest */;
			productType = "com.apple.product-type.bundle.unit-test";
		};
		A02F58F527A6F14600D3330F /* slowdownUITests */ = {
			isa = PBXNativeTarget;
			buildConfigurationList = A02F590627A6F14600D3330F /* Build configuration list for PBXNativeTarget "slowdownUITests" */;
			buildPhases = (
				A02F58F227A6F14600D3330F /* Sources */,
				A02F58F327A6F14600D3330F /* Frameworks */,
				A02F58F427A6F14600D3330F /* Resources */,
			);
			buildRules = (
			);
			dependencies = (
				A02F58F827A6F14600D3330F /* PBXTargetDependency */,
			);
			name = slowdownUITests;
			productName = slowdownUITests;
			productReference = A02F58F627A6F14600D3330F /* slowdownUITests.xctest */;
			productType = "com.apple.product-type.bundle.ui-testing";
		};
		A0774F64296A6F0D001F278B /* Server */ = {
			isa = PBXNativeTarget;
			buildConfigurationList = A0774F69296A6F0D001F278B /* Build configuration list for PBXNativeTarget "Server" */;
			buildPhases = (
				A0774F61296A6F0D001F278B /* Sources */,
				A0774F62296A6F0D001F278B /* Frameworks */,
				A0774F63296A6F0D001F278B /* CopyFiles */,
			);
			buildRules = (
			);
			dependencies = (
			);
			name = Server;
			packageProductDependencies = (
				A0774F6D296A6F2A001F278B /* Logging */,
				A0774F84296A85DF001F278B /* ProxyService */,
			);
			productName = Server;
			productReference = A0774F65296A6F0D001F278B /* libServer.a */;
			productType = "com.apple.product-type.library.static";
		};
		A0774F72296A6F3A001F278B /* ServerTests */ = {
			isa = PBXNativeTarget;
			buildConfigurationList = A0774F7A296A6F3A001F278B /* Build configuration list for PBXNativeTarget "ServerTests" */;
			buildPhases = (
				A0774F6F296A6F3A001F278B /* Sources */,
				A0774F70296A6F3A001F278B /* Frameworks */,
				A0774F71296A6F3A001F278B /* Resources */,
			);
			buildRules = (
			);
			dependencies = (
				A0774F79296A6F3A001F278B /* PBXTargetDependency */,
				A0774F83296A70E4001F278B /* PBXTargetDependency */,
			);
			name = ServerTests;
			packageProductDependencies = (
				A0774F7D296A6F45001F278B /* ProxyService */,
			);
			productName = ServerTests;
			productReference = A0774F73296A6F3A001F278B /* ServerTests.xctest */;
			productType = "com.apple.product-type.bundle.unit-test";
		};
		A08719E2281A617500113F3F /* tunnel */ = {
			isa = PBXNativeTarget;
			buildConfigurationList = A08719ED281A617500113F3F /* Build configuration list for PBXNativeTarget "tunnel" */;
			buildPhases = (
				A08719DF281A617500113F3F /* Sources */,
				A08719E0281A617500113F3F /* Frameworks */,
				A08719E1281A617500113F3F /* Resources */,
				A0E88BDC296A5E4F00E83C18 /* Embed Frameworks */,
				A04332C1296BA04800D69210 /* Run Script */,
			);
			buildRules = (
			);
			dependencies = (
				A0774F81296A7046001F278B /* PBXTargetDependency */,
			);
			name = tunnel;
			packageProductDependencies = (
				A0458BF9285FB5A300CE4CCB /* Logging */,
				A0458C0028614D6500CE4CCB /* LoggingOSLog */,
				A081F2372967B10600863FE3 /* ProxyService */,
				A081F2392967B10F00863FE3 /* SwiftProtobuf */,
				A081F23B2967B10F00863FE3 /* SwiftProtobufPluginLibrary */,
				A04332C9296BA21A00D69210 /* FirebaseCrashlytics */,
			);
			productName = tunnel;
			productReference = A08719E3281A617500113F3F /* tunnel.appex */;
			productType = "com.apple.product-type.app-extension";
		};
/* End PBXNativeTarget section */

/* Begin PBXProject section */
		A02F58D427A6F14500D3330F /* Project object */ = {
			isa = PBXProject;
			attributes = {
				BuildIndependentTargetsInParallel = 1;
				LastSwiftUpdateCheck = 1420;
				LastUpgradeCheck = 1410;
				TargetAttributes = {
					A02F58DB27A6F14500D3330F = {
						CreatedOnToolsVersion = 13.2.1;
					};
					A02F58EB27A6F14600D3330F = {
						CreatedOnToolsVersion = 13.2.1;
						TestTargetID = A02F58DB27A6F14500D3330F;
					};
					A02F58F527A6F14600D3330F = {
						CreatedOnToolsVersion = 13.2.1;
						TestTargetID = A02F58DB27A6F14500D3330F;
					};
					A0774F64296A6F0D001F278B = {
						CreatedOnToolsVersion = 14.2;
					};
					A0774F72296A6F3A001F278B = {
						CreatedOnToolsVersion = 14.2;
						TestTargetID = A02F58DB27A6F14500D3330F;
					};
					A08719E2281A617500113F3F = {
						CreatedOnToolsVersion = 13.3.1;
					};
				};
			};
			buildConfigurationList = A02F58D727A6F14500D3330F /* Build configuration list for PBXProject "slowdown" */;
			compatibilityVersion = "Xcode 13.0";
			developmentRegion = en;
			hasScannedForEncodings = 0;
			knownRegions = (
				en,
				Base,
			);
			mainGroup = A02F58D327A6F14500D3330F;
			packageReferences = (
				A05AD0B1285D0CD100878904 /* XCRemoteSwiftPackageReference "swift-nio" */,
				A0458BF8285FB5A300CE4CCB /* XCRemoteSwiftPackageReference "swift-log" */,
				A0458BFF28614D6500CE4CCB /* XCRemoteSwiftPackageReference "swift-log-oslog" */,
				A0717CC9294D260C00186AFE /* XCRemoteSwiftPackageReference "swift-protobuf" */,
				A0A81D5A296B98D800B9E1DD /* XCRemoteSwiftPackageReference "firebase-ios-sdk" */,
			);
			productRefGroup = A02F58DD27A6F14500D3330F /* Products */;
			projectDirPath = "";
			projectRoot = "";
			targets = (
				A02F58DB27A6F14500D3330F /* slowdown */,
				A02F58EB27A6F14600D3330F /* slowdownTests */,
				A02F58F527A6F14600D3330F /* slowdownUITests */,
				A08719E2281A617500113F3F /* tunnel */,
				A0774F64296A6F0D001F278B /* Server */,
				A0774F72296A6F3A001F278B /* ServerTests */,
			);
		};
/* End PBXProject section */

/* Begin PBXResourcesBuildPhase section */
		A02F58DA27A6F14500D3330F /* Resources */ = {
			isa = PBXResourcesBuildPhase;
			buildActionMask = 2147483647;
			files = (
				A02F58E727A6F14500D3330F /* Preview Assets.xcassets in Resources */,
				A02F58E427A6F14500D3330F /* Assets.xcassets in Resources */,
				A04332CC296BA2A400D69210 /* GoogleService-Info.plist in Resources */,
			);
			runOnlyForDeploymentPostprocessing = 0;
		};
		A02F58EA27A6F14600D3330F /* Resources */ = {
			isa = PBXResourcesBuildPhase;
			buildActionMask = 2147483647;
			files = (
			);
			runOnlyForDeploymentPostprocessing = 0;
		};
		A02F58F427A6F14600D3330F /* Resources */ = {
			isa = PBXResourcesBuildPhase;
			buildActionMask = 2147483647;
			files = (
			);
			runOnlyForDeploymentPostprocessing = 0;
		};
		A0774F71296A6F3A001F278B /* Resources */ = {
			isa = PBXResourcesBuildPhase;
			buildActionMask = 2147483647;
			files = (
			);
			runOnlyForDeploymentPostprocessing = 0;
		};
		A08719E1281A617500113F3F /* Resources */ = {
			isa = PBXResourcesBuildPhase;
			buildActionMask = 2147483647;
			files = (
				A04332CD296BA2A400D69210 /* GoogleService-Info.plist in Resources */,
			);
			runOnlyForDeploymentPostprocessing = 0;
		};
/* End PBXResourcesBuildPhase section */

/* Begin PBXShellScriptBuildPhase section */
		A04332C1296BA04800D69210 /* Run Script */ = {
			isa = PBXShellScriptBuildPhase;
			buildActionMask = 2147483647;
			files = (
			);
			inputFileListPaths = (
			);
			inputPaths = (
				"${DWARF_DSYM_FOLDER_PATH}/${DWARF_DSYM_FILE_NAME}/Contents/Resources/DWARF/${TARGET_NAME}\n",
				"$(SRCROOT)/$(BUILT_PRODUCTS_DIR)/$(INFOPLIST_PATH)",
			);
			name = "Run Script";
			outputFileListPaths = (
			);
			outputPaths = (
			);
			runOnlyForDeploymentPostprocessing = 0;
			shellPath = /bin/sh;
			shellScript = "# Type a script or drag a script file from your workspace to insert its path.\n\"${BUILD_DIR%/Build/*}/SourcePackages/checkouts/firebase-ios-sdk/Crashlytics/run\"\n";
		};
		A0A81D5D296B9A8000B9E1DD /* ShellScript */ = {
			isa = PBXShellScriptBuildPhase;
			buildActionMask = 2147483647;
			files = (
			);
			inputFileListPaths = (
			);
			inputPaths = (
				"${DWARF_DSYM_FOLDER_PATH}/${DWARF_DSYM_FILE_NAME}/Contents/Resources/DWARF/${TARGET_NAME}\n",
				"$(SRCROOT)/$(BUILT_PRODUCTS_DIR)/$(INFOPLIST_PATH)\n",
			);
			outputFileListPaths = (
			);
			outputPaths = (
			);
			runOnlyForDeploymentPostprocessing = 0;
			shellPath = /bin/sh;
			shellScript = "# Type a script or drag a script file from your workspace to insert its path.\n\"${BUILD_DIR%/Build/*}/SourcePackages/checkouts/firebase-ios-sdk/Crashlytics/run\"\n";
		};
/* End PBXShellScriptBuildPhase section */

/* Begin PBXSourcesBuildPhase section */
		A02F58D827A6F14500D3330F /* Sources */ = {
			isa = PBXSourcesBuildPhase;
			buildActionMask = 2147483647;
			files = (
				A08719D6281A4BF900113F3F /* PrimaryButton.swift in Sources */,
				A08719D8281A4CE500113F3F /* SplashView.swift in Sources */,
				A02F58E227A6F14500D3330F /* ContentView.swift in Sources */,
				A081F24E296922F300863FE3 /* StateController.swift in Sources */,
				A081F2442967BC9800863FE3 /* BreakModeView.swift in Sources */,
				A081F2422967BC5500863FE3 /* FocusModeView.swift in Sources */,
				A081F250296A125300863FE3 /* DamageBar.swift in Sources */,
				A08719DE281A54A900113F3F /* Spinner.swift in Sources */,
				A081F23E2967B27A00863FE3 /* SnapCarousel.swift in Sources */,
				A081F2462967BCEE00863FE3 /* AppViewModel.swift in Sources */,
				A081F232295BB3D700863FE3 /* SetupView.swift in Sources */,
				A08719DA281A4E1100113F3F /* AppView.swift in Sources */,
				A081F2482967C83800863FE3 /* AppModeCarousel.swift in Sources */,
				A02F58E027A6F14500D3330F /* slowdownApp.swift in Sources */,
				A080EDFA294F9B1C005401E4 /* SettingsController.swift in Sources */,
				A0BF9204294175AE00C090E9 /* CheatController.swift in Sources */,
				A081F2362966A6BA00863FE3 /* SettingsMigrations.swift in Sources */,
				A0BF9202293FCF1700C090E9 /* SettingsStore.swift in Sources */,
				A08719DC281A513200113F3F /* VPNConfigurationService.swift in Sources */,
				A081F2402967B70000863FE3 /* ProgressiveModeView.swift in Sources */,
			);
			runOnlyForDeploymentPostprocessing = 0;
		};
		A02F58E827A6F14600D3330F /* Sources */ = {
			isa = PBXSourcesBuildPhase;
			buildActionMask = 2147483647;
			files = (
				A02F58F127A6F14600D3330F /* slowdownTests.swift in Sources */,
			);
			runOnlyForDeploymentPostprocessing = 0;
		};
		A02F58F227A6F14600D3330F /* Sources */ = {
			isa = PBXSourcesBuildPhase;
			buildActionMask = 2147483647;
			files = (
				A02F58FD27A6F14600D3330F /* slowdownUITestsLaunchTests.swift in Sources */,
				A02F58FB27A6F14600D3330F /* slowdownUITests.swift in Sources */,
			);
			runOnlyForDeploymentPostprocessing = 0;
		};
		A0774F61296A6F0D001F278B /* Sources */ = {
			isa = PBXSourcesBuildPhase;
			buildActionMask = 2147483647;
			files = (
				A0774F68296A6F0D001F278B /* Server.swift in Sources */,
			);
			runOnlyForDeploymentPostprocessing = 0;
		};
		A0774F6F296A6F3A001F278B /* Sources */ = {
			isa = PBXSourcesBuildPhase;
			buildActionMask = 2147483647;
			files = (
				A0774F76296A6F3A001F278B /* ServerTests.swift in Sources */,
			);
			runOnlyForDeploymentPostprocessing = 0;
		};
		A08719DF281A617500113F3F /* Sources */ = {
			isa = PBXSourcesBuildPhase;
			buildActionMask = 2147483647;
			files = (
				A04FAD98294D477B0002C19B /* Proxy.swift in Sources */,
				A08719E7281A617500113F3F /* PacketTunnelProvider.swift in Sources */,
			);
			runOnlyForDeploymentPostprocessing = 0;
		};
/* End PBXSourcesBuildPhase section */

/* Begin PBXTargetDependency section */
		A02F58EE27A6F14600D3330F /* PBXTargetDependency */ = {
			isa = PBXTargetDependency;
			target = A02F58DB27A6F14500D3330F /* slowdown */;
			targetProxy = A02F58ED27A6F14600D3330F /* PBXContainerItemProxy */;
		};
		A02F58F827A6F14600D3330F /* PBXTargetDependency */ = {
			isa = PBXTargetDependency;
			target = A02F58DB27A6F14500D3330F /* slowdown */;
			targetProxy = A02F58F727A6F14600D3330F /* PBXContainerItemProxy */;
		};
		A0774F79296A6F3A001F278B /* PBXTargetDependency */ = {
			isa = PBXTargetDependency;
			target = A0774F64296A6F0D001F278B /* Server */;
			targetProxy = A0774F78296A6F3A001F278B /* PBXContainerItemProxy */;
		};
		A0774F81296A7046001F278B /* PBXTargetDependency */ = {
			isa = PBXTargetDependency;
			target = A0774F64296A6F0D001F278B /* Server */;
			targetProxy = A0774F80296A7046001F278B /* PBXContainerItemProxy */;
		};
		A0774F83296A70E4001F278B /* PBXTargetDependency */ = {
			isa = PBXTargetDependency;
			target = A02F58DB27A6F14500D3330F /* slowdown */;
			targetProxy = A0774F82296A70E4001F278B /* PBXContainerItemProxy */;
		};
		A08719EB281A617500113F3F /* PBXTargetDependency */ = {
			isa = PBXTargetDependency;
			target = A08719E2281A617500113F3F /* tunnel */;
			targetProxy = A08719EA281A617500113F3F /* PBXContainerItemProxy */;
		};
/* End PBXTargetDependency section */

/* Begin XCBuildConfiguration section */
		A02F58FE27A6F14600D3330F /* Debug */ = {
			isa = XCBuildConfiguration;
			buildSettings = {
				ALWAYS_SEARCH_USER_PATHS = NO;
				CLANG_ANALYZER_NONNULL = YES;
				CLANG_ANALYZER_NUMBER_OBJECT_CONVERSION = YES_AGGRESSIVE;
				CLANG_CXX_LANGUAGE_STANDARD = "gnu++17";
				CLANG_CXX_LIBRARY = "libc++";
				CLANG_ENABLE_MODULES = YES;
				CLANG_ENABLE_OBJC_ARC = YES;
				CLANG_ENABLE_OBJC_WEAK = YES;
				CLANG_WARN_BLOCK_CAPTURE_AUTORELEASING = YES;
				CLANG_WARN_BOOL_CONVERSION = YES;
				CLANG_WARN_COMMA = YES;
				CLANG_WARN_CONSTANT_CONVERSION = YES;
				CLANG_WARN_DEPRECATED_OBJC_IMPLEMENTATIONS = YES;
				CLANG_WARN_DIRECT_OBJC_ISA_USAGE = YES_ERROR;
				CLANG_WARN_DOCUMENTATION_COMMENTS = YES;
				CLANG_WARN_EMPTY_BODY = YES;
				CLANG_WARN_ENUM_CONVERSION = YES;
				CLANG_WARN_INFINITE_RECURSION = YES;
				CLANG_WARN_INT_CONVERSION = YES;
				CLANG_WARN_NON_LITERAL_NULL_CONVERSION = YES;
				CLANG_WARN_OBJC_IMPLICIT_RETAIN_SELF = YES;
				CLANG_WARN_OBJC_LITERAL_CONVERSION = YES;
				CLANG_WARN_OBJC_ROOT_CLASS = YES_ERROR;
				CLANG_WARN_QUOTED_INCLUDE_IN_FRAMEWORK_HEADER = YES;
				CLANG_WARN_RANGE_LOOP_ANALYSIS = YES;
				CLANG_WARN_STRICT_PROTOTYPES = YES;
				CLANG_WARN_SUSPICIOUS_MOVE = YES;
				CLANG_WARN_UNGUARDED_AVAILABILITY = YES_AGGRESSIVE;
				CLANG_WARN_UNREACHABLE_CODE = YES;
				CLANG_WARN__DUPLICATE_METHOD_MATCH = YES;
				COPY_PHASE_STRIP = NO;
				DEBUG_INFORMATION_FORMAT = dwarf;
				ENABLE_STRICT_OBJC_MSGSEND = YES;
				ENABLE_TESTABILITY = YES;
				GCC_C_LANGUAGE_STANDARD = gnu11;
				GCC_DYNAMIC_NO_PIC = NO;
				GCC_NO_COMMON_BLOCKS = YES;
				GCC_OPTIMIZATION_LEVEL = 0;
				GCC_PREPROCESSOR_DEFINITIONS = (
					"DEBUG=1",
					"$(inherited)",
				);
				GCC_WARN_64_TO_32_BIT_CONVERSION = YES;
				GCC_WARN_ABOUT_RETURN_TYPE = YES_ERROR;
				GCC_WARN_UNDECLARED_SELECTOR = YES;
				GCC_WARN_UNINITIALIZED_AUTOS = YES_AGGRESSIVE;
				GCC_WARN_UNUSED_FUNCTION = YES;
				GCC_WARN_UNUSED_VARIABLE = YES;
				IPHONEOS_DEPLOYMENT_TARGET = 15.2;
				MTL_ENABLE_DEBUG_INFO = INCLUDE_SOURCE;
				MTL_FAST_MATH = YES;
				ONLY_ACTIVE_ARCH = YES;
				SDKROOT = iphoneos;
				SWIFT_ACTIVE_COMPILATION_CONDITIONS = DEBUG;
				SWIFT_OPTIMIZATION_LEVEL = "-Onone";
			};
			name = Debug;
		};
		A02F58FF27A6F14600D3330F /* Release */ = {
			isa = XCBuildConfiguration;
			buildSettings = {
				ALWAYS_SEARCH_USER_PATHS = NO;
				CLANG_ANALYZER_NONNULL = YES;
				CLANG_ANALYZER_NUMBER_OBJECT_CONVERSION = YES_AGGRESSIVE;
				CLANG_CXX_LANGUAGE_STANDARD = "gnu++17";
				CLANG_CXX_LIBRARY = "libc++";
				CLANG_ENABLE_MODULES = YES;
				CLANG_ENABLE_OBJC_ARC = YES;
				CLANG_ENABLE_OBJC_WEAK = YES;
				CLANG_WARN_BLOCK_CAPTURE_AUTORELEASING = YES;
				CLANG_WARN_BOOL_CONVERSION = YES;
				CLANG_WARN_COMMA = YES;
				CLANG_WARN_CONSTANT_CONVERSION = YES;
				CLANG_WARN_DEPRECATED_OBJC_IMPLEMENTATIONS = YES;
				CLANG_WARN_DIRECT_OBJC_ISA_USAGE = YES_ERROR;
				CLANG_WARN_DOCUMENTATION_COMMENTS = YES;
				CLANG_WARN_EMPTY_BODY = YES;
				CLANG_WARN_ENUM_CONVERSION = YES;
				CLANG_WARN_INFINITE_RECURSION = YES;
				CLANG_WARN_INT_CONVERSION = YES;
				CLANG_WARN_NON_LITERAL_NULL_CONVERSION = YES;
				CLANG_WARN_OBJC_IMPLICIT_RETAIN_SELF = YES;
				CLANG_WARN_OBJC_LITERAL_CONVERSION = YES;
				CLANG_WARN_OBJC_ROOT_CLASS = YES_ERROR;
				CLANG_WARN_QUOTED_INCLUDE_IN_FRAMEWORK_HEADER = YES;
				CLANG_WARN_RANGE_LOOP_ANALYSIS = YES;
				CLANG_WARN_STRICT_PROTOTYPES = YES;
				CLANG_WARN_SUSPICIOUS_MOVE = YES;
				CLANG_WARN_UNGUARDED_AVAILABILITY = YES_AGGRESSIVE;
				CLANG_WARN_UNREACHABLE_CODE = YES;
				CLANG_WARN__DUPLICATE_METHOD_MATCH = YES;
				COPY_PHASE_STRIP = NO;
				DEBUG_INFORMATION_FORMAT = "dwarf-with-dsym";
				ENABLE_NS_ASSERTIONS = NO;
				ENABLE_STRICT_OBJC_MSGSEND = YES;
				GCC_C_LANGUAGE_STANDARD = gnu11;
				GCC_NO_COMMON_BLOCKS = YES;
				GCC_WARN_64_TO_32_BIT_CONVERSION = YES;
				GCC_WARN_ABOUT_RETURN_TYPE = YES_ERROR;
				GCC_WARN_UNDECLARED_SELECTOR = YES;
				GCC_WARN_UNINITIALIZED_AUTOS = YES_AGGRESSIVE;
				GCC_WARN_UNUSED_FUNCTION = YES;
				GCC_WARN_UNUSED_VARIABLE = YES;
				IPHONEOS_DEPLOYMENT_TARGET = 15.2;
				MTL_ENABLE_DEBUG_INFO = NO;
				MTL_FAST_MATH = YES;
				SDKROOT = iphoneos;
				SWIFT_COMPILATION_MODE = wholemodule;
				SWIFT_OPTIMIZATION_LEVEL = "-O";
				VALIDATE_PRODUCT = YES;
			};
			name = Release;
		};
		A02F590127A6F14600D3330F /* Debug */ = {
			isa = XCBuildConfiguration;
			buildSettings = {
				ALWAYS_EMBED_SWIFT_STANDARD_LIBRARIES = YES;
				ASSETCATALOG_COMPILER_APPICON_NAME = AppIcon;
				ASSETCATALOG_COMPILER_GLOBAL_ACCENT_COLOR_NAME = AccentColor;
				ASSETCATALOG_COMPILER_INCLUDE_ALL_APPICON_ASSETS = YES;
				CODE_SIGN_ENTITLEMENTS = slowdown/slowdown.entitlements;
				CODE_SIGN_STYLE = Automatic;
				CURRENT_PROJECT_VERSION = 14;
				DEBUG_INFORMATION_FORMAT = "dwarf-with-dsym";
				DEVELOPMENT_ASSET_PATHS = "\"slowdown/Preview Content\"";
				DEVELOPMENT_TEAM = H2M3Z7JR84;
				ENABLE_PREVIEWS = YES;
				GENERATE_INFOPLIST_FILE = YES;
				INFOPLIST_FILE = slowdown/Info.plist;
				INFOPLIST_KEY_CFBundleDisplayName = Turtlenet;
				INFOPLIST_KEY_UIApplicationSceneManifest_Generation = YES;
				INFOPLIST_KEY_UIApplicationSupportsIndirectInputEvents = YES;
				INFOPLIST_KEY_UILaunchScreen_Generation = YES;
				INFOPLIST_KEY_UISupportedInterfaceOrientations_iPad = "UIInterfaceOrientationPortrait UIInterfaceOrientationPortraitUpsideDown UIInterfaceOrientationLandscapeLeft UIInterfaceOrientationLandscapeRight";
				INFOPLIST_KEY_UISupportedInterfaceOrientations_iPhone = "UIInterfaceOrientationPortrait UIInterfaceOrientationLandscapeLeft UIInterfaceOrientationLandscapeRight";
				LD_RUNPATH_SEARCH_PATHS = (
					"$(inherited)",
					"@executable_path/Frameworks",
				);
				MARKETING_VERSION = 1.0.2;
				PRODUCT_BUNDLE_IDENTIFIER = industries.strange.slowdown;
				PRODUCT_NAME = "$(TARGET_NAME)";
				SUPPORTED_PLATFORMS = "iphoneos iphonesimulator";
				SUPPORTS_MACCATALYST = NO;
				SUPPORTS_MAC_DESIGNED_FOR_IPHONE_IPAD = NO;
				SWIFT_ACTIVE_COMPILATION_CONDITIONS = DEBUG;
				SWIFT_EMIT_LOC_STRINGS = YES;
				SWIFT_VERSION = 5.0;
				TARGETED_DEVICE_FAMILY = 1;
			};
			name = Debug;
		};
		A02F590227A6F14600D3330F /* Release */ = {
			isa = XCBuildConfiguration;
			buildSettings = {
				ALWAYS_EMBED_SWIFT_STANDARD_LIBRARIES = YES;
				ASSETCATALOG_COMPILER_APPICON_NAME = AppIcon;
				ASSETCATALOG_COMPILER_GLOBAL_ACCENT_COLOR_NAME = AccentColor;
				ASSETCATALOG_COMPILER_INCLUDE_ALL_APPICON_ASSETS = YES;
				CODE_SIGN_ENTITLEMENTS = slowdown/slowdown.entitlements;
				CODE_SIGN_STYLE = Automatic;
				CURRENT_PROJECT_VERSION = 14;
				DEVELOPMENT_ASSET_PATHS = "\"slowdown/Preview Content\"";
				DEVELOPMENT_TEAM = H2M3Z7JR84;
				ENABLE_PREVIEWS = YES;
				GENERATE_INFOPLIST_FILE = YES;
				INFOPLIST_FILE = slowdown/Info.plist;
				INFOPLIST_KEY_CFBundleDisplayName = Turtlenet;
				INFOPLIST_KEY_UIApplicationSceneManifest_Generation = YES;
				INFOPLIST_KEY_UIApplicationSupportsIndirectInputEvents = YES;
				INFOPLIST_KEY_UILaunchScreen_Generation = YES;
				INFOPLIST_KEY_UISupportedInterfaceOrientations_iPad = "UIInterfaceOrientationPortrait UIInterfaceOrientationPortraitUpsideDown UIInterfaceOrientationLandscapeLeft UIInterfaceOrientationLandscapeRight";
				INFOPLIST_KEY_UISupportedInterfaceOrientations_iPhone = "UIInterfaceOrientationPortrait UIInterfaceOrientationLandscapeLeft UIInterfaceOrientationLandscapeRight";
				LD_RUNPATH_SEARCH_PATHS = (
					"$(inherited)",
					"@executable_path/Frameworks",
				);
				MARKETING_VERSION = 1.0.2;
				PRODUCT_BUNDLE_IDENTIFIER = industries.strange.slowdown;
				PRODUCT_NAME = "$(TARGET_NAME)";
				SUPPORTED_PLATFORMS = "iphoneos iphonesimulator";
				SUPPORTS_MACCATALYST = NO;
				SUPPORTS_MAC_DESIGNED_FOR_IPHONE_IPAD = NO;
				SWIFT_EMIT_LOC_STRINGS = YES;
				SWIFT_VERSION = 5.0;
				TARGETED_DEVICE_FAMILY = 1;
			};
			name = Release;
		};
		A02F590427A6F14600D3330F /* Debug */ = {
			isa = XCBuildConfiguration;
			buildSettings = {
				ALWAYS_EMBED_SWIFT_STANDARD_LIBRARIES = YES;
				BUNDLE_LOADER = "$(TEST_HOST)";
				CODE_SIGN_STYLE = Automatic;
				CURRENT_PROJECT_VERSION = 14;
				DEVELOPMENT_TEAM = H2M3Z7JR84;
				GENERATE_INFOPLIST_FILE = YES;
				IPHONEOS_DEPLOYMENT_TARGET = 15.2;
				MARKETING_VERSION = 1.0;
				PRODUCT_BUNDLE_IDENTIFIER = industries.strange.slowdownTests;
				PRODUCT_NAME = "$(TARGET_NAME)";
				SWIFT_EMIT_LOC_STRINGS = NO;
				SWIFT_VERSION = 5.0;
				TARGETED_DEVICE_FAMILY = "1,2";
				TEST_HOST = "$(BUILT_PRODUCTS_DIR)/slowdown.app/slowdown";
			};
			name = Debug;
		};
		A02F590527A6F14600D3330F /* Release */ = {
			isa = XCBuildConfiguration;
			buildSettings = {
				ALWAYS_EMBED_SWIFT_STANDARD_LIBRARIES = YES;
				BUNDLE_LOADER = "$(TEST_HOST)";
				CODE_SIGN_STYLE = Automatic;
				CURRENT_PROJECT_VERSION = 14;
				DEVELOPMENT_TEAM = H2M3Z7JR84;
				GENERATE_INFOPLIST_FILE = YES;
				IPHONEOS_DEPLOYMENT_TARGET = 15.2;
				MARKETING_VERSION = 1.0;
				PRODUCT_BUNDLE_IDENTIFIER = industries.strange.slowdownTests;
				PRODUCT_NAME = "$(TARGET_NAME)";
				SWIFT_EMIT_LOC_STRINGS = NO;
				SWIFT_VERSION = 5.0;
				TARGETED_DEVICE_FAMILY = "1,2";
				TEST_HOST = "$(BUILT_PRODUCTS_DIR)/slowdown.app/slowdown";
			};
			name = Release;
		};
		A02F590727A6F14600D3330F /* Debug */ = {
			isa = XCBuildConfiguration;
			buildSettings = {
				ALWAYS_EMBED_SWIFT_STANDARD_LIBRARIES = YES;
				CODE_SIGN_STYLE = Automatic;
				CURRENT_PROJECT_VERSION = 14;
				DEVELOPMENT_TEAM = H2M3Z7JR84;
				GENERATE_INFOPLIST_FILE = YES;
				MARKETING_VERSION = 1.0;
				PRODUCT_BUNDLE_IDENTIFIER = industries.strange.slowdownUITests;
				PRODUCT_NAME = "$(TARGET_NAME)";
				SWIFT_EMIT_LOC_STRINGS = NO;
				SWIFT_VERSION = 5.0;
				TARGETED_DEVICE_FAMILY = "1,2";
				TEST_TARGET_NAME = slowdown;
			};
			name = Debug;
		};
		A02F590827A6F14600D3330F /* Release */ = {
			isa = XCBuildConfiguration;
			buildSettings = {
				ALWAYS_EMBED_SWIFT_STANDARD_LIBRARIES = YES;
				CODE_SIGN_STYLE = Automatic;
				CURRENT_PROJECT_VERSION = 14;
				DEVELOPMENT_TEAM = H2M3Z7JR84;
				GENERATE_INFOPLIST_FILE = YES;
				MARKETING_VERSION = 1.0;
				PRODUCT_BUNDLE_IDENTIFIER = industries.strange.slowdownUITests;
				PRODUCT_NAME = "$(TARGET_NAME)";
				SWIFT_EMIT_LOC_STRINGS = NO;
				SWIFT_VERSION = 5.0;
				TARGETED_DEVICE_FAMILY = "1,2";
				TEST_TARGET_NAME = slowdown;
			};
			name = Release;
		};
		A0774F6A296A6F0D001F278B /* Debug */ = {
			isa = XCBuildConfiguration;
			buildSettings = {
				CLANG_CXX_LANGUAGE_STANDARD = "gnu++20";
				CODE_SIGN_STYLE = Automatic;
				DEBUG_INFORMATION_FORMAT = "dwarf-with-dsym";
				DEVELOPMENT_TEAM = H2M3Z7JR84;
				IPHONEOS_DEPLOYMENT_TARGET = 15.2;
				OTHER_LDFLAGS = "-ObjC";
				PRODUCT_NAME = "$(TARGET_NAME)";
				SKIP_INSTALL = YES;
				SWIFT_VERSION = 5.0;
				TARGETED_DEVICE_FAMILY = "1,2";
			};
			name = Debug;
		};
		A0774F6B296A6F0D001F278B /* Release */ = {
			isa = XCBuildConfiguration;
			buildSettings = {
				CLANG_CXX_LANGUAGE_STANDARD = "gnu++20";
				CODE_SIGN_STYLE = Automatic;
				DEVELOPMENT_TEAM = H2M3Z7JR84;
				IPHONEOS_DEPLOYMENT_TARGET = 15.2;
				OTHER_LDFLAGS = "-ObjC";
				PRODUCT_NAME = "$(TARGET_NAME)";
				SKIP_INSTALL = YES;
				SWIFT_VERSION = 5.0;
				TARGETED_DEVICE_FAMILY = "1,2";
			};
			name = Release;
		};
		A0774F7B296A6F3A001F278B /* Debug */ = {
			isa = XCBuildConfiguration;
			buildSettings = {
				CLANG_CXX_LANGUAGE_STANDARD = "gnu++20";
				CODE_SIGN_STYLE = Automatic;
				CURRENT_PROJECT_VERSION = 14;
				DEVELOPMENT_TEAM = H2M3Z7JR84;
				GENERATE_INFOPLIST_FILE = YES;
				IPHONEOS_DEPLOYMENT_TARGET = 15.2;
				MARKETING_VERSION = 1.0;
				PRODUCT_BUNDLE_IDENTIFIER = industries.strange.ServerTests;
				PRODUCT_NAME = "$(TARGET_NAME)";
				SWIFT_EMIT_LOC_STRINGS = NO;
				SWIFT_VERSION = 5.0;
				TARGETED_DEVICE_FAMILY = "1,2";
				TEST_HOST = "$(BUILT_PRODUCTS_DIR)/slowdown.app/$(BUNDLE_EXECUTABLE_FOLDER_PATH)/slowdown";
			};
			name = Debug;
		};
		A0774F7C296A6F3A001F278B /* Release */ = {
			isa = XCBuildConfiguration;
			buildSettings = {
				CLANG_CXX_LANGUAGE_STANDARD = "gnu++20";
				CODE_SIGN_STYLE = Automatic;
				CURRENT_PROJECT_VERSION = 14;
				DEVELOPMENT_TEAM = H2M3Z7JR84;
				GENERATE_INFOPLIST_FILE = YES;
				IPHONEOS_DEPLOYMENT_TARGET = 15.2;
				MARKETING_VERSION = 1.0;
				PRODUCT_BUNDLE_IDENTIFIER = industries.strange.ServerTests;
				PRODUCT_NAME = "$(TARGET_NAME)";
				SWIFT_EMIT_LOC_STRINGS = NO;
				SWIFT_VERSION = 5.0;
				TARGETED_DEVICE_FAMILY = "1,2";
				TEST_HOST = "$(BUILT_PRODUCTS_DIR)/slowdown.app/$(BUNDLE_EXECUTABLE_FOLDER_PATH)/slowdown";
			};
			name = Release;
		};
		A08719EE281A617500113F3F /* Debug */ = {
			isa = XCBuildConfiguration;
			buildSettings = {
				CODE_SIGN_ENTITLEMENTS = tunnel/tunnel.entitlements;
				CODE_SIGN_STYLE = Automatic;
				CURRENT_PROJECT_VERSION = 14;
				DEBUG_INFORMATION_FORMAT = "dwarf-with-dsym";
				DEVELOPMENT_TEAM = H2M3Z7JR84;
				GENERATE_INFOPLIST_FILE = YES;
				INFOPLIST_FILE = tunnel/Info.plist;
				INFOPLIST_KEY_CFBundleDisplayName = tunnel;
				INFOPLIST_KEY_NSHumanReadableCopyright = "";
				IPHONEOS_DEPLOYMENT_TARGET = 15.4;
				LD_RUNPATH_SEARCH_PATHS = (
					"$(inherited)",
					"@executable_path/Frameworks",
					"@executable_path/../../Frameworks",
				);
				MARKETING_VERSION = 1.0.2;
				PRODUCT_BUNDLE_IDENTIFIER = industries.strange.slowdown.tunnel;
				PRODUCT_NAME = "$(TARGET_NAME)";
				SKIP_INSTALL = YES;
				SWIFT_ACTIVE_COMPILATION_CONDITIONS = DEBUG;
				SWIFT_EMIT_LOC_STRINGS = YES;
				SWIFT_VERSION = 5.0;
				TARGETED_DEVICE_FAMILY = 1;
			};
			name = Debug;
		};
		A08719EF281A617500113F3F /* Release */ = {
			isa = XCBuildConfiguration;
			buildSettings = {
				CODE_SIGN_ENTITLEMENTS = tunnel/tunnel.entitlements;
				CODE_SIGN_STYLE = Automatic;
				CURRENT_PROJECT_VERSION = 14;
				DEVELOPMENT_TEAM = H2M3Z7JR84;
				GENERATE_INFOPLIST_FILE = YES;
				INFOPLIST_FILE = tunnel/Info.plist;
				INFOPLIST_KEY_CFBundleDisplayName = tunnel;
				INFOPLIST_KEY_NSHumanReadableCopyright = "";
				IPHONEOS_DEPLOYMENT_TARGET = 15.4;
				LD_RUNPATH_SEARCH_PATHS = (
					"$(inherited)",
					"@executable_path/Frameworks",
					"@executable_path/../../Frameworks",
				);
				MARKETING_VERSION = 1.0.2;
				PRODUCT_BUNDLE_IDENTIFIER = industries.strange.slowdown.tunnel;
				PRODUCT_NAME = "$(TARGET_NAME)";
				SKIP_INSTALL = YES;
				SWIFT_EMIT_LOC_STRINGS = YES;
				SWIFT_VERSION = 5.0;
				TARGETED_DEVICE_FAMILY = 1;
			};
			name = Release;
		};
/* End XCBuildConfiguration section */

/* Begin XCConfigurationList section */
		A02F58D727A6F14500D3330F /* Build configuration list for PBXProject "slowdown" */ = {
			isa = XCConfigurationList;
			buildConfigurations = (
				A02F58FE27A6F14600D3330F /* Debug */,
				A02F58FF27A6F14600D3330F /* Release */,
			);
			defaultConfigurationIsVisible = 0;
			defaultConfigurationName = Release;
		};
		A02F590027A6F14600D3330F /* Build configuration list for PBXNativeTarget "slowdown" */ = {
			isa = XCConfigurationList;
			buildConfigurations = (
				A02F590127A6F14600D3330F /* Debug */,
				A02F590227A6F14600D3330F /* Release */,
			);
			defaultConfigurationIsVisible = 0;
			defaultConfigurationName = Release;
		};
		A02F590327A6F14600D3330F /* Build configuration list for PBXNativeTarget "slowdownTests" */ = {
			isa = XCConfigurationList;
			buildConfigurations = (
				A02F590427A6F14600D3330F /* Debug */,
				A02F590527A6F14600D3330F /* Release */,
			);
			defaultConfigurationIsVisible = 0;
			defaultConfigurationName = Release;
		};
		A02F590627A6F14600D3330F /* Build configuration list for PBXNativeTarget "slowdownUITests" */ = {
			isa = XCConfigurationList;
			buildConfigurations = (
				A02F590727A6F14600D3330F /* Debug */,
				A02F590827A6F14600D3330F /* Release */,
			);
			defaultConfigurationIsVisible = 0;
			defaultConfigurationName = Release;
		};
		A0774F69296A6F0D001F278B /* Build configuration list for PBXNativeTarget "Server" */ = {
			isa = XCConfigurationList;
			buildConfigurations = (
				A0774F6A296A6F0D001F278B /* Debug */,
				A0774F6B296A6F0D001F278B /* Release */,
			);
			defaultConfigurationIsVisible = 0;
			defaultConfigurationName = Release;
		};
		A0774F7A296A6F3A001F278B /* Build configuration list for PBXNativeTarget "ServerTests" */ = {
			isa = XCConfigurationList;
			buildConfigurations = (
				A0774F7B296A6F3A001F278B /* Debug */,
				A0774F7C296A6F3A001F278B /* Release */,
			);
			defaultConfigurationIsVisible = 0;
			defaultConfigurationName = Release;
		};
		A08719ED281A617500113F3F /* Build configuration list for PBXNativeTarget "tunnel" */ = {
			isa = XCConfigurationList;
			buildConfigurations = (
				A08719EE281A617500113F3F /* Debug */,
				A08719EF281A617500113F3F /* Release */,
			);
			defaultConfigurationIsVisible = 0;
			defaultConfigurationName = Release;
		};
/* End XCConfigurationList section */

/* Begin XCRemoteSwiftPackageReference section */
		A0458BF8285FB5A300CE4CCB /* XCRemoteSwiftPackageReference "swift-log" */ = {
			isa = XCRemoteSwiftPackageReference;
			repositoryURL = "https://github.com/apple/swift-log.git";
			requirement = {
				kind = upToNextMajorVersion;
				minimumVersion = 1.0.0;
			};
		};
		A0458BFF28614D6500CE4CCB /* XCRemoteSwiftPackageReference "swift-log-oslog" */ = {
			isa = XCRemoteSwiftPackageReference;
			repositoryURL = "https://github.com/chrisaljoudi/swift-log-oslog.git";
			requirement = {
				kind = upToNextMajorVersion;
				minimumVersion = 0.2.2;
			};
		};
		A05AD0B1285D0CD100878904 /* XCRemoteSwiftPackageReference "swift-nio" */ = {
			isa = XCRemoteSwiftPackageReference;
			repositoryURL = "https://github.com/apple/swift-nio.git";
			requirement = {
				kind = upToNextMajorVersion;
				minimumVersion = 2.0.0;
			};
		};
		A0717CC9294D260C00186AFE /* XCRemoteSwiftPackageReference "swift-protobuf" */ = {
			isa = XCRemoteSwiftPackageReference;
			repositoryURL = "https://github.com/apple/swift-protobuf.git";
			requirement = {
				kind = upToNextMajorVersion;
				minimumVersion = 1.0.0;
			};
		};
		A0A81D5A296B98D800B9E1DD /* XCRemoteSwiftPackageReference "firebase-ios-sdk" */ = {
			isa = XCRemoteSwiftPackageReference;
			repositoryURL = "https://github.com/firebase/firebase-ios-sdk";
			requirement = {
				branch = master;
				kind = branch;
			};
		};
/* End XCRemoteSwiftPackageReference section */

/* Begin XCSwiftPackageProductDependency section */
		A04332C9296BA21A00D69210 /* FirebaseCrashlytics */ = {
			isa = XCSwiftPackageProductDependency;
			package = A0A81D5A296B98D800B9E1DD /* XCRemoteSwiftPackageReference "firebase-ios-sdk" */;
			productName = FirebaseCrashlytics;
		};
		A0458BF9285FB5A300CE4CCB /* Logging */ = {
			isa = XCSwiftPackageProductDependency;
			package = A0458BF8285FB5A300CE4CCB /* XCRemoteSwiftPackageReference "swift-log" */;
			productName = Logging;
		};
		A0458C0028614D6500CE4CCB /* LoggingOSLog */ = {
			isa = XCSwiftPackageProductDependency;
			package = A0458BFF28614D6500CE4CCB /* XCRemoteSwiftPackageReference "swift-log-oslog" */;
			productName = LoggingOSLog;
		};
		A04FAD9B294D60960002C19B /* SwiftProtobuf */ = {
			isa = XCSwiftPackageProductDependency;
			package = A0717CC9294D260C00186AFE /* XCRemoteSwiftPackageReference "swift-protobuf" */;
			productName = SwiftProtobuf;
		};
		A05AD0B2285D0CD100878904 /* NIO */ = {
			isa = XCSwiftPackageProductDependency;
			package = A05AD0B1285D0CD100878904 /* XCRemoteSwiftPackageReference "swift-nio" */;
			productName = NIO;
		};
		A0717CCC294D260C00186AFE /* SwiftProtobufPluginLibrary */ = {
			isa = XCSwiftPackageProductDependency;
			package = A0717CC9294D260C00186AFE /* XCRemoteSwiftPackageReference "swift-protobuf" */;
			productName = SwiftProtobufPluginLibrary;
		};
		A0774F6D296A6F2A001F278B /* Logging */ = {
			isa = XCSwiftPackageProductDependency;
			package = A0458BF8285FB5A300CE4CCB /* XCRemoteSwiftPackageReference "swift-log" */;
			productName = Logging;
		};
		A0774F7D296A6F45001F278B /* ProxyService */ = {
			isa = XCSwiftPackageProductDependency;
			productName = ProxyService;
		};
		A0774F84296A85DF001F278B /* ProxyService */ = {
			isa = XCSwiftPackageProductDependency;
			productName = ProxyService;
		};
		A080EDEF294F7B89005401E4 /* ProxyService */ = {
			isa = XCSwiftPackageProductDependency;
			productName = ProxyService;
		};
		A080EDF5294F9864005401E4 /* Logging */ = {
			isa = XCSwiftPackageProductDependency;
			package = A0458BF8285FB5A300CE4CCB /* XCRemoteSwiftPackageReference "swift-log" */;
			productName = Logging;
		};
		A080EDF7294F9868005401E4 /* LoggingOSLog */ = {
			isa = XCSwiftPackageProductDependency;
			package = A0458BFF28614D6500CE4CCB /* XCRemoteSwiftPackageReference "swift-log-oslog" */;
			productName = LoggingOSLog;
		};
		A081F2372967B10600863FE3 /* ProxyService */ = {
			isa = XCSwiftPackageProductDependency;
			productName = ProxyService;
		};
		A081F2392967B10F00863FE3 /* SwiftProtobuf */ = {
			isa = XCSwiftPackageProductDependency;
			package = A0717CC9294D260C00186AFE /* XCRemoteSwiftPackageReference "swift-protobuf" */;
			productName = SwiftProtobuf;
		};
		A081F23B2967B10F00863FE3 /* SwiftProtobufPluginLibrary */ = {
			isa = XCSwiftPackageProductDependency;
			package = A0717CC9294D260C00186AFE /* XCRemoteSwiftPackageReference "swift-protobuf" */;
			productName = SwiftProtobufPluginLibrary;
		};
		A0A81D5B296B98D800B9E1DD /* FirebaseCrashlytics */ = {
			isa = XCSwiftPackageProductDependency;
			package = A0A81D5A296B98D800B9E1DD /* XCRemoteSwiftPackageReference "firebase-ios-sdk" */;
			productName = FirebaseCrashlytics;
		};
/* End XCSwiftPackageProductDependency section */
	};
	rootObject = A02F58D427A6F14500D3330F /* Project object */;
}
