// !$*UTF8*$!
{
	archiveVersion = 1;
	classes = {
	};
	objectVersion = 55;
	objects = {

/* Begin PBXBuildFile section */
		A02F58E027A6F14500D3330F /* slowdownApp.swift in Sources */ = {isa = PBXBuildFile; fileRef = A02F58DF27A6F14500D3330F /* slowdownApp.swift */; };
		A02F58E227A6F14500D3330F /* ContentView.swift in Sources */ = {isa = PBXBuildFile; fileRef = A02F58E127A6F14500D3330F /* ContentView.swift */; };
		A02F58E427A6F14500D3330F /* Assets.xcassets in Resources */ = {isa = PBXBuildFile; fileRef = A02F58E327A6F14500D3330F /* Assets.xcassets */; };
		A02F58E727A6F14500D3330F /* Preview Assets.xcassets in Resources */ = {isa = PBXBuildFile; fileRef = A02F58E627A6F14500D3330F /* Preview Assets.xcassets */; };
		A02F58F127A6F14600D3330F /* slowdownTests.swift in Sources */ = {isa = PBXBuildFile; fileRef = A02F58F027A6F14600D3330F /* slowdownTests.swift */; };
		A02F58FB27A6F14600D3330F /* slowdownUITests.swift in Sources */ = {isa = PBXBuildFile; fileRef = A02F58FA27A6F14600D3330F /* slowdownUITests.swift */; };
		A02F58FD27A6F14600D3330F /* slowdownUITestsLaunchTests.swift in Sources */ = {isa = PBXBuildFile; fileRef = A02F58FC27A6F14600D3330F /* slowdownUITestsLaunchTests.swift */; };
/* End PBXBuildFile section */

/* Begin PBXContainerItemProxy section */
		A02F58ED27A6F14600D3330F /* PBXContainerItemProxy */ = {
			isa = PBXContainerItemProxy;
			containerPortal = A02F58D427A6F14500D3330F /* Project object */;
			proxyType = 1;
			remoteGlobalIDString = A02F58DB27A6F14500D3330F;
			remoteInfo = slowdown;
		};
		A02F58F727A6F14600D3330F /* PBXContainerItemProxy */ = {
			isa = PBXContainerItemProxy;
			containerPortal = A02F58D427A6F14500D3330F /* Project object */;
			proxyType = 1;
			remoteGlobalIDString = A02F58DB27A6F14500D3330F;
			remoteInfo = slowdown;
		};
/* End PBXContainerItemProxy section */

/* Begin PBXFileReference section */
		A02F58DC27A6F14500D3330F /* slowdown.app */ = {isa = PBXFileReference; explicitFileType = wrapper.application; includeInIndex = 0; path = slowdown.app; sourceTree = BUILT_PRODUCTS_DIR; };
		A02F58DF27A6F14500D3330F /* slowdownApp.swift */ = {isa = PBXFileReference; lastKnownFileType = sourcecode.swift; path = slowdownApp.swift; sourceTree = "<group>"; };
		A02F58E127A6F14500D3330F /* ContentView.swift */ = {isa = PBXFileReference; lastKnownFileType = sourcecode.swift; path = ContentView.swift; sourceTree = "<group>"; };
		A02F58E327A6F14500D3330F /* Assets.xcassets */ = {isa = PBXFileReference; lastKnownFileType = folder.assetcatalog; path = Assets.xcassets; sourceTree = "<group>"; };
		A02F58E627A6F14500D3330F /* Preview Assets.xcassets */ = {isa = PBXFileReference; lastKnownFileType = folder.assetcatalog; path = "Preview Assets.xcassets"; sourceTree = "<group>"; };
		A02F58EC27A6F14600D3330F /* slowdownTests.xctest */ = {isa = PBXFileReference; explicitFileType = wrapper.cfbundle; includeInIndex = 0; path = slowdownTests.xctest; sourceTree = BUILT_PRODUCTS_DIR; };
		A02F58F027A6F14600D3330F /* slowdownTests.swift */ = {isa = PBXFileReference; lastKnownFileType = sourcecode.swift; path = slowdownTests.swift; sourceTree = "<group>"; };
		A02F58F627A6F14600D3330F /* slowdownUITests.xctest */ = {isa = PBXFileReference; explicitFileType = wrapper.cfbundle; includeInIndex = 0; path = slowdownUITests.xctest; sourceTree = BUILT_PRODUCTS_DIR; };
		A02F58FA27A6F14600D3330F /* slowdownUITests.swift */ = {isa = PBXFileReference; lastKnownFileType = sourcecode.swift; path = slowdownUITests.swift; sourceTree = "<group>"; };
		A02F58FC27A6F14600D3330F /* slowdownUITestsLaunchTests.swift */ = {isa = PBXFileReference; lastKnownFileType = sourcecode.swift; path = slowdownUITestsLaunchTests.swift; sourceTree = "<group>"; };
/* End PBXFileReference section */

/* Begin PBXFrameworksBuildPhase section */
		A02F58D927A6F14500D3330F /* Frameworks */ = {
			isa = PBXFrameworksBuildPhase;
			buildActionMask = 2147483647;
			files = (
			);
			runOnlyForDeploymentPostprocessing = 0;
		};
		A02F58E927A6F14600D3330F /* Frameworks */ = {
			isa = PBXFrameworksBuildPhase;
			buildActionMask = 2147483647;
			files = (
			);
			runOnlyForDeploymentPostprocessing = 0;
		};
		A02F58F327A6F14600D3330F /* Frameworks */ = {
			isa = PBXFrameworksBuildPhase;
			buildActionMask = 2147483647;
			files = (
			);
			runOnlyForDeploymentPostprocessing = 0;
		};
/* End PBXFrameworksBuildPhase section */

/* Begin PBXGroup section */
		A02F58D327A6F14500D3330F = {
			isa = PBXGroup;
			children = (
				A02F58DE27A6F14500D3330F /* slowdown */,
				A02F58EF27A6F14600D3330F /* slowdownTests */,
				A02F58F927A6F14600D3330F /* slowdownUITests */,
				A02F58DD27A6F14500D3330F /* Products */,
			);
			sourceTree = "<group>";
		};
		A02F58DD27A6F14500D3330F /* Products */ = {
			isa = PBXGroup;
			children = (
				A02F58DC27A6F14500D3330F /* slowdown.app */,
				A02F58EC27A6F14600D3330F /* slowdownTests.xctest */,
				A02F58F627A6F14600D3330F /* slowdownUITests.xctest */,
			);
			name = Products;
			sourceTree = "<group>";
		};
		A02F58DE27A6F14500D3330F /* slowdown */ = {
			isa = PBXGroup;
			children = (
				A02F58DF27A6F14500D3330F /* slowdownApp.swift */,
				A02F58E127A6F14500D3330F /* ContentView.swift */,
				A02F58E327A6F14500D3330F /* Assets.xcassets */,
				A02F58E527A6F14500D3330F /* Preview Content */,
			);
			path = slowdown;
			sourceTree = "<group>";
		};
		A02F58E527A6F14500D3330F /* Preview Content */ = {
			isa = PBXGroup;
			children = (
				A02F58E627A6F14500D3330F /* Preview Assets.xcassets */,
			);
			path = "Preview Content";
			sourceTree = "<group>";
		};
		A02F58EF27A6F14600D3330F /* slowdownTests */ = {
			isa = PBXGroup;
			children = (
				A02F58F027A6F14600D3330F /* slowdownTests.swift */,
			);
			path = slowdownTests;
			sourceTree = "<group>";
		};
		A02F58F927A6F14600D3330F /* slowdownUITests */ = {
			isa = PBXGroup;
			children = (
				A02F58FA27A6F14600D3330F /* slowdownUITests.swift */,
				A02F58FC27A6F14600D3330F /* slowdownUITestsLaunchTests.swift */,
			);
			path = slowdownUITests;
			sourceTree = "<group>";
		};
/* End PBXGroup section */

/* Begin PBXNativeTarget section */
		A02F58DB27A6F14500D3330F /* slowdown */ = {
			isa = PBXNativeTarget;
			buildConfigurationList = A02F590027A6F14600D3330F /* Build configuration list for PBXNativeTarget "slowdown" */;
			buildPhases = (
				A02F58D827A6F14500D3330F /* Sources */,
				A02F58D927A6F14500D3330F /* Frameworks */,
				A02F58DA27A6F14500D3330F /* Resources */,
			);
			buildRules = (
			);
			dependencies = (
			);
			name = slowdown;
			productName = slowdown;
			productReference = A02F58DC27A6F14500D3330F /* slowdown.app */;
			productType = "com.apple.product-type.application";
		};
		A02F58EB27A6F14600D3330F /* slowdownTests */ = {
			isa = PBXNativeTarget;
			buildConfigurationList = A02F590327A6F14600D3330F /* Build configuration list for PBXNativeTarget "slowdownTests" */;
			buildPhases = (
				A02F58E827A6F14600D3330F /* Sources */,
				A02F58E927A6F14600D3330F /* Frameworks */,
				A02F58EA27A6F14600D3330F /* Resources */,
			);
			buildRules = (
			);
			dependencies = (
				A02F58EE27A6F14600D3330F /* PBXTargetDependency */,
			);
			name = slowdownTests;
			productName = slowdownTests;
			productReference = A02F58EC27A6F14600D3330F /* slowdownTests.xctest */;
			productType = "com.apple.product-type.bundle.unit-test";
		};
		A02F58F527A6F14600D3330F /* slowdownUITests */ = {
			isa = PBXNativeTarget;
			buildConfigurationList = A02F590627A6F14600D3330F /* Build configuration list for PBXNativeTarget "slowdownUITests" */;
			buildPhases = (
				A02F58F227A6F14600D3330F /* Sources */,
				A02F58F327A6F14600D3330F /* Frameworks */,
				A02F58F427A6F14600D3330F /* Resources */,
			);
			buildRules = (
			);
			dependencies = (
				A02F58F827A6F14600D3330F /* PBXTargetDependency */,
			);
			name = slowdownUITests;
			productName = slowdownUITests;
			productReference = A02F58F627A6F14600D3330F /* slowdownUITests.xctest */;
			productType = "com.apple.product-type.bundle.ui-testing";
		};
/* End PBXNativeTarget section */

/* Begin PBXProject section */
		A02F58D427A6F14500D3330F /* Project object */ = {
			isa = PBXProject;
			attributes = {
				BuildIndependentTargetsInParallel = 1;
				LastSwiftUpdateCheck = 1320;
				LastUpgradeCheck = 1320;
				TargetAttributes = {
					A02F58DB27A6F14500D3330F = {
						CreatedOnToolsVersion = 13.2.1;
					};
					A02F58EB27A6F14600D3330F = {
						CreatedOnToolsVersion = 13.2.1;
						TestTargetID = A02F58DB27A6F14500D3330F;
					};
					A02F58F527A6F14600D3330F = {
						CreatedOnToolsVersion = 13.2.1;
						TestTargetID = A02F58DB27A6F14500D3330F;
					};
				};
			};
			buildConfigurationList = A02F58D727A6F14500D3330F /* Build configuration list for PBXProject "slowdown" */;
			compatibilityVersion = "Xcode 13.0";
			developmentRegion = en;
			hasScannedForEncodings = 0;
			knownRegions = (
				en,
				Base,
			);
			mainGroup = A02F58D327A6F14500D3330F;
			productRefGroup = A02F58DD27A6F14500D3330F /* Products */;
			projectDirPath = "";
			projectRoot = "";
			targets = (
				A02F58DB27A6F14500D3330F /* slowdown */,
				A02F58EB27A6F14600D3330F /* slowdownTests */,
				A02F58F527A6F14600D3330F /* slowdownUITests */,
			);
		};
/* End PBXProject section */

/* Begin PBXResourcesBuildPhase section */
		A02F58DA27A6F14500D3330F /* Resources */ = {
			isa = PBXResourcesBuildPhase;
			buildActionMask = 2147483647;
			files = (
				A02F58E727A6F14500D3330F /* Preview Assets.xcassets in Resources */,
				A02F58E427A6F14500D3330F /* Assets.xcassets in Resources */,
			);
			runOnlyForDeploymentPostprocessing = 0;
		};
		A02F58EA27A6F14600D3330F /* Resources */ = {
			isa = PBXResourcesBuildPhase;
			buildActionMask = 2147483647;
			files = (
			);
			runOnlyForDeploymentPostprocessing = 0;
		};
		A02F58F427A6F14600D3330F /* Resources */ = {
			isa = PBXResourcesBuildPhase;
			buildActionMask = 2147483647;
			files = (
			);
			runOnlyForDeploymentPostprocessing = 0;
		};
/* End PBXResourcesBuildPhase section */

/* Begin PBXSourcesBuildPhase section */
		A02F58D827A6F14500D3330F /* Sources */ = {
			isa = PBXSourcesBuildPhase;
			buildActionMask = 2147483647;
			files = (
				A02F58E227A6F14500D3330F /* ContentView.swift in Sources */,
				A02F58E027A6F14500D3330F /* slowdownApp.swift in Sources */,
			);
			runOnlyForDeploymentPostprocessing = 0;
		};
		A02F58E827A6F14600D3330F /* Sources */ = {
			isa = PBXSourcesBuildPhase;
			buildActionMask = 2147483647;
			files = (
				A02F58F127A6F14600D3330F /* slowdownTests.swift in Sources */,
			);
			runOnlyForDeploymentPostprocessing = 0;
		};
		A02F58F227A6F14600D3330F /* Sources */ = {
			isa = PBXSourcesBuildPhase;
			buildActionMask = 2147483647;
			files = (
				A02F58FD27A6F14600D3330F /* slowdownUITestsLaunchTests.swift in Sources */,
				A02F58FB27A6F14600D3330F /* slowdownUITests.swift in Sources */,
			);
			runOnlyForDeploymentPostprocessing = 0;
		};
/* End PBXSourcesBuildPhase section */

/* Begin PBXTargetDependency section */
		A02F58EE27A6F14600D3330F /* PBXTargetDependency */ = {
			isa = PBXTargetDependency;
			target = A02F58DB27A6F14500D3330F /* slowdown */;
			targetProxy = A02F58ED27A6F14600D3330F /* PBXContainerItemProxy */;
		};
		A02F58F827A6F14600D3330F /* PBXTargetDependency */ = {
			isa = PBXTargetDependency;
			target = A02F58DB27A6F14500D3330F /* slowdown */;
			targetProxy = A02F58F727A6F14600D3330F /* PBXContainerItemProxy */;
		};
/* End PBXTargetDependency section */

/* Begin XCBuildConfiguration section */
		A02F58FE27A6F14600D3330F /* Debug */ = {
			isa = XCBuildConfiguration;
			buildSettings = {
				ALWAYS_SEARCH_USER_PATHS = NO;
				CLANG_ANALYZER_NONNULL = YES;
				CLANG_ANALYZER_NUMBER_OBJECT_CONVERSION = YES_AGGRESSIVE;
				CLANG_CXX_LANGUAGE_STANDARD = "gnu++17";
				CLANG_CXX_LIBRARY = "libc++";
				CLANG_ENABLE_MODULES = YES;
				CLANG_ENABLE_OBJC_ARC = YES;
				CLANG_ENABLE_OBJC_WEAK = YES;
				CLANG_WARN_BLOCK_CAPTURE_AUTORELEASING = YES;
				CLANG_WARN_BOOL_CONVERSION = YES;
				CLANG_WARN_COMMA = YES;
				CLANG_WARN_CONSTANT_CONVERSION = YES;
				CLANG_WARN_DEPRECATED_OBJC_IMPLEMENTATIONS = YES;
				CLANG_WARN_DIRECT_OBJC_ISA_USAGE = YES_ERROR;
				CLANG_WARN_DOCUMENTATION_COMMENTS = YES;
				CLANG_WARN_EMPTY_BODY = YES;
				CLANG_WARN_ENUM_CONVERSION = YES;
				CLANG_WARN_INFINITE_RECURSION = YES;
				CLANG_WARN_INT_CONVERSION = YES;
				CLANG_WARN_NON_LITERAL_NULL_CONVERSION = YES;
				CLANG_WARN_OBJC_IMPLICIT_RETAIN_SELF = YES;
				CLANG_WARN_OBJC_LITERAL_CONVERSION = YES;
				CLANG_WARN_OBJC_ROOT_CLASS = YES_ERROR;
				CLANG_WARN_QUOTED_INCLUDE_IN_FRAMEWORK_HEADER = YES;
				CLANG_WARN_RANGE_LOOP_ANALYSIS = YES;
				CLANG_WARN_STRICT_PROTOTYPES = YES;
				CLANG_WARN_SUSPICIOUS_MOVE = YES;
				CLANG_WARN_UNGUARDED_AVAILABILITY = YES_AGGRESSIVE;
				CLANG_WARN_UNREACHABLE_CODE = YES;
				CLANG_WARN__DUPLICATE_METHOD_MATCH = YES;
				COPY_PHASE_STRIP = NO;
				DEBUG_INFORMATION_FORMAT = dwarf;
				ENABLE_STRICT_OBJC_MSGSEND = YES;
				ENABLE_TESTABILITY = YES;
				GCC_C_LANGUAGE_STANDARD = gnu11;
				GCC_DYNAMIC_NO_PIC = NO;
				GCC_NO_COMMON_BLOCKS = YES;
				GCC_OPTIMIZATION_LEVEL = 0;
				GCC_PREPROCESSOR_DEFINITIONS = (
					"DEBUG=1",
					"$(inherited)",
				);
				GCC_WARN_64_TO_32_BIT_CONVERSION = YES;
				GCC_WARN_ABOUT_RETURN_TYPE = YES_ERROR;
				GCC_WARN_UNDECLARED_SELECTOR = YES;
				GCC_WARN_UNINITIALIZED_AUTOS = YES_AGGRESSIVE;
				GCC_WARN_UNUSED_FUNCTION = YES;
				GCC_WARN_UNUSED_VARIABLE = YES;
				IPHONEOS_DEPLOYMENT_TARGET = 15.2;
				MTL_ENABLE_DEBUG_INFO = INCLUDE_SOURCE;
				MTL_FAST_MATH = YES;
				ONLY_ACTIVE_ARCH = YES;
				SDKROOT = iphoneos;
				SWIFT_ACTIVE_COMPILATION_CONDITIONS = DEBUG;
				SWIFT_OPTIMIZATION_LEVEL = "-Onone";
			};
			name = Debug;
		};
		A02F58FF27A6F14600D3330F /* Release */ = {
			isa = XCBuildConfiguration;
			buildSettings = {
				ALWAYS_SEARCH_USER_PATHS = NO;
				CLANG_ANALYZER_NONNULL = YES;
				CLANG_ANALYZER_NUMBER_OBJECT_CONVERSION = YES_AGGRESSIVE;
				CLANG_CXX_LANGUAGE_STANDARD = "gnu++17";
				CLANG_CXX_LIBRARY = "libc++";
				CLANG_ENABLE_MODULES = YES;
				CLANG_ENABLE_OBJC_ARC = YES;
				CLANG_ENABLE_OBJC_WEAK = YES;
				CLANG_WARN_BLOCK_CAPTURE_AUTORELEASING = YES;
				CLANG_WARN_BOOL_CONVERSION = YES;
				CLANG_WARN_COMMA = YES;
				CLANG_WARN_CONSTANT_CONVERSION = YES;
				CLANG_WARN_DEPRECATED_OBJC_IMPLEMENTATIONS = YES;
				CLANG_WARN_DIRECT_OBJC_ISA_USAGE = YES_ERROR;
				CLANG_WARN_DOCUMENTATION_COMMENTS = YES;
				CLANG_WARN_EMPTY_BODY = YES;
				CLANG_WARN_ENUM_CONVERSION = YES;
				CLANG_WARN_INFINITE_RECURSION = YES;
				CLANG_WARN_INT_CONVERSION = YES;
				CLANG_WARN_NON_LITERAL_NULL_CONVERSION = YES;
				CLANG_WARN_OBJC_IMPLICIT_RETAIN_SELF = YES;
				CLANG_WARN_OBJC_LITERAL_CONVERSION = YES;
				CLANG_WARN_OBJC_ROOT_CLASS = YES_ERROR;
				CLANG_WARN_QUOTED_INCLUDE_IN_FRAMEWORK_HEADER = YES;
				CLANG_WARN_RANGE_LOOP_ANALYSIS = YES;
				CLANG_WARN_STRICT_PROTOTYPES = YES;
				CLANG_WARN_SUSPICIOUS_MOVE = YES;
				CLANG_WARN_UNGUARDED_AVAILABILITY = YES_AGGRESSIVE;
				CLANG_WARN_UNREACHABLE_CODE = YES;
				CLANG_WARN__DUPLICATE_METHOD_MATCH = YES;
				COPY_PHASE_STRIP = NO;
				DEBUG_INFORMATION_FORMAT = "dwarf-with-dsym";
				ENABLE_NS_ASSERTIONS = NO;
				ENABLE_STRICT_OBJC_MSGSEND = YES;
				GCC_C_LANGUAGE_STANDARD = gnu11;
				GCC_NO_COMMON_BLOCKS = YES;
				GCC_WARN_64_TO_32_BIT_CONVERSION = YES;
				GCC_WARN_ABOUT_RETURN_TYPE = YES_ERROR;
				GCC_WARN_UNDECLARED_SELECTOR = YES;
				GCC_WARN_UNINITIALIZED_AUTOS = YES_AGGRESSIVE;
				GCC_WARN_UNUSED_FUNCTION = YES;
				GCC_WARN_UNUSED_VARIABLE = YES;
				IPHONEOS_DEPLOYMENT_TARGET = 15.2;
				MTL_ENABLE_DEBUG_INFO = NO;
				MTL_FAST_MATH = YES;
				SDKROOT = iphoneos;
				SWIFT_COMPILATION_MODE = wholemodule;
				SWIFT_OPTIMIZATION_LEVEL = "-O";
				VALIDATE_PRODUCT = YES;
			};
			name = Release;
		};
		A02F590127A6F14600D3330F /* Debug */ = {
			isa = XCBuildConfiguration;
			buildSettings = {
				ASSETCATALOG_COMPILER_APPICON_NAME = AppIcon;
				ASSETCATALOG_COMPILER_GLOBAL_ACCENT_COLOR_NAME = AccentColor;
				CODE_SIGN_STYLE = Automatic;
				CURRENT_PROJECT_VERSION = 1;
				DEVELOPMENT_ASSET_PATHS = "\"slowdown/Preview Content\"";
				ENABLE_PREVIEWS = YES;
				GENERATE_INFOPLIST_FILE = YES;
				INFOPLIST_KEY_UIApplicationSceneManifest_Generation = YES;
				INFOPLIST_KEY_UIApplicationSupportsIndirectInputEvents = YES;
				INFOPLIST_KEY_UILaunchScreen_Generation = YES;
				INFOPLIST_KEY_UISupportedInterfaceOrientations_iPad = "UIInterfaceOrientationPortrait UIInterfaceOrientationPortraitUpsideDown UIInterfaceOrientationLandscapeLeft UIInterfaceOrientationLandscapeRight";
				INFOPLIST_KEY_UISupportedInterfaceOrientations_iPhone = "UIInterfaceOrientationPortrait UIInterfaceOrientationLandscapeLeft UIInterfaceOrientationLandscapeRight";
				LD_RUNPATH_SEARCH_PATHS = (
					"$(inherited)",
					"@executable_path/Frameworks",
				);
				MARKETING_VERSION = 1.0;
				PRODUCT_BUNDLE_IDENTIFIER = strangeindustries.slowdown;
				PRODUCT_NAME = "$(TARGET_NAME)";
				SWIFT_EMIT_LOC_STRINGS = YES;
				SWIFT_VERSION = 5.0;
				TARGETED_DEVICE_FAMILY = "1,2";
			};
			name = Debug;
		};
		A02F590227A6F14600D3330F /* Release */ = {
			isa = XCBuildConfiguration;
			buildSettings = {
				ASSETCATALOG_COMPILER_APPICON_NAME = AppIcon;
				ASSETCATALOG_COMPILER_GLOBAL_ACCENT_COLOR_NAME = AccentColor;
				CODE_SIGN_STYLE = Automatic;
				CURRENT_PROJECT_VERSION = 1;
				DEVELOPMENT_ASSET_PATHS = "\"slowdown/Preview Content\"";
				ENABLE_PREVIEWS = YES;
				GENERATE_INFOPLIST_FILE = YES;
				INFOPLIST_KEY_UIApplicationSceneManifest_Generation = YES;
				INFOPLIST_KEY_UIApplicationSupportsIndirectInputEvents = YES;
				INFOPLIST_KEY_UILaunchScreen_Generation = YES;
				INFOPLIST_KEY_UISupportedInterfaceOrientations_iPad = "UIInterfaceOrientationPortrait UIInterfaceOrientationPortraitUpsideDown UIInterfaceOrientationLandscapeLeft UIInterfaceOrientationLandscapeRight";
				INFOPLIST_KEY_UISupportedInterfaceOrientations_iPhone = "UIInterfaceOrientationPortrait UIInterfaceOrientationLandscapeLeft UIInterfaceOrientationLandscapeRight";
				LD_RUNPATH_SEARCH_PATHS = (
					"$(inherited)",
					"@executable_path/Frameworks",
				);
				MARKETING_VERSION = 1.0;
				PRODUCT_BUNDLE_IDENTIFIER = strangeindustries.slowdown;
				PRODUCT_NAME = "$(TARGET_NAME)";
				SWIFT_EMIT_LOC_STRINGS = YES;
				SWIFT_VERSION = 5.0;
				TARGETED_DEVICE_FAMILY = "1,2";
			};
			name = Release;
		};
		A02F590427A6F14600D3330F /* Debug */ = {
			isa = XCBuildConfiguration;
			buildSettings = {
				ALWAYS_EMBED_SWIFT_STANDARD_LIBRARIES = YES;
				BUNDLE_LOADER = "$(TEST_HOST)";
				CODE_SIGN_STYLE = Automatic;
				CURRENT_PROJECT_VERSION = 1;
				GENERATE_INFOPLIST_FILE = YES;
				IPHONEOS_DEPLOYMENT_TARGET = 15.2;
				MARKETING_VERSION = 1.0;
				PRODUCT_BUNDLE_IDENTIFIER = strangeindustries.slowdownTests;
				PRODUCT_NAME = "$(TARGET_NAME)";
				SWIFT_EMIT_LOC_STRINGS = NO;
				SWIFT_VERSION = 5.0;
				TARGETED_DEVICE_FAMILY = "1,2";
				TEST_HOST = "$(BUILT_PRODUCTS_DIR)/slowdown.app/slowdown";
			};
			name = Debug;
		};
		A02F590527A6F14600D3330F /* Release */ = {
			isa = XCBuildConfiguration;
			buildSettings = {
				ALWAYS_EMBED_SWIFT_STANDARD_LIBRARIES = YES;
				BUNDLE_LOADER = "$(TEST_HOST)";
				CODE_SIGN_STYLE = Automatic;
				CURRENT_PROJECT_VERSION = 1;
				GENERATE_INFOPLIST_FILE = YES;
				IPHONEOS_DEPLOYMENT_TARGET = 15.2;
				MARKETING_VERSION = 1.0;
				PRODUCT_BUNDLE_IDENTIFIER = strangeindustries.slowdownTests;
				PRODUCT_NAME = "$(TARGET_NAME)";
				SWIFT_EMIT_LOC_STRINGS = NO;
				SWIFT_VERSION = 5.0;
				TARGETED_DEVICE_FAMILY = "1,2";
				TEST_HOST = "$(BUILT_PRODUCTS_DIR)/slowdown.app/slowdown";
			};
			name = Release;
		};
		A02F590727A6F14600D3330F /* Debug */ = {
			isa = XCBuildConfiguration;
			buildSettings = {
				ALWAYS_EMBED_SWIFT_STANDARD_LIBRARIES = YES;
				CODE_SIGN_STYLE = Automatic;
				CURRENT_PROJECT_VERSION = 1;
				GENERATE_INFOPLIST_FILE = YES;
				MARKETING_VERSION = 1.0;
				PRODUCT_BUNDLE_IDENTIFIER = strangeindustries.slowdownUITests;
				PRODUCT_NAME = "$(TARGET_NAME)";
				SWIFT_EMIT_LOC_STRINGS = NO;
				SWIFT_VERSION = 5.0;
				TARGETED_DEVICE_FAMILY = "1,2";
				TEST_TARGET_NAME = slowdown;
			};
			name = Debug;
		};
		A02F590827A6F14600D3330F /* Release */ = {
			isa = XCBuildConfiguration;
			buildSettings = {
				ALWAYS_EMBED_SWIFT_STANDARD_LIBRARIES = YES;
				CODE_SIGN_STYLE = Automatic;
				CURRENT_PROJECT_VERSION = 1;
				GENERATE_INFOPLIST_FILE = YES;
				MARKETING_VERSION = 1.0;
				PRODUCT_BUNDLE_IDENTIFIER = strangeindustries.slowdownUITests;
				PRODUCT_NAME = "$(TARGET_NAME)";
				SWIFT_EMIT_LOC_STRINGS = NO;
				SWIFT_VERSION = 5.0;
				TARGETED_DEVICE_FAMILY = "1,2";
				TEST_TARGET_NAME = slowdown;
			};
			name = Release;
		};
/* End XCBuildConfiguration section */

/* Begin XCConfigurationList section */
		A02F58D727A6F14500D3330F /* Build configuration list for PBXProject "slowdown" */ = {
			isa = XCConfigurationList;
			buildConfigurations = (
				A02F58FE27A6F14600D3330F /* Debug */,
				A02F58FF27A6F14600D3330F /* Release */,
			);
			defaultConfigurationIsVisible = 0;
			defaultConfigurationName = Release;
		};
		A02F590027A6F14600D3330F /* Build configuration list for PBXNativeTarget "slowdown" */ = {
			isa = XCConfigurationList;
			buildConfigurations = (
				A02F590127A6F14600D3330F /* Debug */,
				A02F590227A6F14600D3330F /* Release */,
			);
			defaultConfigurationIsVisible = 0;
			defaultConfigurationName = Release;
		};
		A02F590327A6F14600D3330F /* Build configuration list for PBXNativeTarget "slowdownTests" */ = {
			isa = XCConfigurationList;
			buildConfigurations = (
				A02F590427A6F14600D3330F /* Debug */,
				A02F590527A6F14600D3330F /* Release */,
			);
			defaultConfigurationIsVisible = 0;
			defaultConfigurationName = Release;
		};
		A02F590627A6F14600D3330F /* Build configuration list for PBXNativeTarget "slowdownUITests" */ = {
			isa = XCConfigurationList;
			buildConfigurations = (
				A02F590727A6F14600D3330F /* Debug */,
				A02F590827A6F14600D3330F /* Release */,
			);
			defaultConfigurationIsVisible = 0;
			defaultConfigurationName = Release;
		};
/* End XCConfigurationList section */
	};
	rootObject = A02F58D427A6F14500D3330F /* Project object */;
}
