// !$*UTF8*$!
{
	archiveVersion = 1;
	classes = {
	};
	objectVersion = 55;
	objects = {

/* Begin PBXBuildFile section */
		A0016E3D2A787DC400CA9BE6 /* Inject in Frameworks */ = {isa = PBXBuildFile; productRef = A0016E3C2A787DC400CA9BE6 /* Inject */; };
		A0016E3F2A787DD600CA9BE6 /* Inject in Frameworks */ = {isa = PBXBuildFile; productRef = A0016E3E2A787DD600CA9BE6 /* Inject */; };
		A00A09CC2A7DB76600011260 /* Animation Globals.swift in Sources */ = {isa = PBXBuildFile; fileRef = A00A09CB2A7DB76600011260 /* Animation Globals.swift */; };
		A00A09CE2A7EDA7000011260 /* Controllers in Frameworks */ = {isa = PBXBuildFile; productRef = A00A09CD2A7EDA7000011260 /* Controllers */; };
		A00A09D02A7EEF7100011260 /* Logging in Frameworks */ = {isa = PBXBuildFile; productRef = A00A09CF2A7EEF7100011260 /* Logging */; };
		A00A09D22A7EEF9100011260 /* LoggingOSLog in Frameworks */ = {isa = PBXBuildFile; productRef = A00A09D12A7EEF9100011260 /* LoggingOSLog */; };
		A00AF05129AD006200673B31 /* OrderedCollections in Frameworks */ = {isa = PBXBuildFile; productRef = A00AF05029AD006200673B31 /* OrderedCollections */; };
		A01AB95C2A7D8015004E87B3 /* Common in Frameworks */ = {isa = PBXBuildFile; productRef = A01AB95B2A7D8015004E87B3 /* Common */; };
		A01AB95E2A7D8015004E87B3 /* Controllers in Frameworks */ = {isa = PBXBuildFile; productRef = A01AB95D2A7D8015004E87B3 /* Controllers */; };
		A01B059E29850A6300298976 /* Preview Helpers.swift in Sources */ = {isa = PBXBuildFile; fileRef = A01B059D29850A6300298976 /* Preview Helpers.swift */; };
		A024F15929A467D2007B572A /* HealSettings.swift in Sources */ = {isa = PBXBuildFile; fileRef = A024F15829A467D2007B572A /* HealSettings.swift */; };
		A024F15B29A4845B007B572A /* Card.swift in Sources */ = {isa = PBXBuildFile; fileRef = A024F15A29A4845B007B572A /* Card.swift */; };
		A02A67A8298820B300FF0B27 /* SpeedBar.swift in Sources */ = {isa = PBXBuildFile; fileRef = A02A67A7298820B300FF0B27 /* SpeedBar.swift */; };
		A02F58E027A6F14500D3330F /* slowdownApp.swift in Sources */ = {isa = PBXBuildFile; fileRef = A02F58DF27A6F14500D3330F /* slowdownApp.swift */; };
		A02F58E227A6F14500D3330F /* ContentView.swift in Sources */ = {isa = PBXBuildFile; fileRef = A02F58E127A6F14500D3330F /* ContentView.swift */; };
		A02F58E427A6F14500D3330F /* Assets.xcassets in Resources */ = {isa = PBXBuildFile; fileRef = A02F58E327A6F14500D3330F /* Assets.xcassets */; };
		A02F58E727A6F14500D3330F /* Preview Assets.xcassets in Resources */ = {isa = PBXBuildFile; fileRef = A02F58E627A6F14500D3330F /* Preview Assets.xcassets */; };
		A02F58FB27A6F14600D3330F /* slowdownUITests.swift in Sources */ = {isa = PBXBuildFile; fileRef = A02F58FA27A6F14600D3330F /* slowdownUITests.swift */; };
		A02F58FD27A6F14600D3330F /* slowdownUITestsLaunchTests.swift in Sources */ = {isa = PBXBuildFile; fileRef = A02F58FC27A6F14600D3330F /* slowdownUITestsLaunchTests.swift */; };
		A02F590C27B09A7A00D3330F /* NetworkExtension.framework in Frameworks */ = {isa = PBXBuildFile; fileRef = A02F590B27B09A7A00D3330F /* NetworkExtension.framework */; };
		A0312E2C297D07D300EB0B8A /* Extensions.swift in Sources */ = {isa = PBXBuildFile; fileRef = A0312E2B297D07D300EB0B8A /* Extensions.swift */; };
		A0312E2E297F16ED00EB0B8A /* linmapTests.swift in Sources */ = {isa = PBXBuildFile; fileRef = A0312E2D297F16ED00EB0B8A /* linmapTests.swift */; };
		A04332CA296BA21A00D69210 /* FirebaseCrashlytics in Frameworks */ = {isa = PBXBuildFile; productRef = A04332C9296BA21A00D69210 /* FirebaseCrashlytics */; };
		A04332CC296BA2A400D69210 /* GoogleService-Info.plist in Resources */ = {isa = PBXBuildFile; fileRef = A04332CB296BA2A400D69210 /* GoogleService-Info.plist */; };
		A04332CD296BA2A400D69210 /* GoogleService-Info.plist in Resources */ = {isa = PBXBuildFile; fileRef = A04332CB296BA2A400D69210 /* GoogleService-Info.plist */; };
		A0458BFA285FB5A300CE4CCB /* Logging in Frameworks */ = {isa = PBXBuildFile; productRef = A0458BF9285FB5A300CE4CCB /* Logging */; };
		A0458C0128614D6500CE4CCB /* LoggingOSLog in Frameworks */ = {isa = PBXBuildFile; productRef = A0458C0028614D6500CE4CCB /* LoggingOSLog */; };
		A04ADFB02A7B5513008700C4 /* WidgetKit.framework in Frameworks */ = {isa = PBXBuildFile; fileRef = A04ADFAF2A7B5513008700C4 /* WidgetKit.framework */; };
		A04ADFB22A7B5513008700C4 /* SwiftUI.framework in Frameworks */ = {isa = PBXBuildFile; fileRef = A04ADFB12A7B5513008700C4 /* SwiftUI.framework */; };
		A04ADFB52A7B5513008700C4 /* SlowdownWidgetBundle.swift in Sources */ = {isa = PBXBuildFile; fileRef = A04ADFB42A7B5513008700C4 /* SlowdownWidgetBundle.swift */; };
		A04ADFB72A7B5513008700C4 /* SlowdownWidgetLiveActivity.swift in Sources */ = {isa = PBXBuildFile; fileRef = A04ADFB62A7B5513008700C4 /* SlowdownWidgetLiveActivity.swift */; };
		A04ADFB92A7B5513008700C4 /* SlowdownWidget.swift in Sources */ = {isa = PBXBuildFile; fileRef = A04ADFB82A7B5513008700C4 /* SlowdownWidget.swift */; };
		A04ADFBB2A7B5513008700C4 /* AppIntent.swift in Sources */ = {isa = PBXBuildFile; fileRef = A04ADFBA2A7B5513008700C4 /* AppIntent.swift */; };
		A04ADFBD2A7B5515008700C4 /* Assets.xcassets in Resources */ = {isa = PBXBuildFile; fileRef = A04ADFBC2A7B5515008700C4 /* Assets.xcassets */; };
		A04ADFC12A7B5515008700C4 /* SlowdownWidgetExtension.appex in Embed Foundation Extensions */ = {isa = PBXBuildFile; fileRef = A04ADFAE2A7B5513008700C4 /* SlowdownWidgetExtension.appex */; settings = {ATTRIBUTES = (RemoveHeadersOnCopy, ); }; };
		A04FAD9C294D60960002C19B /* SwiftProtobuf in Frameworks */ = {isa = PBXBuildFile; productRef = A04FAD9B294D60960002C19B /* SwiftProtobuf */; };
		A052AE1E29977B3700AB43B7 /* StateUpdater.swift in Sources */ = {isa = PBXBuildFile; fileRef = A052AE1D29977B3700AB43B7 /* StateUpdater.swift */; };
		A052AE20299A900100AB43B7 /* HealButton.swift in Sources */ = {isa = PBXBuildFile; fileRef = A052AE1F299A900100AB43B7 /* HealButton.swift */; };
		A056C36A2A819E7F00E4ED9A /* CommonLoaders in Frameworks */ = {isa = PBXBuildFile; productRef = A056C3692A819E7F00E4ED9A /* CommonLoaders */; };
		A056C36C2A819E8A00E4ED9A /* CommonLoaders in Frameworks */ = {isa = PBXBuildFile; productRef = A056C36B2A819E8A00E4ED9A /* CommonLoaders */; };
		A056C36E2A819E8F00E4ED9A /* AppViews in Frameworks */ = {isa = PBXBuildFile; productRef = A056C36D2A819E8F00E4ED9A /* AppViews */; };
		A068DCF229A6FA4F0036E9A2 /* Cardable.swift in Sources */ = {isa = PBXBuildFile; fileRef = A068DCF129A6FA4F0036E9A2 /* Cardable.swift */; };
		A068DCF529A6FABC0036E9A2 /* Preset+Cardable.swift in Sources */ = {isa = PBXBuildFile; fileRef = A068DCF429A6FABC0036E9A2 /* Preset+Cardable.swift */; };
		A068DCF729A6FB260036E9A2 /* PauseCard.swift in Sources */ = {isa = PBXBuildFile; fileRef = A068DCF629A6FB260036E9A2 /* PauseCard.swift */; };
		A0717CCD294D260C00186AFE /* SwiftProtobufPluginLibrary in Frameworks */ = {isa = PBXBuildFile; productRef = A0717CCC294D260C00186AFE /* SwiftProtobufPluginLibrary */; };
		A077852029779CB50038BB4B /* Ffi.xcframework in Frameworks */ = {isa = PBXBuildFile; fileRef = A077851F29779CB50038BB4B /* Ffi.xcframework */; };
		A0790B2B2A74689C00A24338 /* Carousel.swift in Sources */ = {isa = PBXBuildFile; fileRef = A0790B2A2A74689C00A24338 /* Carousel.swift */; };
		A0790B2F2A75611800A24338 /* 2023-07-29-swirl.swift in Sources */ = {isa = PBXBuildFile; fileRef = A0790B2E2A75611800A24338 /* 2023-07-29-swirl.swift */; };
		A080EDF6294F9864005401E4 /* Logging in Frameworks */ = {isa = PBXBuildFile; productRef = A080EDF5294F9864005401E4 /* Logging */; };
		A080EDF8294F9868005401E4 /* LoggingOSLog in Frameworks */ = {isa = PBXBuildFile; productRef = A080EDF7294F9868005401E4 /* LoggingOSLog */; };
		A081F232295BB3D700863FE3 /* SetupView.swift in Sources */ = {isa = PBXBuildFile; fileRef = A081F231295BB3D700863FE3 /* SetupView.swift */; };
		A081F23A2967B10F00863FE3 /* SwiftProtobuf in Frameworks */ = {isa = PBXBuildFile; productRef = A081F2392967B10F00863FE3 /* SwiftProtobuf */; };
		A081F23C2967B10F00863FE3 /* SwiftProtobufPluginLibrary in Frameworks */ = {isa = PBXBuildFile; productRef = A081F23B2967B10F00863FE3 /* SwiftProtobufPluginLibrary */; };
		A081F24E296922F300863FE3 /* StateController.swift in Sources */ = {isa = PBXBuildFile; fileRef = A081F24D296922F300863FE3 /* StateController.swift */; };
		A081F250296A125300863FE3 /* DamageBar.swift in Sources */ = {isa = PBXBuildFile; fileRef = A081F24F296A125300863FE3 /* DamageBar.swift */; };
		A085C32F2A8734D4002F84E4 /* Assets.xcassets in Resources */ = {isa = PBXBuildFile; fileRef = A02F58E327A6F14500D3330F /* Assets.xcassets */; };
		A08719D6281A4BF900113F3F /* PrimaryButton.swift in Sources */ = {isa = PBXBuildFile; fileRef = A08719D5281A4BF900113F3F /* PrimaryButton.swift */; };
		A08719D8281A4CE500113F3F /* SplashView.swift in Sources */ = {isa = PBXBuildFile; fileRef = A08719D7281A4CE500113F3F /* SplashView.swift */; };
		A08719DA281A4E1100113F3F /* AppView.swift in Sources */ = {isa = PBXBuildFile; fileRef = A08719D9281A4E1100113F3F /* AppView.swift */; };
		A08719DE281A54A900113F3F /* Spinner.swift in Sources */ = {isa = PBXBuildFile; fileRef = A08719DD281A54A900113F3F /* Spinner.swift */; };
		A08719E4281A617500113F3F /* NetworkExtension.framework in Frameworks */ = {isa = PBXBuildFile; fileRef = A02F590B27B09A7A00D3330F /* NetworkExtension.framework */; };
		A08719E7281A617500113F3F /* PacketTunnelProvider.swift in Sources */ = {isa = PBXBuildFile; fileRef = A08719E6281A617500113F3F /* PacketTunnelProvider.swift */; };
		A089610C2A7D8B3200742B70 /* Common in Frameworks */ = {isa = PBXBuildFile; productRef = A089610B2A7D8B3200742B70 /* Common */; };
		A089610E2A7D8C5200742B70 /* Server in Frameworks */ = {isa = PBXBuildFile; productRef = A089610D2A7D8C5200742B70 /* Server */; };
		A0915BDC2991FB2700874313 /* TunConn.swift in Sources */ = {isa = PBXBuildFile; fileRef = A0915BDB2991FB2700874313 /* TunConn.swift */; };
		A096625529C8E93C00D2E0A9 /* PresetSelector.swift in Sources */ = {isa = PBXBuildFile; fileRef = A096625429C8E93C00D2E0A9 /* PresetSelector.swift */; };
		A096625729C93EFC00D2E0A9 /* ParachutePresetPicker.swift in Sources */ = {isa = PBXBuildFile; fileRef = A096625629C93EFC00D2E0A9 /* ParachutePresetPicker.swift */; };
		A0975B452A83261D0079FCBD /* QuickBreakIntent.swift in Sources */ = {isa = PBXBuildFile; fileRef = A0975B432A8325870079FCBD /* QuickBreakIntent.swift */; };
		A0975B472A832DA70079FCBD /* AppHelpers in Frameworks */ = {isa = PBXBuildFile; productRef = A0975B462A832DA70079FCBD /* AppHelpers */; };
		A0975B492A832F380079FCBD /* AppHelpers in Frameworks */ = {isa = PBXBuildFile; productRef = A0975B482A832F380079FCBD /* AppHelpers */; };
		A0975B4B2A8448DD0079FCBD /* QuickBreakIntent.swift in Sources */ = {isa = PBXBuildFile; fileRef = A0975B432A8325870079FCBD /* QuickBreakIntent.swift */; };
		A09C5A0029BC26B70077A59B /* PresetContent.swift in Sources */ = {isa = PBXBuildFile; fileRef = A09C59FF29BC26B70077A59B /* PresetContent.swift */; };
		A0A81D5C296B98D800B9E1DD /* FirebaseCrashlytics in Frameworks */ = {isa = PBXBuildFile; productRef = A0A81D5B296B98D800B9E1DD /* FirebaseCrashlytics */; };
		A0AB50402A84846B002C84FB /* Models in Frameworks */ = {isa = PBXBuildFile; productRef = A0AB503F2A84846B002C84FB /* Models */; };
		A0C1F7B02A8C400100934A8D /* FilterData in Frameworks */ = {isa = PBXBuildFile; productRef = A0C1F7AF2A8C400100934A8D /* FilterData */; };
		A0E71ABA299DC9D60009B6E4 /* DeviceCallbacks.swift in Sources */ = {isa = PBXBuildFile; fileRef = A0E71AB9299DC9D60009B6E4 /* DeviceCallbacks.swift */; };
		A0EE20AC2A82E84E00F34B98 /* Activities in Frameworks */ = {isa = PBXBuildFile; productRef = A0EE20AB2A82E84E00F34B98 /* Activities */; };
		A0EE20AE2A82E86300F34B98 /* Activities in Frameworks */ = {isa = PBXBuildFile; productRef = A0EE20AD2A82E86300F34B98 /* Activities */; };
		A0F094442A74583600F1C8CB /* UIPlaygroundApp.swift in Sources */ = {isa = PBXBuildFile; fileRef = A0F094432A74583600F1C8CB /* UIPlaygroundApp.swift */; };
		A0F094462A74583600F1C8CB /* ContentView.swift in Sources */ = {isa = PBXBuildFile; fileRef = A0F094452A74583600F1C8CB /* ContentView.swift */; };
		A0F094482A74583700F1C8CB /* Assets.xcassets in Resources */ = {isa = PBXBuildFile; fileRef = A0F094472A74583700F1C8CB /* Assets.xcassets */; };
		A0F0944B2A74583700F1C8CB /* Preview Assets.xcassets in Resources */ = {isa = PBXBuildFile; fileRef = A0F0944A2A74583700F1C8CB /* Preview Assets.xcassets */; };
		A0F094502A74588800F1C8CB /* 2023-07-28-swirl.swift in Sources */ = {isa = PBXBuildFile; fileRef = A0F0944F2A74588700F1C8CB /* 2023-07-28-swirl.swift */; };
		A0F764DF299DD37C001F9B24 /* ConnectedView.swift in Sources */ = {isa = PBXBuildFile; fileRef = A0F764DE299DD37C001F9B24 /* ConnectedView.swift */; };
		A0F764E1299DD491001F9B24 /* DisconnectedView.swift in Sources */ = {isa = PBXBuildFile; fileRef = A0F764E0299DD491001F9B24 /* DisconnectedView.swift */; };
		A0F764ED29A2E0A8001F9B24 /* PresetViewModel.swift in Sources */ = {isa = PBXBuildFile; fileRef = A0F764EC29A2E0A8001F9B24 /* PresetViewModel.swift */; };
		A0F764EF29A3F737001F9B24 /* TimerLockBadge.swift in Sources */ = {isa = PBXBuildFile; fileRef = A0F764EE29A3F737001F9B24 /* TimerLockBadge.swift */; };
		A0F98C952A85DAB600D5E88E /* ScrollSessionIntent.swift in Sources */ = {isa = PBXBuildFile; fileRef = A0F98C942A85DAB600D5E88E /* ScrollSessionIntent.swift */; };
		A0F98C962A85DAB600D5E88E /* ScrollSessionIntent.swift in Sources */ = {isa = PBXBuildFile; fileRef = A0F98C942A85DAB600D5E88E /* ScrollSessionIntent.swift */; };
		A0F98C982A869E4F00D5E88E /* MyIntentError.swift in Sources */ = {isa = PBXBuildFile; fileRef = A0F98C972A869E4F00D5E88E /* MyIntentError.swift */; };
		A0F98C992A869E4F00D5E88E /* MyIntentError.swift in Sources */ = {isa = PBXBuildFile; fileRef = A0F98C972A869E4F00D5E88E /* MyIntentError.swift */; };
		A0F98C9E2A86B1D600D5E88E /* CommonViews in Frameworks */ = {isa = PBXBuildFile; productRef = A0F98C9D2A86B1D600D5E88E /* CommonViews */; };
		A0F98CA02A86B1F500D5E88E /* CommonViews in Frameworks */ = {isa = PBXBuildFile; productRef = A0F98C9F2A86B1F500D5E88E /* CommonViews */; };
		A0F98CA82A86B5A400D5E88E /* SlowdownWidgetView.swift in Sources */ = {isa = PBXBuildFile; fileRef = A0F98CA72A86B5A400D5E88E /* SlowdownWidgetView.swift */; };
		A0F98CA92A86B5A400D5E88E /* SlowdownWidgetView.swift in Sources */ = {isa = PBXBuildFile; fileRef = A0F98CA72A86B5A400D5E88E /* SlowdownWidgetView.swift */; };
		A0FE9A602A8C299000D891CE /* NetworkExtension.framework in Frameworks */ = {isa = PBXBuildFile; fileRef = A02F590B27B09A7A00D3330F /* NetworkExtension.framework */; };
		A0FE9A632A8C299000D891CE /* FilterDataProvider.swift in Sources */ = {isa = PBXBuildFile; fileRef = A0FE9A622A8C299000D891CE /* FilterDataProvider.swift */; };
		A0FE9A682A8C299000D891CE /* FilterDataProviderExtension.appex in Embed Foundation Extensions */ = {isa = PBXBuildFile; fileRef = A0FE9A5F2A8C299000D891CE /* FilterDataProviderExtension.appex */; settings = {ATTRIBUTES = (RemoveHeadersOnCopy, ); }; };
		A0FE9A712A8C29EF00D891CE /* NetworkExtension.framework in Frameworks */ = {isa = PBXBuildFile; fileRef = A02F590B27B09A7A00D3330F /* NetworkExtension.framework */; };
		A0FE9A742A8C29EF00D891CE /* FilterControlProvider.swift in Sources */ = {isa = PBXBuildFile; fileRef = A0FE9A732A8C29EF00D891CE /* FilterControlProvider.swift */; };
		A0FE9A792A8C29EF00D891CE /* FilterControlProviderExtension.appex in Embed Foundation Extensions */ = {isa = PBXBuildFile; fileRef = A0FE9A702A8C29EF00D891CE /* FilterControlProviderExtension.appex */; settings = {ATTRIBUTES = (RemoveHeadersOnCopy, ); }; };
/* End PBXBuildFile section */

/* Begin PBXContainerItemProxy section */
		A02F58ED27A6F14600D3330F /* PBXContainerItemProxy */ = {
			isa = PBXContainerItemProxy;
			containerPortal = A02F58D427A6F14500D3330F /* Project object */;
			proxyType = 1;
			remoteGlobalIDString = A02F58DB27A6F14500D3330F;
			remoteInfo = slowdown;
		};
		A02F58F727A6F14600D3330F /* PBXContainerItemProxy */ = {
			isa = PBXContainerItemProxy;
			containerPortal = A02F58D427A6F14500D3330F /* Project object */;
			proxyType = 1;
			remoteGlobalIDString = A02F58DB27A6F14500D3330F;
			remoteInfo = slowdown;
		};
		A04ADFBF2A7B5515008700C4 /* PBXContainerItemProxy */ = {
			isa = PBXContainerItemProxy;
			containerPortal = A02F58D427A6F14500D3330F /* Project object */;
			proxyType = 1;
			remoteGlobalIDString = A04ADFAD2A7B5513008700C4;
			remoteInfo = SlowdownWidgetExtension;
		};
		A0FE9A662A8C299000D891CE /* PBXContainerItemProxy */ = {
			isa = PBXContainerItemProxy;
			containerPortal = A02F58D427A6F14500D3330F /* Project object */;
			proxyType = 1;
			remoteGlobalIDString = A0FE9A5E2A8C299000D891CE;
			remoteInfo = FilterDataProviderExtension;
		};
		A0FE9A772A8C29EF00D891CE /* PBXContainerItemProxy */ = {
			isa = PBXContainerItemProxy;
			containerPortal = A02F58D427A6F14500D3330F /* Project object */;
			proxyType = 1;
			remoteGlobalIDString = A0FE9A6F2A8C29EF00D891CE;
			remoteInfo = FilterControlProviderExtension;
		};
/* End PBXContainerItemProxy section */

/* Begin PBXCopyFilesBuildPhase section */
		A009B5C7296A4F78008DE488 /* Embed Frameworks */ = {
			isa = PBXCopyFilesBuildPhase;
			buildActionMask = 2147483647;
			dstPath = "";
			dstSubfolderSpec = 10;
			files = (
			);
			name = "Embed Frameworks";
			runOnlyForDeploymentPostprocessing = 0;
		};
		A06516F729574C1000227A95 /* Embed ExtensionKit Extensions */ = {
			isa = PBXCopyFilesBuildPhase;
			buildActionMask = 2147483647;
			dstPath = "$(EXTENSIONS_FOLDER_PATH)";
			dstSubfolderSpec = 16;
			files = (
			);
			name = "Embed ExtensionKit Extensions";
			runOnlyForDeploymentPostprocessing = 0;
		};
		A08719F0281A617500113F3F /* Embed Foundation Extensions */ = {
			isa = PBXCopyFilesBuildPhase;
			buildActionMask = 2147483647;
			dstPath = "";
			dstSubfolderSpec = 13;
			files = (
				A0FE9A682A8C299000D891CE /* FilterDataProviderExtension.appex in Embed Foundation Extensions */,
				A04ADFC12A7B5515008700C4 /* SlowdownWidgetExtension.appex in Embed Foundation Extensions */,
				A0FE9A792A8C29EF00D891CE /* FilterControlProviderExtension.appex in Embed Foundation Extensions */,
			);
			name = "Embed Foundation Extensions";
			runOnlyForDeploymentPostprocessing = 0;
		};
		A0E88BDC296A5E4F00E83C18 /* Embed Frameworks */ = {
			isa = PBXCopyFilesBuildPhase;
			buildActionMask = 2147483647;
			dstPath = "";
			dstSubfolderSpec = 10;
			files = (
			);
			name = "Embed Frameworks";
			runOnlyForDeploymentPostprocessing = 0;
		};
/* End PBXCopyFilesBuildPhase section */

/* Begin PBXFileReference section */
		A00A09CB2A7DB76600011260 /* Animation Globals.swift */ = {isa = PBXFileReference; lastKnownFileType = sourcecode.swift; path = "Animation Globals.swift"; sourceTree = "<group>"; };
		A019EBD0297A0D05002A6F94 /* ci_post_xcodebuild.sh */ = {isa = PBXFileReference; lastKnownFileType = text.script.sh; path = ci_post_xcodebuild.sh; sourceTree = "<group>"; };
		A01B059D29850A6300298976 /* Preview Helpers.swift */ = {isa = PBXFileReference; lastKnownFileType = sourcecode.swift; path = "Preview Helpers.swift"; sourceTree = "<group>"; };
		A01BBC9A2A7D7A450027FF75 /* Parachute */ = {isa = PBXFileReference; lastKnownFileType = wrapper; path = Parachute; sourceTree = "<group>"; };
		A024F15829A467D2007B572A /* HealSettings.swift */ = {isa = PBXFileReference; lastKnownFileType = sourcecode.swift; path = HealSettings.swift; sourceTree = "<group>"; };
		A024F15A29A4845B007B572A /* Card.swift */ = {isa = PBXFileReference; lastKnownFileType = sourcecode.swift; path = Card.swift; sourceTree = "<group>"; };
		A02A67A7298820B300FF0B27 /* SpeedBar.swift */ = {isa = PBXFileReference; lastKnownFileType = sourcecode.swift; path = SpeedBar.swift; sourceTree = "<group>"; };
		A02CB59C2A8BCE5D00F3942C /* slowdownDebug.entitlements */ = {isa = PBXFileReference; lastKnownFileType = text.plist.entitlements; path = slowdownDebug.entitlements; sourceTree = "<group>"; };
		A02F58DC27A6F14500D3330F /* slowdown.app */ = {isa = PBXFileReference; explicitFileType = wrapper.application; includeInIndex = 0; path = slowdown.app; sourceTree = BUILT_PRODUCTS_DIR; };
		A02F58DF27A6F14500D3330F /* slowdownApp.swift */ = {isa = PBXFileReference; lastKnownFileType = sourcecode.swift; path = slowdownApp.swift; sourceTree = "<group>"; };
		A02F58E127A6F14500D3330F /* ContentView.swift */ = {isa = PBXFileReference; lastKnownFileType = sourcecode.swift; path = ContentView.swift; sourceTree = "<group>"; };
		A02F58E327A6F14500D3330F /* Assets.xcassets */ = {isa = PBXFileReference; lastKnownFileType = folder.assetcatalog; path = Assets.xcassets; sourceTree = "<group>"; };
		A02F58E627A6F14500D3330F /* Preview Assets.xcassets */ = {isa = PBXFileReference; lastKnownFileType = folder.assetcatalog; path = "Preview Assets.xcassets"; sourceTree = "<group>"; };
		A02F58EC27A6F14600D3330F /* slowdownTests.xctest */ = {isa = PBXFileReference; explicitFileType = wrapper.cfbundle; includeInIndex = 0; path = slowdownTests.xctest; sourceTree = BUILT_PRODUCTS_DIR; };
		A02F58F627A6F14600D3330F /* slowdownUITests.xctest */ = {isa = PBXFileReference; explicitFileType = wrapper.cfbundle; includeInIndex = 0; path = slowdownUITests.xctest; sourceTree = BUILT_PRODUCTS_DIR; };
		A02F58FA27A6F14600D3330F /* slowdownUITests.swift */ = {isa = PBXFileReference; lastKnownFileType = sourcecode.swift; path = slowdownUITests.swift; sourceTree = "<group>"; };
		A02F58FC27A6F14600D3330F /* slowdownUITestsLaunchTests.swift */ = {isa = PBXFileReference; lastKnownFileType = sourcecode.swift; path = slowdownUITestsLaunchTests.swift; sourceTree = "<group>"; };
		A02F590927B09A7A00D3330F /* slowdown.entitlements */ = {isa = PBXFileReference; lastKnownFileType = text.plist.entitlements; path = slowdown.entitlements; sourceTree = "<group>"; };
		A02F590B27B09A7A00D3330F /* NetworkExtension.framework */ = {isa = PBXFileReference; lastKnownFileType = wrapper.framework; name = NetworkExtension.framework; path = System/Library/Frameworks/NetworkExtension.framework; sourceTree = SDKROOT; };
		A0312E2B297D07D300EB0B8A /* Extensions.swift */ = {isa = PBXFileReference; lastKnownFileType = sourcecode.swift; path = Extensions.swift; sourceTree = "<group>"; };
		A0312E2D297F16ED00EB0B8A /* linmapTests.swift */ = {isa = PBXFileReference; lastKnownFileType = sourcecode.swift; path = linmapTests.swift; sourceTree = "<group>"; };
		A04332CB296BA2A400D69210 /* GoogleService-Info.plist */ = {isa = PBXFileReference; fileEncoding = 4; lastKnownFileType = text.plist.xml; path = "GoogleService-Info.plist"; sourceTree = "<group>"; };
		A04ADFAE2A7B5513008700C4 /* SlowdownWidgetExtension.appex */ = {isa = PBXFileReference; explicitFileType = "wrapper.app-extension"; includeInIndex = 0; path = SlowdownWidgetExtension.appex; sourceTree = BUILT_PRODUCTS_DIR; };
		A04ADFAF2A7B5513008700C4 /* WidgetKit.framework */ = {isa = PBXFileReference; lastKnownFileType = wrapper.framework; name = WidgetKit.framework; path = System/Library/Frameworks/WidgetKit.framework; sourceTree = SDKROOT; };
		A04ADFB12A7B5513008700C4 /* SwiftUI.framework */ = {isa = PBXFileReference; lastKnownFileType = wrapper.framework; name = SwiftUI.framework; path = System/Library/Frameworks/SwiftUI.framework; sourceTree = SDKROOT; };
		A04ADFB42A7B5513008700C4 /* SlowdownWidgetBundle.swift */ = {isa = PBXFileReference; lastKnownFileType = sourcecode.swift; path = SlowdownWidgetBundle.swift; sourceTree = "<group>"; };
		A04ADFB62A7B5513008700C4 /* SlowdownWidgetLiveActivity.swift */ = {isa = PBXFileReference; lastKnownFileType = sourcecode.swift; path = SlowdownWidgetLiveActivity.swift; sourceTree = "<group>"; };
		A04ADFB82A7B5513008700C4 /* SlowdownWidget.swift */ = {isa = PBXFileReference; lastKnownFileType = sourcecode.swift; path = SlowdownWidget.swift; sourceTree = "<group>"; };
		A04ADFBA2A7B5513008700C4 /* AppIntent.swift */ = {isa = PBXFileReference; lastKnownFileType = sourcecode.swift; path = AppIntent.swift; sourceTree = "<group>"; };
		A04ADFBC2A7B5515008700C4 /* Assets.xcassets */ = {isa = PBXFileReference; lastKnownFileType = folder.assetcatalog; path = Assets.xcassets; sourceTree = "<group>"; };
		A04ADFBE2A7B5515008700C4 /* Info.plist */ = {isa = PBXFileReference; lastKnownFileType = text.plist.xml; path = Info.plist; sourceTree = "<group>"; };
		A052AE1D29977B3700AB43B7 /* StateUpdater.swift */ = {isa = PBXFileReference; lastKnownFileType = sourcecode.swift; path = StateUpdater.swift; sourceTree = "<group>"; };
		A052AE1F299A900100AB43B7 /* HealButton.swift */ = {isa = PBXFileReference; lastKnownFileType = sourcecode.swift; path = HealButton.swift; sourceTree = "<group>"; };
		A068DCF129A6FA4F0036E9A2 /* Cardable.swift */ = {isa = PBXFileReference; lastKnownFileType = sourcecode.swift; path = Cardable.swift; sourceTree = "<group>"; };
		A068DCF429A6FABC0036E9A2 /* Preset+Cardable.swift */ = {isa = PBXFileReference; lastKnownFileType = sourcecode.swift; path = "Preset+Cardable.swift"; sourceTree = "<group>"; };
		A068DCF629A6FB260036E9A2 /* PauseCard.swift */ = {isa = PBXFileReference; lastKnownFileType = sourcecode.swift; path = PauseCard.swift; sourceTree = "<group>"; };
		A077851E297785670038BB4B /* ci_post_clone.sh */ = {isa = PBXFileReference; lastKnownFileType = text.script.sh; path = ci_post_clone.sh; sourceTree = "<group>"; };
		A077851F29779CB50038BB4B /* Ffi.xcframework */ = {isa = PBXFileReference; lastKnownFileType = wrapper.xcframework; path = Ffi.xcframework; sourceTree = "<group>"; };
		A0790B2A2A74689C00A24338 /* Carousel.swift */ = {isa = PBXFileReference; lastKnownFileType = sourcecode.swift; path = Carousel.swift; sourceTree = "<group>"; };
		A0790B2E2A75611800A24338 /* 2023-07-29-swirl.swift */ = {isa = PBXFileReference; lastKnownFileType = sourcecode.swift; path = "2023-07-29-swirl.swift"; sourceTree = "<group>"; };
		A081F230295B732900863FE3 /* Info.plist */ = {isa = PBXFileReference; lastKnownFileType = text.plist; path = Info.plist; sourceTree = "<group>"; };
		A081F231295BB3D700863FE3 /* SetupView.swift */ = {isa = PBXFileReference; lastKnownFileType = sourcecode.swift; path = SetupView.swift; sourceTree = "<group>"; };
		A081F24D296922F300863FE3 /* StateController.swift */ = {isa = PBXFileReference; lastKnownFileType = sourcecode.swift; path = StateController.swift; sourceTree = "<group>"; };
		A081F24F296A125300863FE3 /* DamageBar.swift */ = {isa = PBXFileReference; lastKnownFileType = sourcecode.swift; path = DamageBar.swift; sourceTree = "<group>"; };
		A08719D5281A4BF900113F3F /* PrimaryButton.swift */ = {isa = PBXFileReference; lastKnownFileType = sourcecode.swift; path = PrimaryButton.swift; sourceTree = "<group>"; };
		A08719D7281A4CE500113F3F /* SplashView.swift */ = {isa = PBXFileReference; lastKnownFileType = sourcecode.swift; path = SplashView.swift; sourceTree = "<group>"; };
		A08719D9281A4E1100113F3F /* AppView.swift */ = {isa = PBXFileReference; lastKnownFileType = sourcecode.swift; path = AppView.swift; sourceTree = "<group>"; };
		A08719DD281A54A900113F3F /* Spinner.swift */ = {isa = PBXFileReference; lastKnownFileType = sourcecode.swift; path = Spinner.swift; sourceTree = "<group>"; };
		A08719E3281A617500113F3F /* tunnel.appex */ = {isa = PBXFileReference; explicitFileType = "wrapper.app-extension"; includeInIndex = 0; path = tunnel.appex; sourceTree = BUILT_PRODUCTS_DIR; };
		A08719E6281A617500113F3F /* PacketTunnelProvider.swift */ = {isa = PBXFileReference; lastKnownFileType = sourcecode.swift; path = PacketTunnelProvider.swift; sourceTree = "<group>"; };
		A08719E8281A617500113F3F /* Info.plist */ = {isa = PBXFileReference; lastKnownFileType = text.plist.xml; path = Info.plist; sourceTree = "<group>"; };
		A08719E9281A617500113F3F /* tunnel.entitlements */ = {isa = PBXFileReference; lastKnownFileType = text.plist.entitlements; path = tunnel.entitlements; sourceTree = "<group>"; };
		A089610F2A7DA22700742B70 /* SlowdownWidgetExtensionDebug.entitlements */ = {isa = PBXFileReference; lastKnownFileType = text.plist.entitlements; path = SlowdownWidgetExtensionDebug.entitlements; sourceTree = "<group>"; };
		A0915BDB2991FB2700874313 /* TunConn.swift */ = {isa = PBXFileReference; lastKnownFileType = sourcecode.swift; path = TunConn.swift; sourceTree = "<group>"; };
		A096625429C8E93C00D2E0A9 /* PresetSelector.swift */ = {isa = PBXFileReference; lastKnownFileType = sourcecode.swift; path = PresetSelector.swift; sourceTree = "<group>"; };
		A096625629C93EFC00D2E0A9 /* ParachutePresetPicker.swift */ = {isa = PBXFileReference; lastKnownFileType = sourcecode.swift; path = ParachutePresetPicker.swift; sourceTree = "<group>"; };
		A0975B432A8325870079FCBD /* QuickBreakIntent.swift */ = {isa = PBXFileReference; lastKnownFileType = sourcecode.swift; path = QuickBreakIntent.swift; sourceTree = "<group>"; };
		A09C59FF29BC26B70077A59B /* PresetContent.swift */ = {isa = PBXFileReference; lastKnownFileType = sourcecode.swift; path = PresetContent.swift; sourceTree = "<group>"; };
		A0E71AB9299DC9D60009B6E4 /* DeviceCallbacks.swift */ = {isa = PBXFileReference; lastKnownFileType = sourcecode.swift; path = DeviceCallbacks.swift; sourceTree = "<group>"; };
		A0EE20AF2A82EBA500F34B98 /* ProxyService */ = {isa = PBXFileReference; lastKnownFileType = wrapper; path = ProxyService; sourceTree = "<group>"; };
		A0F094412A74583500F1C8CB /* UIPlayground.app */ = {isa = PBXFileReference; explicitFileType = wrapper.application; includeInIndex = 0; path = UIPlayground.app; sourceTree = BUILT_PRODUCTS_DIR; };
		A0F094432A74583600F1C8CB /* UIPlaygroundApp.swift */ = {isa = PBXFileReference; lastKnownFileType = sourcecode.swift; path = UIPlaygroundApp.swift; sourceTree = "<group>"; };
		A0F094452A74583600F1C8CB /* ContentView.swift */ = {isa = PBXFileReference; lastKnownFileType = sourcecode.swift; path = ContentView.swift; sourceTree = "<group>"; };
		A0F094472A74583700F1C8CB /* Assets.xcassets */ = {isa = PBXFileReference; lastKnownFileType = folder.assetcatalog; path = Assets.xcassets; sourceTree = "<group>"; };
		A0F0944A2A74583700F1C8CB /* Preview Assets.xcassets */ = {isa = PBXFileReference; lastKnownFileType = folder.assetcatalog; path = "Preview Assets.xcassets"; sourceTree = "<group>"; };
		A0F0944F2A74588700F1C8CB /* 2023-07-28-swirl.swift */ = {isa = PBXFileReference; lastKnownFileType = sourcecode.swift; path = "2023-07-28-swirl.swift"; sourceTree = "<group>"; };
		A0F764DE299DD37C001F9B24 /* ConnectedView.swift */ = {isa = PBXFileReference; lastKnownFileType = sourcecode.swift; path = ConnectedView.swift; sourceTree = "<group>"; };
		A0F764E0299DD491001F9B24 /* DisconnectedView.swift */ = {isa = PBXFileReference; lastKnownFileType = sourcecode.swift; path = DisconnectedView.swift; sourceTree = "<group>"; };
		A0F764EC29A2E0A8001F9B24 /* PresetViewModel.swift */ = {isa = PBXFileReference; lastKnownFileType = sourcecode.swift; path = PresetViewModel.swift; sourceTree = "<group>"; };
		A0F764EE29A3F737001F9B24 /* TimerLockBadge.swift */ = {isa = PBXFileReference; lastKnownFileType = sourcecode.swift; path = TimerLockBadge.swift; sourceTree = "<group>"; };
		A0F98C942A85DAB600D5E88E /* ScrollSessionIntent.swift */ = {isa = PBXFileReference; lastKnownFileType = sourcecode.swift; path = ScrollSessionIntent.swift; sourceTree = "<group>"; };
		A0F98C972A869E4F00D5E88E /* MyIntentError.swift */ = {isa = PBXFileReference; lastKnownFileType = sourcecode.swift; path = MyIntentError.swift; sourceTree = "<group>"; };
		A0F98CA72A86B5A400D5E88E /* SlowdownWidgetView.swift */ = {isa = PBXFileReference; lastKnownFileType = sourcecode.swift; path = SlowdownWidgetView.swift; sourceTree = "<group>"; };
		A0FE9A5F2A8C299000D891CE /* FilterDataProviderExtension.appex */ = {isa = PBXFileReference; explicitFileType = "wrapper.app-extension"; includeInIndex = 0; path = FilterDataProviderExtension.appex; sourceTree = BUILT_PRODUCTS_DIR; };
		A0FE9A622A8C299000D891CE /* FilterDataProvider.swift */ = {isa = PBXFileReference; lastKnownFileType = sourcecode.swift; path = FilterDataProvider.swift; sourceTree = "<group>"; };
		A0FE9A642A8C299000D891CE /* Info.plist */ = {isa = PBXFileReference; lastKnownFileType = text.plist.xml; path = Info.plist; sourceTree = "<group>"; };
		A0FE9A652A8C299000D891CE /* FilterDataProviderExtension.entitlements */ = {isa = PBXFileReference; lastKnownFileType = text.plist.entitlements; path = FilterDataProviderExtension.entitlements; sourceTree = "<group>"; };
		A0FE9A702A8C29EF00D891CE /* FilterControlProviderExtension.appex */ = {isa = PBXFileReference; explicitFileType = "wrapper.app-extension"; includeInIndex = 0; path = FilterControlProviderExtension.appex; sourceTree = BUILT_PRODUCTS_DIR; };
		A0FE9A732A8C29EF00D891CE /* FilterControlProvider.swift */ = {isa = PBXFileReference; lastKnownFileType = sourcecode.swift; path = FilterControlProvider.swift; sourceTree = "<group>"; };
		A0FE9A752A8C29EF00D891CE /* Info.plist */ = {isa = PBXFileReference; lastKnownFileType = text.plist.xml; path = Info.plist; sourceTree = "<group>"; };
		A0FE9A762A8C29EF00D891CE /* FilterControlProviderExtension.entitlements */ = {isa = PBXFileReference; lastKnownFileType = text.plist.entitlements; path = FilterControlProviderExtension.entitlements; sourceTree = "<group>"; };
/* End PBXFileReference section */

/* Begin PBXFrameworksBuildPhase section */
		A02F58D927A6F14500D3330F /* Frameworks */ = {
			isa = PBXFrameworksBuildPhase;
			buildActionMask = 2147483647;
			files = (
				A00AF05129AD006200673B31 /* OrderedCollections in Frameworks */,
				A080EDF6294F9864005401E4 /* Logging in Frameworks */,
				A0717CCD294D260C00186AFE /* SwiftProtobufPluginLibrary in Frameworks */,
				A01AB95E2A7D8015004E87B3 /* Controllers in Frameworks */,
				A02F590C27B09A7A00D3330F /* NetworkExtension.framework in Frameworks */,
				A0A81D5C296B98D800B9E1DD /* FirebaseCrashlytics in Frameworks */,
				A080EDF8294F9868005401E4 /* LoggingOSLog in Frameworks */,
				A0EE20AE2A82E86300F34B98 /* Activities in Frameworks */,
				A0F98C9E2A86B1D600D5E88E /* CommonViews in Frameworks */,
				A056C36E2A819E8F00E4ED9A /* AppViews in Frameworks */,
				A04FAD9C294D60960002C19B /* SwiftProtobuf in Frameworks */,
				A056C36C2A819E8A00E4ED9A /* CommonLoaders in Frameworks */,
				A0016E3D2A787DC400CA9BE6 /* Inject in Frameworks */,
				A01AB95C2A7D8015004E87B3 /* Common in Frameworks */,
			);
			runOnlyForDeploymentPostprocessing = 0;
		};
		A02F58E927A6F14600D3330F /* Frameworks */ = {
			isa = PBXFrameworksBuildPhase;
			buildActionMask = 2147483647;
			files = (
			);
			runOnlyForDeploymentPostprocessing = 0;
		};
		A02F58F327A6F14600D3330F /* Frameworks */ = {
			isa = PBXFrameworksBuildPhase;
			buildActionMask = 2147483647;
			files = (
			);
			runOnlyForDeploymentPostprocessing = 0;
		};
		A04ADFAB2A7B5513008700C4 /* Frameworks */ = {
			isa = PBXFrameworksBuildPhase;
			buildActionMask = 2147483647;
			files = (
				A04ADFB22A7B5513008700C4 /* SwiftUI.framework in Frameworks */,
				A00A09D22A7EEF9100011260 /* LoggingOSLog in Frameworks */,
				A04ADFB02A7B5513008700C4 /* WidgetKit.framework in Frameworks */,
				A00A09D02A7EEF7100011260 /* Logging in Frameworks */,
				A056C36A2A819E7F00E4ED9A /* CommonLoaders in Frameworks */,
				A0EE20AC2A82E84E00F34B98 /* Activities in Frameworks */,
				A0F98CA02A86B1F500D5E88E /* CommonViews in Frameworks */,
				A0975B492A832F380079FCBD /* AppHelpers in Frameworks */,
				A00A09CE2A7EDA7000011260 /* Controllers in Frameworks */,
			);
			runOnlyForDeploymentPostprocessing = 0;
		};
		A08719E0281A617500113F3F /* Frameworks */ = {
			isa = PBXFrameworksBuildPhase;
			buildActionMask = 2147483647;
			files = (
				A0AB50402A84846B002C84FB /* Models in Frameworks */,
				A08719E4281A617500113F3F /* NetworkExtension.framework in Frameworks */,
				A081F23C2967B10F00863FE3 /* SwiftProtobufPluginLibrary in Frameworks */,
				A0975B472A832DA70079FCBD /* AppHelpers in Frameworks */,
				A077852029779CB50038BB4B /* Ffi.xcframework in Frameworks */,
				A0458C0128614D6500CE4CCB /* LoggingOSLog in Frameworks */,
				A089610C2A7D8B3200742B70 /* Common in Frameworks */,
				A089610E2A7D8C5200742B70 /* Server in Frameworks */,
				A04332CA296BA21A00D69210 /* FirebaseCrashlytics in Frameworks */,
				A0458BFA285FB5A300CE4CCB /* Logging in Frameworks */,
				A081F23A2967B10F00863FE3 /* SwiftProtobuf in Frameworks */,
			);
			runOnlyForDeploymentPostprocessing = 0;
		};
		A0F0943E2A74583500F1C8CB /* Frameworks */ = {
			isa = PBXFrameworksBuildPhase;
			buildActionMask = 2147483647;
			files = (
				A0016E3F2A787DD600CA9BE6 /* Inject in Frameworks */,
			);
			runOnlyForDeploymentPostprocessing = 0;
		};
		A0FE9A5C2A8C299000D891CE /* Frameworks */ = {
			isa = PBXFrameworksBuildPhase;
			buildActionMask = 2147483647;
			files = (
				A0C1F7B02A8C400100934A8D /* FilterData in Frameworks */,
				A0FE9A602A8C299000D891CE /* NetworkExtension.framework in Frameworks */,
			);
			runOnlyForDeploymentPostprocessing = 0;
		};
		A0FE9A6D2A8C29EF00D891CE /* Frameworks */ = {
			isa = PBXFrameworksBuildPhase;
			buildActionMask = 2147483647;
			files = (
				A0FE9A712A8C29EF00D891CE /* NetworkExtension.framework in Frameworks */,
			);
			runOnlyForDeploymentPostprocessing = 0;
		};
/* End PBXFrameworksBuildPhase section */

/* Begin PBXGroup section */
		A02A67A92989605F00FF0B27 /* Progressive */ = {
			isa = PBXGroup;
			children = (
				A081F24F296A125300863FE3 /* DamageBar.swift */,
				A02A67A7298820B300FF0B27 /* SpeedBar.swift */,
				A052AE1F299A900100AB43B7 /* HealButton.swift */,
				A0F764EC29A2E0A8001F9B24 /* PresetViewModel.swift */,
				A0F764EE29A3F737001F9B24 /* TimerLockBadge.swift */,
				A024F15829A467D2007B572A /* HealSettings.swift */,
			);
			path = Progressive;
			sourceTree = "<group>";
		};
		A02F58D327A6F14500D3330F = {
			isa = PBXGroup;
			children = (
				A02CB59C2A8BCE5D00F3942C /* slowdownDebug.entitlements */,
				A0F98CA62A86B58900D5E88E /* SlowdownWidgetView */,
				A0975B4A2A84488D0079FCBD /* App Intent */,
				A0EE20AF2A82EBA500F34B98 /* ProxyService */,
				A089610F2A7DA22700742B70 /* SlowdownWidgetExtensionDebug.entitlements */,
				A01BBC9A2A7D7A450027FF75 /* Parachute */,
				A077851D297785490038BB4B /* ci_scripts */,
				A02F58DE27A6F14500D3330F /* ParachuteApp */,
				A02F58EF27A6F14600D3330F /* ParachuteAppTests */,
				A02F58F927A6F14600D3330F /* ParachuteAppUITests */,
				A08719E5281A617500113F3F /* tunnel */,
				A0F094422A74583600F1C8CB /* UIPlayground */,
				A04ADFB32A7B5513008700C4 /* SlowdownWidget */,
				A0FE9A612A8C299000D891CE /* FilterDataProviderExtension */,
				A0FE9A722A8C29EF00D891CE /* FilterControlProviderExtension */,
				A02F58DD27A6F14500D3330F /* Products */,
				A02F590A27B09A7A00D3330F /* Frameworks */,
			);
			sourceTree = "<group>";
		};
		A02F58DD27A6F14500D3330F /* Products */ = {
			isa = PBXGroup;
			children = (
				A02F58DC27A6F14500D3330F /* slowdown.app */,
				A02F58EC27A6F14600D3330F /* slowdownTests.xctest */,
				A02F58F627A6F14600D3330F /* slowdownUITests.xctest */,
				A08719E3281A617500113F3F /* tunnel.appex */,
				A0F094412A74583500F1C8CB /* UIPlayground.app */,
				A04ADFAE2A7B5513008700C4 /* SlowdownWidgetExtension.appex */,
				A0FE9A5F2A8C299000D891CE /* FilterDataProviderExtension.appex */,
				A0FE9A702A8C29EF00D891CE /* FilterControlProviderExtension.appex */,
			);
			name = Products;
			sourceTree = "<group>";
		};
		A02F58DE27A6F14500D3330F /* ParachuteApp */ = {
			isa = PBXGroup;
			children = (
				A01B059D29850A6300298976 /* Preview Helpers.swift */,
				A04332CB296BA2A400D69210 /* GoogleService-Info.plist */,
				A081F2492967CB5C00863FE3 /* AppView */,
				A081F230295B732900863FE3 /* Info.plist */,
				A06516E52956A08F00227A95 /* elements */,
				A02F590927B09A7A00D3330F /* slowdown.entitlements */,
				A02F58DF27A6F14500D3330F /* slowdownApp.swift */,
				A02F58E127A6F14500D3330F /* ContentView.swift */,
				A02F58E327A6F14500D3330F /* Assets.xcassets */,
				A02F58E527A6F14500D3330F /* Preview Content */,
				A08719D7281A4CE500113F3F /* SplashView.swift */,
				A081F231295BB3D700863FE3 /* SetupView.swift */,
				A081F24C2967DA3C00863FE3 /* Controllers */,
				A0312E2B297D07D300EB0B8A /* Extensions.swift */,
				A00A09CB2A7DB76600011260 /* Animation Globals.swift */,
			);
			path = ParachuteApp;
			sourceTree = "<group>";
		};
		A02F58E527A6F14500D3330F /* Preview Content */ = {
			isa = PBXGroup;
			children = (
				A02F58E627A6F14500D3330F /* Preview Assets.xcassets */,
			);
			path = "Preview Content";
			sourceTree = "<group>";
		};
		A02F58EF27A6F14600D3330F /* ParachuteAppTests */ = {
			isa = PBXGroup;
			children = (
				A0312E2D297F16ED00EB0B8A /* linmapTests.swift */,
			);
			path = ParachuteAppTests;
			sourceTree = "<group>";
		};
		A02F58F927A6F14600D3330F /* ParachuteAppUITests */ = {
			isa = PBXGroup;
			children = (
				A02F58FA27A6F14600D3330F /* slowdownUITests.swift */,
				A02F58FC27A6F14600D3330F /* slowdownUITestsLaunchTests.swift */,
			);
			path = ParachuteAppUITests;
			sourceTree = "<group>";
		};
		A02F590A27B09A7A00D3330F /* Frameworks */ = {
			isa = PBXGroup;
			children = (
				A02F590B27B09A7A00D3330F /* NetworkExtension.framework */,
				A04ADFAF2A7B5513008700C4 /* WidgetKit.framework */,
				A04ADFB12A7B5513008700C4 /* SwiftUI.framework */,
			);
			name = Frameworks;
			sourceTree = "<group>";
		};
		A04ADFB32A7B5513008700C4 /* SlowdownWidget */ = {
			isa = PBXGroup;
			children = (
				A04ADFB42A7B5513008700C4 /* SlowdownWidgetBundle.swift */,
				A04ADFB62A7B5513008700C4 /* SlowdownWidgetLiveActivity.swift */,
				A04ADFB82A7B5513008700C4 /* SlowdownWidget.swift */,
				A04ADFBA2A7B5513008700C4 /* AppIntent.swift */,
				A04ADFBC2A7B5515008700C4 /* Assets.xcassets */,
				A04ADFBE2A7B5515008700C4 /* Info.plist */,
			);
			path = SlowdownWidget;
			sourceTree = "<group>";
		};
		A06516E52956A08F00227A95 /* elements */ = {
			isa = PBXGroup;
			children = (
				A08719D5281A4BF900113F3F /* PrimaryButton.swift */,
				A08719DD281A54A900113F3F /* Spinner.swift */,
			);
			path = elements;
			sourceTree = "<group>";
		};
		A068DCF329A6FA900036E9A2 /* Cards */ = {
			isa = PBXGroup;
			children = (
				A024F15A29A4845B007B572A /* Card.swift */,
				A068DCF129A6FA4F0036E9A2 /* Cardable.swift */,
				A068DCF429A6FABC0036E9A2 /* Preset+Cardable.swift */,
				A068DCF629A6FB260036E9A2 /* PauseCard.swift */,
			);
			path = Cards;
			sourceTree = "<group>";
		};
		A077851D297785490038BB4B /* ci_scripts */ = {
			isa = PBXGroup;
			children = (
				A077851F29779CB50038BB4B /* Ffi.xcframework */,
				A077851E297785670038BB4B /* ci_post_clone.sh */,
				A019EBD0297A0D05002A6F94 /* ci_post_xcodebuild.sh */,
			);
			path = ci_scripts;
			sourceTree = "<group>";
		};
		A081F2492967CB5C00863FE3 /* AppView */ = {
			isa = PBXGroup;
			children = (
				A068DCF329A6FA900036E9A2 /* Cards */,
				A02A67A92989605F00FF0B27 /* Progressive */,
				A08719D9281A4E1100113F3F /* AppView.swift */,
				A0F764DE299DD37C001F9B24 /* ConnectedView.swift */,
				A0F764E0299DD491001F9B24 /* DisconnectedView.swift */,
				A09C59FF29BC26B70077A59B /* PresetContent.swift */,
				A096625429C8E93C00D2E0A9 /* PresetSelector.swift */,
				A096625629C93EFC00D2E0A9 /* ParachutePresetPicker.swift */,
			);
			path = AppView;
			sourceTree = "<group>";
		};
		A081F24C2967DA3C00863FE3 /* Controllers */ = {
			isa = PBXGroup;
			children = (
				A081F24D296922F300863FE3 /* StateController.swift */,
				A052AE1D29977B3700AB43B7 /* StateUpdater.swift */,
			);
			path = Controllers;
			sourceTree = "<group>";
		};
		A08719E5281A617500113F3F /* tunnel */ = {
			isa = PBXGroup;
			children = (
				A08719E6281A617500113F3F /* PacketTunnelProvider.swift */,
				A08719E8281A617500113F3F /* Info.plist */,
				A08719E9281A617500113F3F /* tunnel.entitlements */,
				A0915BDB2991FB2700874313 /* TunConn.swift */,
				A0E71AB9299DC9D60009B6E4 /* DeviceCallbacks.swift */,
			);
			path = tunnel;
			sourceTree = "<group>";
		};
		A0975B4A2A84488D0079FCBD /* App Intent */ = {
			isa = PBXGroup;
			children = (
				A0975B432A8325870079FCBD /* QuickBreakIntent.swift */,
				A0F98C942A85DAB600D5E88E /* ScrollSessionIntent.swift */,
				A0F98C972A869E4F00D5E88E /* MyIntentError.swift */,
			);
			path = "App Intent";
			sourceTree = "<group>";
		};
		A0F094422A74583600F1C8CB /* UIPlayground */ = {
			isa = PBXGroup;
			children = (
				A0F094432A74583600F1C8CB /* UIPlaygroundApp.swift */,
				A0F094452A74583600F1C8CB /* ContentView.swift */,
				A0F094472A74583700F1C8CB /* Assets.xcassets */,
				A0F094492A74583700F1C8CB /* Preview Content */,
				A0F0944F2A74588700F1C8CB /* 2023-07-28-swirl.swift */,
				A0790B2E2A75611800A24338 /* 2023-07-29-swirl.swift */,
				A0790B2A2A74689C00A24338 /* Carousel.swift */,
			);
			path = UIPlayground;
			sourceTree = "<group>";
		};
		A0F094492A74583700F1C8CB /* Preview Content */ = {
			isa = PBXGroup;
			children = (
				A0F0944A2A74583700F1C8CB /* Preview Assets.xcassets */,
			);
			path = "Preview Content";
			sourceTree = "<group>";
		};
		A0F98CA62A86B58900D5E88E /* SlowdownWidgetView */ = {
			isa = PBXGroup;
			children = (
				A0F98CA72A86B5A400D5E88E /* SlowdownWidgetView.swift */,
			);
			path = SlowdownWidgetView;
			sourceTree = "<group>";
		};
		A0FE9A612A8C299000D891CE /* FilterDataProviderExtension */ = {
			isa = PBXGroup;
			children = (
				A0FE9A622A8C299000D891CE /* FilterDataProvider.swift */,
				A0FE9A642A8C299000D891CE /* Info.plist */,
				A0FE9A652A8C299000D891CE /* FilterDataProviderExtension.entitlements */,
			);
			path = FilterDataProviderExtension;
			sourceTree = "<group>";
		};
		A0FE9A722A8C29EF00D891CE /* FilterControlProviderExtension */ = {
			isa = PBXGroup;
			children = (
				A0FE9A732A8C29EF00D891CE /* FilterControlProvider.swift */,
				A0FE9A752A8C29EF00D891CE /* Info.plist */,
				A0FE9A762A8C29EF00D891CE /* FilterControlProviderExtension.entitlements */,
			);
			path = FilterControlProviderExtension;
			sourceTree = "<group>";
		};
/* End PBXGroup section */

/* Begin PBXNativeTarget section */
		A02F58DB27A6F14500D3330F /* slowdown */ = {
			isa = PBXNativeTarget;
			buildConfigurationList = A02F590027A6F14600D3330F /* Build configuration list for PBXNativeTarget "slowdown" */;
			buildPhases = (
				A02F58D827A6F14500D3330F /* Sources */,
				A02F58D927A6F14500D3330F /* Frameworks */,
				A02F58DA27A6F14500D3330F /* Resources */,
				A08719F0281A617500113F3F /* Embed Foundation Extensions */,
				A06516F729574C1000227A95 /* Embed ExtensionKit Extensions */,
				A009B5C7296A4F78008DE488 /* Embed Frameworks */,
				A0A81D5D296B9A8000B9E1DD /* ShellScript */,
			);
			buildRules = (
			);
			dependencies = (
				A04ADFC02A7B5515008700C4 /* PBXTargetDependency */,
				A0FE9A672A8C299000D891CE /* PBXTargetDependency */,
				A0FE9A782A8C29EF00D891CE /* PBXTargetDependency */,
			);
			name = slowdown;
			packageProductDependencies = (
				A0717CCC294D260C00186AFE /* SwiftProtobufPluginLibrary */,
				A04FAD9B294D60960002C19B /* SwiftProtobuf */,
				A080EDF5294F9864005401E4 /* Logging */,
				A080EDF7294F9868005401E4 /* LoggingOSLog */,
				A0A81D5B296B98D800B9E1DD /* FirebaseCrashlytics */,
				A00AF05029AD006200673B31 /* OrderedCollections */,
				A0016E3C2A787DC400CA9BE6 /* Inject */,
				A01AB95B2A7D8015004E87B3 /* Common */,
				A01AB95D2A7D8015004E87B3 /* Controllers */,
				A056C36B2A819E8A00E4ED9A /* CommonLoaders */,
				A056C36D2A819E8F00E4ED9A /* AppViews */,
				A0EE20AD2A82E86300F34B98 /* Activities */,
				A0F98C9D2A86B1D600D5E88E /* CommonViews */,
			);
			productName = slowdown;
			productReference = A02F58DC27A6F14500D3330F /* slowdown.app */;
			productType = "com.apple.product-type.application";
		};
		A02F58EB27A6F14600D3330F /* slowdownTests */ = {
			isa = PBXNativeTarget;
			buildConfigurationList = A02F590327A6F14600D3330F /* Build configuration list for PBXNativeTarget "slowdownTests" */;
			buildPhases = (
				A02F58E827A6F14600D3330F /* Sources */,
				A02F58E927A6F14600D3330F /* Frameworks */,
				A02F58EA27A6F14600D3330F /* Resources */,
			);
			buildRules = (
			);
			dependencies = (
				A02F58EE27A6F14600D3330F /* PBXTargetDependency */,
			);
			name = slowdownTests;
			packageProductDependencies = (
			);
			productName = slowdownTests;
			productReference = A02F58EC27A6F14600D3330F /* slowdownTests.xctest */;
			productType = "com.apple.product-type.bundle.unit-test";
		};
		A02F58F527A6F14600D3330F /* slowdownUITests */ = {
			isa = PBXNativeTarget;
			buildConfigurationList = A02F590627A6F14600D3330F /* Build configuration list for PBXNativeTarget "slowdownUITests" */;
			buildPhases = (
				A02F58F227A6F14600D3330F /* Sources */,
				A02F58F327A6F14600D3330F /* Frameworks */,
				A02F58F427A6F14600D3330F /* Resources */,
			);
			buildRules = (
			);
			dependencies = (
				A02F58F827A6F14600D3330F /* PBXTargetDependency */,
			);
			name = slowdownUITests;
			productName = slowdownUITests;
			productReference = A02F58F627A6F14600D3330F /* slowdownUITests.xctest */;
			productType = "com.apple.product-type.bundle.ui-testing";
		};
		A04ADFAD2A7B5513008700C4 /* SlowdownWidgetExtension */ = {
			isa = PBXNativeTarget;
			buildConfigurationList = A04ADFC22A7B5515008700C4 /* Build configuration list for PBXNativeTarget "SlowdownWidgetExtension" */;
			buildPhases = (
				A04ADFAA2A7B5513008700C4 /* Sources */,
				A04ADFAB2A7B5513008700C4 /* Frameworks */,
				A04ADFAC2A7B5513008700C4 /* Resources */,
			);
			buildRules = (
			);
			dependencies = (
			);
			name = SlowdownWidgetExtension;
			packageProductDependencies = (
				A00A09CD2A7EDA7000011260 /* Controllers */,
				A00A09CF2A7EEF7100011260 /* Logging */,
				A00A09D12A7EEF9100011260 /* LoggingOSLog */,
				A056C3692A819E7F00E4ED9A /* CommonLoaders */,
				A0EE20AB2A82E84E00F34B98 /* Activities */,
				A0975B482A832F380079FCBD /* AppHelpers */,
				A0F98C9F2A86B1F500D5E88E /* CommonViews */,
			);
			productName = SlowdownWidgetExtension;
			productReference = A04ADFAE2A7B5513008700C4 /* SlowdownWidgetExtension.appex */;
			productType = "com.apple.product-type.app-extension";
		};
		A08719E2281A617500113F3F /* tunnel */ = {
			isa = PBXNativeTarget;
			buildConfigurationList = A08719ED281A617500113F3F /* Build configuration list for PBXNativeTarget "tunnel" */;
			buildPhases = (
				A08719DF281A617500113F3F /* Sources */,
				A08719E0281A617500113F3F /* Frameworks */,
				A08719E1281A617500113F3F /* Resources */,
				A0E88BDC296A5E4F00E83C18 /* Embed Frameworks */,
				A04332C1296BA04800D69210 /* Run Script */,
			);
			buildRules = (
			);
			dependencies = (
			);
			name = tunnel;
			packageProductDependencies = (
				A0458BF9285FB5A300CE4CCB /* Logging */,
				A0458C0028614D6500CE4CCB /* LoggingOSLog */,
				A081F2392967B10F00863FE3 /* SwiftProtobuf */,
				A081F23B2967B10F00863FE3 /* SwiftProtobufPluginLibrary */,
				A04332C9296BA21A00D69210 /* FirebaseCrashlytics */,
				A089610B2A7D8B3200742B70 /* Common */,
				A089610D2A7D8C5200742B70 /* Server */,
				A0975B462A832DA70079FCBD /* AppHelpers */,
				A0AB503F2A84846B002C84FB /* Models */,
			);
			productName = tunnel;
			productReference = A08719E3281A617500113F3F /* tunnel.appex */;
			productType = "com.apple.product-type.app-extension";
		};
		A0F094402A74583500F1C8CB /* UIPlayground */ = {
			isa = PBXNativeTarget;
			buildConfigurationList = A0F0944C2A74583700F1C8CB /* Build configuration list for PBXNativeTarget "UIPlayground" */;
			buildPhases = (
				A0F0943D2A74583500F1C8CB /* Sources */,
				A0F0943E2A74583500F1C8CB /* Frameworks */,
				A0F0943F2A74583500F1C8CB /* Resources */,
			);
			buildRules = (
			);
			dependencies = (
			);
			name = UIPlayground;
			packageProductDependencies = (
				A0016E3E2A787DD600CA9BE6 /* Inject */,
			);
			productName = UIPlayground;
			productReference = A0F094412A74583500F1C8CB /* UIPlayground.app */;
			productType = "com.apple.product-type.application";
		};
		A0FE9A5E2A8C299000D891CE /* FilterDataProviderExtension */ = {
			isa = PBXNativeTarget;
			buildConfigurationList = A0FE9A692A8C299000D891CE /* Build configuration list for PBXNativeTarget "FilterDataProviderExtension" */;
			buildPhases = (
				A0FE9A5B2A8C299000D891CE /* Sources */,
				A0FE9A5C2A8C299000D891CE /* Frameworks */,
				A0FE9A5D2A8C299000D891CE /* Resources */,
			);
			buildRules = (
			);
			dependencies = (
			);
			name = FilterDataProviderExtension;
			packageProductDependencies = (
				A0C1F7AF2A8C400100934A8D /* FilterData */,
			);
			productName = FilterDataProviderExtension;
			productReference = A0FE9A5F2A8C299000D891CE /* FilterDataProviderExtension.appex */;
			productType = "com.apple.product-type.app-extension";
		};
		A0FE9A6F2A8C29EF00D891CE /* FilterControlProviderExtension */ = {
			isa = PBXNativeTarget;
			buildConfigurationList = A0FE9A7A2A8C29EF00D891CE /* Build configuration list for PBXNativeTarget "FilterControlProviderExtension" */;
			buildPhases = (
				A0FE9A6C2A8C29EF00D891CE /* Sources */,
				A0FE9A6D2A8C29EF00D891CE /* Frameworks */,
				A0FE9A6E2A8C29EF00D891CE /* Resources */,
			);
			buildRules = (
			);
			dependencies = (
			);
			name = FilterControlProviderExtension;
			packageProductDependencies = (
			);
			productName = FilterControlProviderExtension;
			productReference = A0FE9A702A8C29EF00D891CE /* FilterControlProviderExtension.appex */;
			productType = "com.apple.product-type.app-extension";
		};
/* End PBXNativeTarget section */

/* Begin PBXProject section */
		A02F58D427A6F14500D3330F /* Project object */ = {
			isa = PBXProject;
			attributes = {
				BuildIndependentTargetsInParallel = 1;
				LastSwiftUpdateCheck = 1500;
				LastUpgradeCheck = 1410;
				TargetAttributes = {
					A02F58DB27A6F14500D3330F = {
						CreatedOnToolsVersion = 13.2.1;
					};
					A02F58EB27A6F14600D3330F = {
						CreatedOnToolsVersion = 13.2.1;
						TestTargetID = A02F58DB27A6F14500D3330F;
					};
					A02F58F527A6F14600D3330F = {
						CreatedOnToolsVersion = 13.2.1;
						TestTargetID = A02F58DB27A6F14500D3330F;
					};
					A04ADFAD2A7B5513008700C4 = {
						CreatedOnToolsVersion = 15.0;
					};
					A08719E2281A617500113F3F = {
						CreatedOnToolsVersion = 13.3.1;
					};
					A0F094402A74583500F1C8CB = {
						CreatedOnToolsVersion = 14.3.1;
					};
					A0FE9A5E2A8C299000D891CE = {
						CreatedOnToolsVersion = 15.0;
					};
					A0FE9A6F2A8C29EF00D891CE = {
						CreatedOnToolsVersion = 15.0;
					};
				};
			};
			buildConfigurationList = A02F58D727A6F14500D3330F /* Build configuration list for PBXProject "slowdown" */;
			compatibilityVersion = "Xcode 13.0";
			developmentRegion = en;
			hasScannedForEncodings = 0;
			knownRegions = (
				en,
				Base,
			);
			mainGroup = A02F58D327A6F14500D3330F;
			packageReferences = (
				A0458BF8285FB5A300CE4CCB /* XCRemoteSwiftPackageReference "swift-log" */,
				A0458BFF28614D6500CE4CCB /* XCRemoteSwiftPackageReference "swift-log-oslog" */,
				A0717CC9294D260C00186AFE /* XCRemoteSwiftPackageReference "swift-protobuf" */,
				A0A81D5A296B98D800B9E1DD /* XCRemoteSwiftPackageReference "firebase-ios-sdk" */,
				A00AF04F29AD006200673B31 /* XCRemoteSwiftPackageReference "swift-collections" */,
				A0016E3B2A787DC400CA9BE6 /* XCRemoteSwiftPackageReference "Inject" */,
			);
			productRefGroup = A02F58DD27A6F14500D3330F /* Products */;
			projectDirPath = "";
			projectRoot = "";
			targets = (
				A02F58DB27A6F14500D3330F /* slowdown */,
				A02F58EB27A6F14600D3330F /* slowdownTests */,
				A02F58F527A6F14600D3330F /* slowdownUITests */,
				A08719E2281A617500113F3F /* tunnel */,
				A0F094402A74583500F1C8CB /* UIPlayground */,
				A04ADFAD2A7B5513008700C4 /* SlowdownWidgetExtension */,
				A0FE9A5E2A8C299000D891CE /* FilterDataProviderExtension */,
				A0FE9A6F2A8C29EF00D891CE /* FilterControlProviderExtension */,
			);
		};
/* End PBXProject section */

/* Begin PBXResourcesBuildPhase section */
		A02F58DA27A6F14500D3330F /* Resources */ = {
			isa = PBXResourcesBuildPhase;
			buildActionMask = 2147483647;
			files = (
				A02F58E727A6F14500D3330F /* Preview Assets.xcassets in Resources */,
				A02F58E427A6F14500D3330F /* Assets.xcassets in Resources */,
				A04332CC296BA2A400D69210 /* GoogleService-Info.plist in Resources */,
			);
			runOnlyForDeploymentPostprocessing = 0;
		};
		A02F58EA27A6F14600D3330F /* Resources */ = {
			isa = PBXResourcesBuildPhase;
			buildActionMask = 2147483647;
			files = (
			);
			runOnlyForDeploymentPostprocessing = 0;
		};
		A02F58F427A6F14600D3330F /* Resources */ = {
			isa = PBXResourcesBuildPhase;
			buildActionMask = 2147483647;
			files = (
			);
			runOnlyForDeploymentPostprocessing = 0;
		};
		A04ADFAC2A7B5513008700C4 /* Resources */ = {
			isa = PBXResourcesBuildPhase;
			buildActionMask = 2147483647;
			files = (
				A085C32F2A8734D4002F84E4 /* Assets.xcassets in Resources */,
				A04ADFBD2A7B5515008700C4 /* Assets.xcassets in Resources */,
			);
			runOnlyForDeploymentPostprocessing = 0;
		};
		A08719E1281A617500113F3F /* Resources */ = {
			isa = PBXResourcesBuildPhase;
			buildActionMask = 2147483647;
			files = (
				A04332CD296BA2A400D69210 /* GoogleService-Info.plist in Resources */,
			);
			runOnlyForDeploymentPostprocessing = 0;
		};
		A0F0943F2A74583500F1C8CB /* Resources */ = {
			isa = PBXResourcesBuildPhase;
			buildActionMask = 2147483647;
			files = (
				A0F0944B2A74583700F1C8CB /* Preview Assets.xcassets in Resources */,
				A0F094482A74583700F1C8CB /* Assets.xcassets in Resources */,
			);
			runOnlyForDeploymentPostprocessing = 0;
		};
		A0FE9A5D2A8C299000D891CE /* Resources */ = {
			isa = PBXResourcesBuildPhase;
			buildActionMask = 2147483647;
			files = (
			);
			runOnlyForDeploymentPostprocessing = 0;
		};
		A0FE9A6E2A8C29EF00D891CE /* Resources */ = {
			isa = PBXResourcesBuildPhase;
			buildActionMask = 2147483647;
			files = (
			);
			runOnlyForDeploymentPostprocessing = 0;
		};
/* End PBXResourcesBuildPhase section */

/* Begin PBXShellScriptBuildPhase section */
		A04332C1296BA04800D69210 /* Run Script */ = {
			isa = PBXShellScriptBuildPhase;
			alwaysOutOfDate = 1;
			buildActionMask = 2147483647;
			files = (
			);
			inputFileListPaths = (
			);
			inputPaths = (
				"${DWARF_DSYM_FOLDER_PATH}/${DWARF_DSYM_FILE_NAME}/Contents/Resources/DWARF/${TARGET_NAME}\n",
				"$(SRCROOT)/$(BUILT_PRODUCTS_DIR)/$(INFOPLIST_PATH)",
			);
			name = "Run Script";
			outputFileListPaths = (
			);
			outputPaths = (
			);
			runOnlyForDeploymentPostprocessing = 0;
			shellPath = /bin/sh;
			shellScript = "# Type a script or drag a script file from your workspace to insert its path.\n\"${BUILD_DIR%/Build/*}/SourcePackages/checkouts/firebase-ios-sdk/Crashlytics/run\"\n";
		};
		A0A81D5D296B9A8000B9E1DD /* ShellScript */ = {
			isa = PBXShellScriptBuildPhase;
			alwaysOutOfDate = 1;
			buildActionMask = 2147483647;
			files = (
			);
			inputFileListPaths = (
			);
			inputPaths = (
				"${DWARF_DSYM_FOLDER_PATH}/${DWARF_DSYM_FILE_NAME}/Contents/Resources/DWARF/${TARGET_NAME}\n",
				"$(SRCROOT)/$(BUILT_PRODUCTS_DIR)/$(INFOPLIST_PATH)\n",
			);
			outputFileListPaths = (
			);
			outputPaths = (
			);
			runOnlyForDeploymentPostprocessing = 0;
			shellPath = /bin/sh;
			shellScript = "# Type a script or drag a script file from your workspace to insert its path.\n\"${BUILD_DIR%/Build/*}/SourcePackages/checkouts/firebase-ios-sdk/Crashlytics/run\"\n";
		};
/* End PBXShellScriptBuildPhase section */

/* Begin PBXSourcesBuildPhase section */
		A02F58D827A6F14500D3330F /* Sources */ = {
			isa = PBXSourcesBuildPhase;
			buildActionMask = 2147483647;
			files = (
				A0312E2C297D07D300EB0B8A /* Extensions.swift in Sources */,
				A09C5A0029BC26B70077A59B /* PresetContent.swift in Sources */,
				A02A67A8298820B300FF0B27 /* SpeedBar.swift in Sources */,
				A0F764DF299DD37C001F9B24 /* ConnectedView.swift in Sources */,
				A0F98CA82A86B5A400D5E88E /* SlowdownWidgetView.swift in Sources */,
				A068DCF229A6FA4F0036E9A2 /* Cardable.swift in Sources */,
				A096625529C8E93C00D2E0A9 /* PresetSelector.swift in Sources */,
				A08719D6281A4BF900113F3F /* PrimaryButton.swift in Sources */,
				A08719D8281A4CE500113F3F /* SplashView.swift in Sources */,
				A0F764EF29A3F737001F9B24 /* TimerLockBadge.swift in Sources */,
				A02F58E227A6F14500D3330F /* ContentView.swift in Sources */,
				A00A09CC2A7DB76600011260 /* Animation Globals.swift in Sources */,
				A081F24E296922F300863FE3 /* StateController.swift in Sources */,
				A068DCF729A6FB260036E9A2 /* PauseCard.swift in Sources */,
				A068DCF529A6FABC0036E9A2 /* Preset+Cardable.swift in Sources */,
				A096625729C93EFC00D2E0A9 /* ParachutePresetPicker.swift in Sources */,
				A0F98C952A85DAB600D5E88E /* ScrollSessionIntent.swift in Sources */,
				A081F250296A125300863FE3 /* DamageBar.swift in Sources */,
				A08719DE281A54A900113F3F /* Spinner.swift in Sources */,
				A052AE1E29977B3700AB43B7 /* StateUpdater.swift in Sources */,
				A024F15929A467D2007B572A /* HealSettings.swift in Sources */,
				A0975B4B2A8448DD0079FCBD /* QuickBreakIntent.swift in Sources */,
				A081F232295BB3D700863FE3 /* SetupView.swift in Sources */,
				A08719DA281A4E1100113F3F /* AppView.swift in Sources */,
				A01B059E29850A6300298976 /* Preview Helpers.swift in Sources */,
				A0F764ED29A2E0A8001F9B24 /* PresetViewModel.swift in Sources */,
				A024F15B29A4845B007B572A /* Card.swift in Sources */,
				A02F58E027A6F14500D3330F /* slowdownApp.swift in Sources */,
				A0F764E1299DD491001F9B24 /* DisconnectedView.swift in Sources */,
				A0F98C982A869E4F00D5E88E /* MyIntentError.swift in Sources */,
				A052AE20299A900100AB43B7 /* HealButton.swift in Sources */,
			);
			runOnlyForDeploymentPostprocessing = 0;
		};
		A02F58E827A6F14600D3330F /* Sources */ = {
			isa = PBXSourcesBuildPhase;
			buildActionMask = 2147483647;
			files = (
				A0312E2E297F16ED00EB0B8A /* linmapTests.swift in Sources */,
			);
			runOnlyForDeploymentPostprocessing = 0;
		};
		A02F58F227A6F14600D3330F /* Sources */ = {
			isa = PBXSourcesBuildPhase;
			buildActionMask = 2147483647;
			files = (
				A02F58FD27A6F14600D3330F /* slowdownUITestsLaunchTests.swift in Sources */,
				A02F58FB27A6F14600D3330F /* slowdownUITests.swift in Sources */,
			);
			runOnlyForDeploymentPostprocessing = 0;
		};
		A04ADFAA2A7B5513008700C4 /* Sources */ = {
			isa = PBXSourcesBuildPhase;
			buildActionMask = 2147483647;
			files = (
				A04ADFB72A7B5513008700C4 /* SlowdownWidgetLiveActivity.swift in Sources */,
				A0975B452A83261D0079FCBD /* QuickBreakIntent.swift in Sources */,
				A04ADFBB2A7B5513008700C4 /* AppIntent.swift in Sources */,
				A04ADFB92A7B5513008700C4 /* SlowdownWidget.swift in Sources */,
				A04ADFB52A7B5513008700C4 /* SlowdownWidgetBundle.swift in Sources */,
				A0F98C992A869E4F00D5E88E /* MyIntentError.swift in Sources */,
				A0F98C962A85DAB600D5E88E /* ScrollSessionIntent.swift in Sources */,
				A0F98CA92A86B5A400D5E88E /* SlowdownWidgetView.swift in Sources */,
			);
			runOnlyForDeploymentPostprocessing = 0;
		};
		A08719DF281A617500113F3F /* Sources */ = {
			isa = PBXSourcesBuildPhase;
			buildActionMask = 2147483647;
			files = (
				A0E71ABA299DC9D60009B6E4 /* DeviceCallbacks.swift in Sources */,
				A08719E7281A617500113F3F /* PacketTunnelProvider.swift in Sources */,
				A0915BDC2991FB2700874313 /* TunConn.swift in Sources */,
			);
			runOnlyForDeploymentPostprocessing = 0;
		};
		A0F0943D2A74583500F1C8CB /* Sources */ = {
			isa = PBXSourcesBuildPhase;
			buildActionMask = 2147483647;
			files = (
				A0F094502A74588800F1C8CB /* 2023-07-28-swirl.swift in Sources */,
				A0F094462A74583600F1C8CB /* ContentView.swift in Sources */,
				A0790B2F2A75611800A24338 /* 2023-07-29-swirl.swift in Sources */,
				A0F094442A74583600F1C8CB /* UIPlaygroundApp.swift in Sources */,
				A0790B2B2A74689C00A24338 /* Carousel.swift in Sources */,
			);
			runOnlyForDeploymentPostprocessing = 0;
		};
		A0FE9A5B2A8C299000D891CE /* Sources */ = {
			isa = PBXSourcesBuildPhase;
			buildActionMask = 2147483647;
			files = (
				A0FE9A632A8C299000D891CE /* FilterDataProvider.swift in Sources */,
			);
			runOnlyForDeploymentPostprocessing = 0;
		};
		A0FE9A6C2A8C29EF00D891CE /* Sources */ = {
			isa = PBXSourcesBuildPhase;
			buildActionMask = 2147483647;
			files = (
				A0FE9A742A8C29EF00D891CE /* FilterControlProvider.swift in Sources */,
			);
			runOnlyForDeploymentPostprocessing = 0;
		};
/* End PBXSourcesBuildPhase section */

/* Begin PBXTargetDependency section */
		A02F58EE27A6F14600D3330F /* PBXTargetDependency */ = {
			isa = PBXTargetDependency;
			target = A02F58DB27A6F14500D3330F /* slowdown */;
			targetProxy = A02F58ED27A6F14600D3330F /* PBXContainerItemProxy */;
		};
		A02F58F827A6F14600D3330F /* PBXTargetDependency */ = {
			isa = PBXTargetDependency;
			target = A02F58DB27A6F14500D3330F /* slowdown */;
			targetProxy = A02F58F727A6F14600D3330F /* PBXContainerItemProxy */;
		};
		A04ADFC02A7B5515008700C4 /* PBXTargetDependency */ = {
			isa = PBXTargetDependency;
			target = A04ADFAD2A7B5513008700C4 /* SlowdownWidgetExtension */;
			targetProxy = A04ADFBF2A7B5515008700C4 /* PBXContainerItemProxy */;
		};
		A0FE9A672A8C299000D891CE /* PBXTargetDependency */ = {
			isa = PBXTargetDependency;
			target = A0FE9A5E2A8C299000D891CE /* FilterDataProviderExtension */;
			targetProxy = A0FE9A662A8C299000D891CE /* PBXContainerItemProxy */;
		};
		A0FE9A782A8C29EF00D891CE /* PBXTargetDependency */ = {
			isa = PBXTargetDependency;
			target = A0FE9A6F2A8C29EF00D891CE /* FilterControlProviderExtension */;
			targetProxy = A0FE9A772A8C29EF00D891CE /* PBXContainerItemProxy */;
		};
/* End PBXTargetDependency section */

/* Begin XCBuildConfiguration section */
		A02F58FE27A6F14600D3330F /* Debug */ = {
			isa = XCBuildConfiguration;
			buildSettings = {
				ALWAYS_SEARCH_USER_PATHS = NO;
				CLANG_ANALYZER_NONNULL = YES;
				CLANG_ANALYZER_NUMBER_OBJECT_CONVERSION = YES_AGGRESSIVE;
				CLANG_CXX_LANGUAGE_STANDARD = "gnu++17";
				CLANG_CXX_LIBRARY = "libc++";
				CLANG_ENABLE_MODULES = YES;
				CLANG_ENABLE_OBJC_ARC = YES;
				CLANG_ENABLE_OBJC_WEAK = YES;
				CLANG_WARN_BLOCK_CAPTURE_AUTORELEASING = YES;
				CLANG_WARN_BOOL_CONVERSION = YES;
				CLANG_WARN_COMMA = YES;
				CLANG_WARN_CONSTANT_CONVERSION = YES;
				CLANG_WARN_DEPRECATED_OBJC_IMPLEMENTATIONS = YES;
				CLANG_WARN_DIRECT_OBJC_ISA_USAGE = YES_ERROR;
				CLANG_WARN_DOCUMENTATION_COMMENTS = YES;
				CLANG_WARN_EMPTY_BODY = YES;
				CLANG_WARN_ENUM_CONVERSION = YES;
				CLANG_WARN_INFINITE_RECURSION = YES;
				CLANG_WARN_INT_CONVERSION = YES;
				CLANG_WARN_NON_LITERAL_NULL_CONVERSION = YES;
				CLANG_WARN_OBJC_IMPLICIT_RETAIN_SELF = YES;
				CLANG_WARN_OBJC_LITERAL_CONVERSION = YES;
				CLANG_WARN_OBJC_ROOT_CLASS = YES_ERROR;
				CLANG_WARN_QUOTED_INCLUDE_IN_FRAMEWORK_HEADER = YES;
				CLANG_WARN_RANGE_LOOP_ANALYSIS = YES;
				CLANG_WARN_STRICT_PROTOTYPES = YES;
				CLANG_WARN_SUSPICIOUS_MOVE = YES;
				CLANG_WARN_UNGUARDED_AVAILABILITY = YES_AGGRESSIVE;
				CLANG_WARN_UNREACHABLE_CODE = YES;
				CLANG_WARN__DUPLICATE_METHOD_MATCH = YES;
				COPY_PHASE_STRIP = NO;
				DEBUG_INFORMATION_FORMAT = dwarf;
				ENABLE_STRICT_OBJC_MSGSEND = YES;
				ENABLE_TESTABILITY = YES;
				GCC_C_LANGUAGE_STANDARD = gnu11;
				GCC_DYNAMIC_NO_PIC = NO;
				GCC_NO_COMMON_BLOCKS = YES;
				GCC_OPTIMIZATION_LEVEL = 0;
				GCC_PREPROCESSOR_DEFINITIONS = (
					"DEBUG=1",
					"$(inherited)",
				);
				GCC_WARN_64_TO_32_BIT_CONVERSION = YES;
				GCC_WARN_ABOUT_RETURN_TYPE = YES_ERROR;
				GCC_WARN_UNDECLARED_SELECTOR = YES;
				GCC_WARN_UNINITIALIZED_AUTOS = YES_AGGRESSIVE;
				GCC_WARN_UNUSED_FUNCTION = YES;
				GCC_WARN_UNUSED_VARIABLE = YES;
				IPHONEOS_DEPLOYMENT_TARGET = 15.2;
				MTL_ENABLE_DEBUG_INFO = INCLUDE_SOURCE;
				MTL_FAST_MATH = YES;
				ONLY_ACTIVE_ARCH = YES;
				SDKROOT = iphoneos;
				SWIFT_ACTIVE_COMPILATION_CONDITIONS = DEBUG;
				SWIFT_OPTIMIZATION_LEVEL = "-Onone";
			};
			name = Debug;
		};
		A02F58FF27A6F14600D3330F /* Release */ = {
			isa = XCBuildConfiguration;
			buildSettings = {
				ALWAYS_SEARCH_USER_PATHS = NO;
				CLANG_ANALYZER_NONNULL = YES;
				CLANG_ANALYZER_NUMBER_OBJECT_CONVERSION = YES_AGGRESSIVE;
				CLANG_CXX_LANGUAGE_STANDARD = "gnu++17";
				CLANG_CXX_LIBRARY = "libc++";
				CLANG_ENABLE_MODULES = YES;
				CLANG_ENABLE_OBJC_ARC = YES;
				CLANG_ENABLE_OBJC_WEAK = YES;
				CLANG_WARN_BLOCK_CAPTURE_AUTORELEASING = YES;
				CLANG_WARN_BOOL_CONVERSION = YES;
				CLANG_WARN_COMMA = YES;
				CLANG_WARN_CONSTANT_CONVERSION = YES;
				CLANG_WARN_DEPRECATED_OBJC_IMPLEMENTATIONS = YES;
				CLANG_WARN_DIRECT_OBJC_ISA_USAGE = YES_ERROR;
				CLANG_WARN_DOCUMENTATION_COMMENTS = YES;
				CLANG_WARN_EMPTY_BODY = YES;
				CLANG_WARN_ENUM_CONVERSION = YES;
				CLANG_WARN_INFINITE_RECURSION = YES;
				CLANG_WARN_INT_CONVERSION = YES;
				CLANG_WARN_NON_LITERAL_NULL_CONVERSION = YES;
				CLANG_WARN_OBJC_IMPLICIT_RETAIN_SELF = YES;
				CLANG_WARN_OBJC_LITERAL_CONVERSION = YES;
				CLANG_WARN_OBJC_ROOT_CLASS = YES_ERROR;
				CLANG_WARN_QUOTED_INCLUDE_IN_FRAMEWORK_HEADER = YES;
				CLANG_WARN_RANGE_LOOP_ANALYSIS = YES;
				CLANG_WARN_STRICT_PROTOTYPES = YES;
				CLANG_WARN_SUSPICIOUS_MOVE = YES;
				CLANG_WARN_UNGUARDED_AVAILABILITY = YES_AGGRESSIVE;
				CLANG_WARN_UNREACHABLE_CODE = YES;
				CLANG_WARN__DUPLICATE_METHOD_MATCH = YES;
				COPY_PHASE_STRIP = NO;
				DEBUG_INFORMATION_FORMAT = "dwarf-with-dsym";
				ENABLE_NS_ASSERTIONS = NO;
				ENABLE_STRICT_OBJC_MSGSEND = YES;
				GCC_C_LANGUAGE_STANDARD = gnu11;
				GCC_NO_COMMON_BLOCKS = YES;
				GCC_WARN_64_TO_32_BIT_CONVERSION = YES;
				GCC_WARN_ABOUT_RETURN_TYPE = YES_ERROR;
				GCC_WARN_UNDECLARED_SELECTOR = YES;
				GCC_WARN_UNINITIALIZED_AUTOS = YES_AGGRESSIVE;
				GCC_WARN_UNUSED_FUNCTION = YES;
				GCC_WARN_UNUSED_VARIABLE = YES;
				IPHONEOS_DEPLOYMENT_TARGET = 15.2;
				MTL_ENABLE_DEBUG_INFO = NO;
				MTL_FAST_MATH = YES;
				SDKROOT = iphoneos;
				SWIFT_COMPILATION_MODE = wholemodule;
				SWIFT_OPTIMIZATION_LEVEL = "-O";
				VALIDATE_PRODUCT = YES;
			};
			name = Release;
		};
		A02F590127A6F14600D3330F /* Debug */ = {
			isa = XCBuildConfiguration;
			buildSettings = {
				ALWAYS_EMBED_SWIFT_STANDARD_LIBRARIES = YES;
				ASSETCATALOG_COMPILER_APPICON_NAME = AppIcon;
				ASSETCATALOG_COMPILER_GLOBAL_ACCENT_COLOR_NAME = AccentColor;
				ASSETCATALOG_COMPILER_INCLUDE_ALL_APPICON_ASSETS = YES;
				CODE_SIGN_ENTITLEMENTS = slowdownDebug.entitlements;
				CODE_SIGN_STYLE = Automatic;
				CURRENT_PROJECT_VERSION = 1;
				DEBUG_INFORMATION_FORMAT = "dwarf-with-dsym";
				DEVELOPMENT_ASSET_PATHS = "\"ParachuteApp/Preview Content\"";
				DEVELOPMENT_TEAM = H2M3Z7JR84;
				ENABLE_PREVIEWS = YES;
				GENERATE_INFOPLIST_FILE = YES;
				INFOPLIST_FILE = ParachuteApp/Info.plist;
				INFOPLIST_KEY_CFBundleDisplayName = Parachute;
				INFOPLIST_KEY_NSSupportsLiveActivities = YES;
				INFOPLIST_KEY_NSSupportsLiveActivitiesFrequentUpdates = YES;
				INFOPLIST_KEY_UIApplicationSceneManifest_Generation = YES;
				INFOPLIST_KEY_UIApplicationSupportsIndirectInputEvents = YES;
				INFOPLIST_KEY_UILaunchScreen_Generation = YES;
				INFOPLIST_KEY_UISupportedInterfaceOrientations_iPad = "UIInterfaceOrientationPortrait UIInterfaceOrientationPortraitUpsideDown UIInterfaceOrientationLandscapeLeft UIInterfaceOrientationLandscapeRight";
				INFOPLIST_KEY_UISupportedInterfaceOrientations_iPhone = "UIInterfaceOrientationPortrait UIInterfaceOrientationLandscapeLeft UIInterfaceOrientationLandscapeRight";
				IPHONEOS_DEPLOYMENT_TARGET = 16.0;
				LD_RUNPATH_SEARCH_PATHS = (
					"$(inherited)",
					"@executable_path/Frameworks",
				);
				MARKETING_VERSION = 1.0.3;
				"OTHER_LDFLAGS[sdk=iphonesimulator*]" = (
					"-Xlinker",
					"-interposable",
				);
				PRODUCT_BUNDLE_IDENTIFIER = industries.strange.slowdown;
				PRODUCT_NAME = "$(TARGET_NAME)";
				SUPPORTED_PLATFORMS = "iphoneos iphonesimulator";
				SUPPORTS_MACCATALYST = NO;
				SUPPORTS_MAC_DESIGNED_FOR_IPHONE_IPAD = NO;
				SUPPORTS_XR_DESIGNED_FOR_IPHONE_IPAD = NO;
				SWIFT_ACTIVE_COMPILATION_CONDITIONS = DEBUG;
				SWIFT_EMIT_LOC_STRINGS = YES;
				SWIFT_VERSION = 5.0;
				TARGETED_DEVICE_FAMILY = 1;
			};
			name = Debug;
		};
		A02F590227A6F14600D3330F /* Release */ = {
			isa = XCBuildConfiguration;
			buildSettings = {
				ALWAYS_EMBED_SWIFT_STANDARD_LIBRARIES = YES;
				ASSETCATALOG_COMPILER_APPICON_NAME = AppIcon;
				ASSETCATALOG_COMPILER_GLOBAL_ACCENT_COLOR_NAME = AccentColor;
				ASSETCATALOG_COMPILER_INCLUDE_ALL_APPICON_ASSETS = YES;
				CODE_SIGN_ENTITLEMENTS = ParachuteApp/slowdown.entitlements;
				CODE_SIGN_STYLE = Automatic;
				CURRENT_PROJECT_VERSION = 1;
				DEVELOPMENT_ASSET_PATHS = "\"ParachuteApp/Preview Content\"";
				DEVELOPMENT_TEAM = H2M3Z7JR84;
				ENABLE_PREVIEWS = YES;
				GENERATE_INFOPLIST_FILE = YES;
				INFOPLIST_FILE = ParachuteApp/Info.plist;
				INFOPLIST_KEY_CFBundleDisplayName = Parachute;
				INFOPLIST_KEY_NSSupportsLiveActivities = YES;
				INFOPLIST_KEY_NSSupportsLiveActivitiesFrequentUpdates = YES;
				INFOPLIST_KEY_UIApplicationSceneManifest_Generation = YES;
				INFOPLIST_KEY_UIApplicationSupportsIndirectInputEvents = YES;
				INFOPLIST_KEY_UILaunchScreen_Generation = YES;
				INFOPLIST_KEY_UISupportedInterfaceOrientations_iPad = "UIInterfaceOrientationPortrait UIInterfaceOrientationPortraitUpsideDown UIInterfaceOrientationLandscapeLeft UIInterfaceOrientationLandscapeRight";
				INFOPLIST_KEY_UISupportedInterfaceOrientations_iPhone = "UIInterfaceOrientationPortrait UIInterfaceOrientationLandscapeLeft UIInterfaceOrientationLandscapeRight";
				IPHONEOS_DEPLOYMENT_TARGET = 16.0;
				LD_RUNPATH_SEARCH_PATHS = (
					"$(inherited)",
					"@executable_path/Frameworks",
				);
				MARKETING_VERSION = 1.0.3;
				NEW_SETTING = "";
				NEW_SETTING1 = "";
				OTHER_LDFLAGS = "";
				PRODUCT_BUNDLE_IDENTIFIER = industries.strange.slowdown;
				PRODUCT_NAME = "$(TARGET_NAME)";
				SUPPORTED_PLATFORMS = "iphoneos iphonesimulator";
				SUPPORTS_MACCATALYST = NO;
				SUPPORTS_MAC_DESIGNED_FOR_IPHONE_IPAD = NO;
				SUPPORTS_XR_DESIGNED_FOR_IPHONE_IPAD = NO;
				SWIFT_EMIT_LOC_STRINGS = YES;
				SWIFT_VERSION = 5.0;
				TARGETED_DEVICE_FAMILY = 1;
			};
			name = Release;
		};
		A02F590427A6F14600D3330F /* Debug */ = {
			isa = XCBuildConfiguration;
			buildSettings = {
				ALWAYS_EMBED_SWIFT_STANDARD_LIBRARIES = YES;
				BUNDLE_LOADER = "$(TEST_HOST)";
				CODE_SIGN_STYLE = Automatic;
				CURRENT_PROJECT_VERSION = 27;
				DEVELOPMENT_TEAM = H2M3Z7JR84;
				GENERATE_INFOPLIST_FILE = YES;
				IPHONEOS_DEPLOYMENT_TARGET = 15.2;
				MARKETING_VERSION = 1.0;
				PRODUCT_BUNDLE_IDENTIFIER = industries.strange.slowdownTests;
				PRODUCT_NAME = "$(TARGET_NAME)";
				SWIFT_EMIT_LOC_STRINGS = NO;
				SWIFT_VERSION = 5.0;
				TARGETED_DEVICE_FAMILY = "1,2";
				TEST_HOST = "$(BUILT_PRODUCTS_DIR)/slowdown.app/slowdown";
			};
			name = Debug;
		};
		A02F590527A6F14600D3330F /* Release */ = {
			isa = XCBuildConfiguration;
			buildSettings = {
				ALWAYS_EMBED_SWIFT_STANDARD_LIBRARIES = YES;
				BUNDLE_LOADER = "$(TEST_HOST)";
				CODE_SIGN_STYLE = Automatic;
				CURRENT_PROJECT_VERSION = 27;
				DEVELOPMENT_TEAM = H2M3Z7JR84;
				GENERATE_INFOPLIST_FILE = YES;
				IPHONEOS_DEPLOYMENT_TARGET = 15.2;
				MARKETING_VERSION = 1.0;
				PRODUCT_BUNDLE_IDENTIFIER = industries.strange.slowdownTests;
				PRODUCT_NAME = "$(TARGET_NAME)";
				SWIFT_EMIT_LOC_STRINGS = NO;
				SWIFT_VERSION = 5.0;
				TARGETED_DEVICE_FAMILY = "1,2";
				TEST_HOST = "$(BUILT_PRODUCTS_DIR)/slowdown.app/slowdown";
			};
			name = Release;
		};
		A02F590727A6F14600D3330F /* Debug */ = {
			isa = XCBuildConfiguration;
			buildSettings = {
				ALWAYS_EMBED_SWIFT_STANDARD_LIBRARIES = YES;
				CODE_SIGN_STYLE = Automatic;
				CURRENT_PROJECT_VERSION = 27;
				DEVELOPMENT_TEAM = H2M3Z7JR84;
				GENERATE_INFOPLIST_FILE = YES;
				MARKETING_VERSION = 1.0;
				PRODUCT_BUNDLE_IDENTIFIER = industries.strange.slowdownUITests;
				PRODUCT_NAME = "$(TARGET_NAME)";
				SWIFT_EMIT_LOC_STRINGS = NO;
				SWIFT_VERSION = 5.0;
				TARGETED_DEVICE_FAMILY = "1,2";
				TEST_TARGET_NAME = slowdown;
			};
			name = Debug;
		};
		A02F590827A6F14600D3330F /* Release */ = {
			isa = XCBuildConfiguration;
			buildSettings = {
				ALWAYS_EMBED_SWIFT_STANDARD_LIBRARIES = YES;
				CODE_SIGN_STYLE = Automatic;
				CURRENT_PROJECT_VERSION = 27;
				DEVELOPMENT_TEAM = H2M3Z7JR84;
				GENERATE_INFOPLIST_FILE = YES;
				MARKETING_VERSION = 1.0;
				PRODUCT_BUNDLE_IDENTIFIER = industries.strange.slowdownUITests;
				PRODUCT_NAME = "$(TARGET_NAME)";
				SWIFT_EMIT_LOC_STRINGS = NO;
				SWIFT_VERSION = 5.0;
				TARGETED_DEVICE_FAMILY = "1,2";
				TEST_TARGET_NAME = slowdown;
			};
			name = Release;
		};
		A04ADFC32A7B5515008700C4 /* Debug */ = {
			isa = XCBuildConfiguration;
			buildSettings = {
				ASSETCATALOG_COMPILER_GENERATE_SWIFT_ASSET_SYMBOL_EXTENSIONS = YES;
				ASSETCATALOG_COMPILER_GLOBAL_ACCENT_COLOR_NAME = AccentColor;
				ASSETCATALOG_COMPILER_WIDGET_BACKGROUND_COLOR_NAME = WidgetBackground;
				CLANG_CXX_LANGUAGE_STANDARD = "gnu++20";
				CODE_SIGN_ENTITLEMENTS = SlowdownWidgetExtensionDebug.entitlements;
				CODE_SIGN_STYLE = Automatic;
				CURRENT_PROJECT_VERSION = 1;
				DEVELOPMENT_TEAM = H2M3Z7JR84;
				ENABLE_USER_SCRIPT_SANDBOXING = YES;
				GCC_C_LANGUAGE_STANDARD = gnu17;
				GENERATE_INFOPLIST_FILE = YES;
				INFOPLIST_FILE = SlowdownWidget/Info.plist;
				INFOPLIST_KEY_CFBundleDisplayName = SlowdownWidget;
				INFOPLIST_KEY_NSHumanReadableCopyright = "";
				IPHONEOS_DEPLOYMENT_TARGET = 17.0;
				LD_RUNPATH_SEARCH_PATHS = (
					"$(inherited)",
					"@executable_path/Frameworks",
					"@executable_path/../../Frameworks",
				);
				LOCALIZATION_PREFERS_STRING_CATALOGS = YES;
				MARKETING_VERSION = 1.0;
				PRODUCT_BUNDLE_IDENTIFIER = industries.strange.slowdown.SlowdownWidget;
				PRODUCT_NAME = "$(TARGET_NAME)";
				SKIP_INSTALL = YES;
				SUPPORTED_PLATFORMS = "iphoneos iphonesimulator";
				SUPPORTS_MACCATALYST = NO;
				SUPPORTS_XR_DESIGNED_FOR_IPHONE_IPAD = NO;
				SWIFT_ACTIVE_COMPILATION_CONDITIONS = "DEBUG $(inherited)";
				SWIFT_EMIT_LOC_STRINGS = YES;
				SWIFT_VERSION = 5.0;
				TARGETED_DEVICE_FAMILY = "1,2";
			};
			name = Debug;
		};
		A04ADFC42A7B5515008700C4 /* Release */ = {
			isa = XCBuildConfiguration;
			buildSettings = {
				ASSETCATALOG_COMPILER_GENERATE_SWIFT_ASSET_SYMBOL_EXTENSIONS = YES;
				ASSETCATALOG_COMPILER_GLOBAL_ACCENT_COLOR_NAME = AccentColor;
				ASSETCATALOG_COMPILER_WIDGET_BACKGROUND_COLOR_NAME = WidgetBackground;
				CLANG_CXX_LANGUAGE_STANDARD = "gnu++20";
				CODE_SIGN_STYLE = Automatic;
				CURRENT_PROJECT_VERSION = 1;
				DEVELOPMENT_TEAM = H2M3Z7JR84;
				ENABLE_USER_SCRIPT_SANDBOXING = YES;
				GCC_C_LANGUAGE_STANDARD = gnu17;
				GENERATE_INFOPLIST_FILE = YES;
				INFOPLIST_FILE = SlowdownWidget/Info.plist;
				INFOPLIST_KEY_CFBundleDisplayName = SlowdownWidget;
				INFOPLIST_KEY_NSHumanReadableCopyright = "";
				IPHONEOS_DEPLOYMENT_TARGET = 17.0;
				LD_RUNPATH_SEARCH_PATHS = (
					"$(inherited)",
					"@executable_path/Frameworks",
					"@executable_path/../../Frameworks",
				);
				LOCALIZATION_PREFERS_STRING_CATALOGS = YES;
				MARKETING_VERSION = 1.0;
				PRODUCT_BUNDLE_IDENTIFIER = industries.strange.slowdown.SlowdownWidget;
				PRODUCT_NAME = "$(TARGET_NAME)";
				SKIP_INSTALL = YES;
				SUPPORTED_PLATFORMS = "iphoneos iphonesimulator";
				SUPPORTS_MACCATALYST = NO;
				SUPPORTS_XR_DESIGNED_FOR_IPHONE_IPAD = NO;
				SWIFT_EMIT_LOC_STRINGS = YES;
				SWIFT_VERSION = 5.0;
				TARGETED_DEVICE_FAMILY = "1,2";
			};
			name = Release;
		};
		A08719EE281A617500113F3F /* Debug */ = {
			isa = XCBuildConfiguration;
			buildSettings = {
				CODE_SIGN_ENTITLEMENTS = tunnel/tunnel.entitlements;
				CODE_SIGN_STYLE = Automatic;
				CURRENT_PROJECT_VERSION = 1;
				DEBUG_INFORMATION_FORMAT = "dwarf-with-dsym";
				DEVELOPMENT_TEAM = H2M3Z7JR84;
				GENERATE_INFOPLIST_FILE = YES;
				INFOPLIST_FILE = tunnel/Info.plist;
				INFOPLIST_KEY_CFBundleDisplayName = tunnel;
				INFOPLIST_KEY_NSHumanReadableCopyright = "";
				IPHONEOS_DEPLOYMENT_TARGET = 16.0;
				LD_RUNPATH_SEARCH_PATHS = (
					"$(inherited)",
					"@executable_path/Frameworks",
					"@executable_path/../../Frameworks",
				);
				MARKETING_VERSION = 1.0.3;
				OTHER_LDFLAGS = "-ld64";
				PRODUCT_BUNDLE_IDENTIFIER = industries.strange.slowdown.tunnel;
				PRODUCT_NAME = "$(TARGET_NAME)";
				SKIP_INSTALL = YES;
				SWIFT_ACTIVE_COMPILATION_CONDITIONS = DEBUG;
				SWIFT_EMIT_LOC_STRINGS = YES;
				SWIFT_VERSION = 5.0;
				TARGETED_DEVICE_FAMILY = 1;
			};
			name = Debug;
		};
		A08719EF281A617500113F3F /* Release */ = {
			isa = XCBuildConfiguration;
			buildSettings = {
				CODE_SIGN_ENTITLEMENTS = tunnel/tunnel.entitlements;
				CODE_SIGN_STYLE = Automatic;
				CURRENT_PROJECT_VERSION = 1;
				DEVELOPMENT_TEAM = H2M3Z7JR84;
				GENERATE_INFOPLIST_FILE = YES;
				INFOPLIST_FILE = tunnel/Info.plist;
				INFOPLIST_KEY_CFBundleDisplayName = tunnel;
				INFOPLIST_KEY_NSHumanReadableCopyright = "";
				IPHONEOS_DEPLOYMENT_TARGET = 16.0;
				LD_RUNPATH_SEARCH_PATHS = (
					"$(inherited)",
					"@executable_path/Frameworks",
					"@executable_path/../../Frameworks",
				);
				MARKETING_VERSION = 1.0.3;
				OTHER_LDFLAGS = "-ld64";
				PRODUCT_BUNDLE_IDENTIFIER = industries.strange.slowdown.tunnel;
				PRODUCT_NAME = "$(TARGET_NAME)";
				SKIP_INSTALL = YES;
				SWIFT_EMIT_LOC_STRINGS = YES;
				SWIFT_VERSION = 5.0;
				TARGETED_DEVICE_FAMILY = 1;
			};
			name = Release;
		};
		A0F0944D2A74583700F1C8CB /* Debug */ = {
			isa = XCBuildConfiguration;
			buildSettings = {
				ASSETCATALOG_COMPILER_APPICON_NAME = AppIcon;
				ASSETCATALOG_COMPILER_GLOBAL_ACCENT_COLOR_NAME = AccentColor;
				CLANG_CXX_LANGUAGE_STANDARD = "gnu++20";
				CODE_SIGN_STYLE = Automatic;
				CURRENT_PROJECT_VERSION = 1;
				DEVELOPMENT_ASSET_PATHS = "\"UIPlayground/Preview Content\"";
				DEVELOPMENT_TEAM = H2M3Z7JR84;
				ENABLE_PREVIEWS = YES;
				GENERATE_INFOPLIST_FILE = YES;
				INFOPLIST_KEY_UIApplicationSceneManifest_Generation = YES;
				INFOPLIST_KEY_UIApplicationSupportsIndirectInputEvents = YES;
				INFOPLIST_KEY_UILaunchScreen_Generation = YES;
				INFOPLIST_KEY_UISupportedInterfaceOrientations_iPad = "UIInterfaceOrientationPortrait UIInterfaceOrientationPortraitUpsideDown UIInterfaceOrientationLandscapeLeft UIInterfaceOrientationLandscapeRight";
				INFOPLIST_KEY_UISupportedInterfaceOrientations_iPhone = "UIInterfaceOrientationPortrait UIInterfaceOrientationLandscapeLeft UIInterfaceOrientationLandscapeRight";
				IPHONEOS_DEPLOYMENT_TARGET = 16.4;
				LD_RUNPATH_SEARCH_PATHS = (
					"$(inherited)",
					"@executable_path/Frameworks",
				);
				MARKETING_VERSION = 1.0;
				"OTHER_LDFLAGS[sdk=iphonesimulator*]" = (
					"-Xlinker",
					"-interposable",
				);
				PRODUCT_BUNDLE_IDENTIFIER = industries.strange.UIPlayground;
				PRODUCT_NAME = "$(TARGET_NAME)";
				SWIFT_EMIT_LOC_STRINGS = YES;
				SWIFT_VERSION = 5.0;
				TARGETED_DEVICE_FAMILY = "1,2";
			};
			name = Debug;
		};
		A0F0944E2A74583700F1C8CB /* Release */ = {
			isa = XCBuildConfiguration;
			buildSettings = {
				ASSETCATALOG_COMPILER_APPICON_NAME = AppIcon;
				ASSETCATALOG_COMPILER_GLOBAL_ACCENT_COLOR_NAME = AccentColor;
				CLANG_CXX_LANGUAGE_STANDARD = "gnu++20";
				CODE_SIGN_STYLE = Automatic;
				CURRENT_PROJECT_VERSION = 1;
				DEVELOPMENT_ASSET_PATHS = "\"UIPlayground/Preview Content\"";
				DEVELOPMENT_TEAM = H2M3Z7JR84;
				ENABLE_PREVIEWS = YES;
				GENERATE_INFOPLIST_FILE = YES;
				INFOPLIST_KEY_UIApplicationSceneManifest_Generation = YES;
				INFOPLIST_KEY_UIApplicationSupportsIndirectInputEvents = YES;
				INFOPLIST_KEY_UILaunchScreen_Generation = YES;
				INFOPLIST_KEY_UISupportedInterfaceOrientations_iPad = "UIInterfaceOrientationPortrait UIInterfaceOrientationPortraitUpsideDown UIInterfaceOrientationLandscapeLeft UIInterfaceOrientationLandscapeRight";
				INFOPLIST_KEY_UISupportedInterfaceOrientations_iPhone = "UIInterfaceOrientationPortrait UIInterfaceOrientationLandscapeLeft UIInterfaceOrientationLandscapeRight";
				IPHONEOS_DEPLOYMENT_TARGET = 16.4;
				LD_RUNPATH_SEARCH_PATHS = (
					"$(inherited)",
					"@executable_path/Frameworks",
				);
				MARKETING_VERSION = 1.0;
				PRODUCT_BUNDLE_IDENTIFIER = industries.strange.UIPlayground;
				PRODUCT_NAME = "$(TARGET_NAME)";
				SWIFT_EMIT_LOC_STRINGS = YES;
				SWIFT_VERSION = 5.0;
				TARGETED_DEVICE_FAMILY = "1,2";
			};
			name = Release;
		};
		A0FE9A6A2A8C299000D891CE /* Debug */ = {
			isa = XCBuildConfiguration;
			buildSettings = {
				ASSETCATALOG_COMPILER_GENERATE_SWIFT_ASSET_SYMBOL_EXTENSIONS = YES;
				CLANG_CXX_LANGUAGE_STANDARD = "gnu++20";
				CODE_SIGN_ENTITLEMENTS = FilterDataProviderExtension/FilterDataProviderExtension.entitlements;
				CODE_SIGN_STYLE = Automatic;
				CURRENT_PROJECT_VERSION = 1;
				DEVELOPMENT_TEAM = H2M3Z7JR84;
				ENABLE_USER_SCRIPT_SANDBOXING = YES;
				GCC_C_LANGUAGE_STANDARD = gnu17;
				GENERATE_INFOPLIST_FILE = YES;
				INFOPLIST_FILE = FilterDataProviderExtension/Info.plist;
				INFOPLIST_KEY_CFBundleDisplayName = FilterDataProviderExtension;
				INFOPLIST_KEY_NSHumanReadableCopyright = "";
				IPHONEOS_DEPLOYMENT_TARGET = 17.0;
				LD_RUNPATH_SEARCH_PATHS = (
					"$(inherited)",
					"@executable_path/Frameworks",
					"@executable_path/../../Frameworks",
				);
				LOCALIZATION_PREFERS_STRING_CATALOGS = YES;
				MARKETING_VERSION = 1.0;
				PRODUCT_BUNDLE_IDENTIFIER = industries.strange.slowdown.FilterDataProviderExtension;
				PRODUCT_NAME = "$(TARGET_NAME)";
				SKIP_INSTALL = YES;
				SWIFT_ACTIVE_COMPILATION_CONDITIONS = "DEBUG $(inherited)";
				SWIFT_EMIT_LOC_STRINGS = YES;
				SWIFT_VERSION = 5.0;
				TARGETED_DEVICE_FAMILY = "1,2";
			};
			name = Debug;
		};
		A0FE9A6B2A8C299000D891CE /* Release */ = {
			isa = XCBuildConfiguration;
			buildSettings = {
				ASSETCATALOG_COMPILER_GENERATE_SWIFT_ASSET_SYMBOL_EXTENSIONS = YES;
				CLANG_CXX_LANGUAGE_STANDARD = "gnu++20";
				CODE_SIGN_ENTITLEMENTS = FilterDataProviderExtension/FilterDataProviderExtension.entitlements;
				CODE_SIGN_STYLE = Automatic;
				CURRENT_PROJECT_VERSION = 1;
				DEVELOPMENT_TEAM = H2M3Z7JR84;
				ENABLE_USER_SCRIPT_SANDBOXING = YES;
				GCC_C_LANGUAGE_STANDARD = gnu17;
				GENERATE_INFOPLIST_FILE = YES;
				INFOPLIST_FILE = FilterDataProviderExtension/Info.plist;
				INFOPLIST_KEY_CFBundleDisplayName = FilterDataProviderExtension;
				INFOPLIST_KEY_NSHumanReadableCopyright = "";
				IPHONEOS_DEPLOYMENT_TARGET = 17.0;
				LD_RUNPATH_SEARCH_PATHS = (
					"$(inherited)",
					"@executable_path/Frameworks",
					"@executable_path/../../Frameworks",
				);
				LOCALIZATION_PREFERS_STRING_CATALOGS = YES;
				MARKETING_VERSION = 1.0;
				PRODUCT_BUNDLE_IDENTIFIER = industries.strange.slowdown.FilterDataProviderExtension;
				PRODUCT_NAME = "$(TARGET_NAME)";
				SKIP_INSTALL = YES;
				SWIFT_EMIT_LOC_STRINGS = YES;
				SWIFT_VERSION = 5.0;
				TARGETED_DEVICE_FAMILY = "1,2";
			};
			name = Release;
		};
		A0FE9A7B2A8C29EF00D891CE /* Debug */ = {
			isa = XCBuildConfiguration;
			buildSettings = {
				ASSETCATALOG_COMPILER_GENERATE_SWIFT_ASSET_SYMBOL_EXTENSIONS = YES;
				CLANG_CXX_LANGUAGE_STANDARD = "gnu++20";
				CODE_SIGN_ENTITLEMENTS = FilterControlProviderExtension/FilterControlProviderExtension.entitlements;
				CODE_SIGN_STYLE = Automatic;
				CURRENT_PROJECT_VERSION = 1;
				DEVELOPMENT_TEAM = H2M3Z7JR84;
				ENABLE_USER_SCRIPT_SANDBOXING = YES;
				GCC_C_LANGUAGE_STANDARD = gnu17;
				GENERATE_INFOPLIST_FILE = YES;
				INFOPLIST_FILE = FilterControlProviderExtension/Info.plist;
				INFOPLIST_KEY_CFBundleDisplayName = FilterControlProviderExtension;
				INFOPLIST_KEY_NSHumanReadableCopyright = "";
				IPHONEOS_DEPLOYMENT_TARGET = 17.0;
				LD_RUNPATH_SEARCH_PATHS = (
					"$(inherited)",
					"@executable_path/Frameworks",
					"@executable_path/../../Frameworks",
				);
				LOCALIZATION_PREFERS_STRING_CATALOGS = YES;
				MARKETING_VERSION = 1.0;
				PRODUCT_BUNDLE_IDENTIFIER = industries.strange.slowdown.FilterControlProviderExtension;
				PRODUCT_NAME = "$(TARGET_NAME)";
				SKIP_INSTALL = YES;
				SWIFT_ACTIVE_COMPILATION_CONDITIONS = "DEBUG $(inherited)";
				SWIFT_EMIT_LOC_STRINGS = YES;
				SWIFT_VERSION = 5.0;
				TARGETED_DEVICE_FAMILY = "1,2";
			};
			name = Debug;
		};
		A0FE9A7C2A8C29EF00D891CE /* Release */ = {
			isa = XCBuildConfiguration;
			buildSettings = {
				ASSETCATALOG_COMPILER_GENERATE_SWIFT_ASSET_SYMBOL_EXTENSIONS = YES;
				CLANG_CXX_LANGUAGE_STANDARD = "gnu++20";
				CODE_SIGN_ENTITLEMENTS = FilterControlProviderExtension/FilterControlProviderExtension.entitlements;
				CODE_SIGN_STYLE = Automatic;
				CURRENT_PROJECT_VERSION = 1;
				DEVELOPMENT_TEAM = H2M3Z7JR84;
				ENABLE_USER_SCRIPT_SANDBOXING = YES;
				GCC_C_LANGUAGE_STANDARD = gnu17;
				GENERATE_INFOPLIST_FILE = YES;
				INFOPLIST_FILE = FilterControlProviderExtension/Info.plist;
				INFOPLIST_KEY_CFBundleDisplayName = FilterControlProviderExtension;
				INFOPLIST_KEY_NSHumanReadableCopyright = "";
				IPHONEOS_DEPLOYMENT_TARGET = 17.0;
				LD_RUNPATH_SEARCH_PATHS = (
					"$(inherited)",
					"@executable_path/Frameworks",
					"@executable_path/../../Frameworks",
				);
				LOCALIZATION_PREFERS_STRING_CATALOGS = YES;
				MARKETING_VERSION = 1.0;
				PRODUCT_BUNDLE_IDENTIFIER = industries.strange.slowdown.FilterControlProviderExtension;
				PRODUCT_NAME = "$(TARGET_NAME)";
				SKIP_INSTALL = YES;
				SWIFT_EMIT_LOC_STRINGS = YES;
				SWIFT_VERSION = 5.0;
				TARGETED_DEVICE_FAMILY = "1,2";
			};
			name = Release;
		};
/* End XCBuildConfiguration section */

/* Begin XCConfigurationList section */
		A02F58D727A6F14500D3330F /* Build configuration list for PBXProject "slowdown" */ = {
			isa = XCConfigurationList;
			buildConfigurations = (
				A02F58FE27A6F14600D3330F /* Debug */,
				A02F58FF27A6F14600D3330F /* Release */,
			);
			defaultConfigurationIsVisible = 0;
			defaultConfigurationName = Release;
		};
		A02F590027A6F14600D3330F /* Build configuration list for PBXNativeTarget "slowdown" */ = {
			isa = XCConfigurationList;
			buildConfigurations = (
				A02F590127A6F14600D3330F /* Debug */,
				A02F590227A6F14600D3330F /* Release */,
			);
			defaultConfigurationIsVisible = 0;
			defaultConfigurationName = Release;
		};
		A02F590327A6F14600D3330F /* Build configuration list for PBXNativeTarget "slowdownTests" */ = {
			isa = XCConfigurationList;
			buildConfigurations = (
				A02F590427A6F14600D3330F /* Debug */,
				A02F590527A6F14600D3330F /* Release */,
			);
			defaultConfigurationIsVisible = 0;
			defaultConfigurationName = Release;
		};
		A02F590627A6F14600D3330F /* Build configuration list for PBXNativeTarget "slowdownUITests" */ = {
			isa = XCConfigurationList;
			buildConfigurations = (
				A02F590727A6F14600D3330F /* Debug */,
				A02F590827A6F14600D3330F /* Release */,
			);
			defaultConfigurationIsVisible = 0;
			defaultConfigurationName = Release;
		};
		A04ADFC22A7B5515008700C4 /* Build configuration list for PBXNativeTarget "SlowdownWidgetExtension" */ = {
			isa = XCConfigurationList;
			buildConfigurations = (
				A04ADFC32A7B5515008700C4 /* Debug */,
				A04ADFC42A7B5515008700C4 /* Release */,
			);
			defaultConfigurationIsVisible = 0;
			defaultConfigurationName = Release;
		};
		A08719ED281A617500113F3F /* Build configuration list for PBXNativeTarget "tunnel" */ = {
			isa = XCConfigurationList;
			buildConfigurations = (
				A08719EE281A617500113F3F /* Debug */,
				A08719EF281A617500113F3F /* Release */,
			);
			defaultConfigurationIsVisible = 0;
			defaultConfigurationName = Release;
		};
		A0F0944C2A74583700F1C8CB /* Build configuration list for PBXNativeTarget "UIPlayground" */ = {
			isa = XCConfigurationList;
			buildConfigurations = (
				A0F0944D2A74583700F1C8CB /* Debug */,
				A0F0944E2A74583700F1C8CB /* Release */,
			);
			defaultConfigurationIsVisible = 0;
			defaultConfigurationName = Release;
		};
		A0FE9A692A8C299000D891CE /* Build configuration list for PBXNativeTarget "FilterDataProviderExtension" */ = {
			isa = XCConfigurationList;
			buildConfigurations = (
				A0FE9A6A2A8C299000D891CE /* Debug */,
				A0FE9A6B2A8C299000D891CE /* Release */,
			);
			defaultConfigurationIsVisible = 0;
			defaultConfigurationName = Release;
		};
		A0FE9A7A2A8C29EF00D891CE /* Build configuration list for PBXNativeTarget "FilterControlProviderExtension" */ = {
			isa = XCConfigurationList;
			buildConfigurations = (
				A0FE9A7B2A8C29EF00D891CE /* Debug */,
				A0FE9A7C2A8C29EF00D891CE /* Release */,
			);
			defaultConfigurationIsVisible = 0;
			defaultConfigurationName = Release;
		};
/* End XCConfigurationList section */

/* Begin XCRemoteSwiftPackageReference section */
		A0016E3B2A787DC400CA9BE6 /* XCRemoteSwiftPackageReference "Inject" */ = {
			isa = XCRemoteSwiftPackageReference;
			repositoryURL = "https://github.com/krzysztofzablocki/Inject.git";
			requirement = {
				kind = upToNextMajorVersion;
				minimumVersion = 1.0.0;
			};
		};
		A00AF04F29AD006200673B31 /* XCRemoteSwiftPackageReference "swift-collections" */ = {
			isa = XCRemoteSwiftPackageReference;
			repositoryURL = "https://github.com/apple/swift-collections.git";
			requirement = {
				kind = upToNextMajorVersion;
				minimumVersion = 1.0.0;
			};
		};
		A0458BF8285FB5A300CE4CCB /* XCRemoteSwiftPackageReference "swift-log" */ = {
			isa = XCRemoteSwiftPackageReference;
			repositoryURL = "https://github.com/apple/swift-log.git";
			requirement = {
				kind = upToNextMajorVersion;
				minimumVersion = 1.0.0;
			};
		};
		A0458BFF28614D6500CE4CCB /* XCRemoteSwiftPackageReference "swift-log-oslog" */ = {
			isa = XCRemoteSwiftPackageReference;
			repositoryURL = "https://github.com/chrisaljoudi/swift-log-oslog.git";
			requirement = {
				kind = upToNextMajorVersion;
				minimumVersion = 0.2.2;
			};
		};
		A0717CC9294D260C00186AFE /* XCRemoteSwiftPackageReference "swift-protobuf" */ = {
			isa = XCRemoteSwiftPackageReference;
			repositoryURL = "https://github.com/apple/swift-protobuf.git";
			requirement = {
				kind = upToNextMajorVersion;
				minimumVersion = 1.0.0;
			};
		};
		A0A81D5A296B98D800B9E1DD /* XCRemoteSwiftPackageReference "firebase-ios-sdk" */ = {
			isa = XCRemoteSwiftPackageReference;
			repositoryURL = "https://github.com/firebase/firebase-ios-sdk";
			requirement = {
				branch = master;
				kind = branch;
			};
		};
/* End XCRemoteSwiftPackageReference section */

/* Begin XCSwiftPackageProductDependency section */
		A0016E3C2A787DC400CA9BE6 /* Inject */ = {
			isa = XCSwiftPackageProductDependency;
			package = A0016E3B2A787DC400CA9BE6 /* XCRemoteSwiftPackageReference "Inject" */;
			productName = Inject;
		};
		A0016E3E2A787DD600CA9BE6 /* Inject */ = {
			isa = XCSwiftPackageProductDependency;
			package = A0016E3B2A787DC400CA9BE6 /* XCRemoteSwiftPackageReference "Inject" */;
			productName = Inject;
		};
		A00A09CD2A7EDA7000011260 /* Controllers */ = {
			isa = XCSwiftPackageProductDependency;
			productName = Controllers;
		};
		A00A09CF2A7EEF7100011260 /* Logging */ = {
			isa = XCSwiftPackageProductDependency;
			package = A0458BF8285FB5A300CE4CCB /* XCRemoteSwiftPackageReference "swift-log" */;
			productName = Logging;
		};
		A00A09D12A7EEF9100011260 /* LoggingOSLog */ = {
			isa = XCSwiftPackageProductDependency;
			package = A0458BFF28614D6500CE4CCB /* XCRemoteSwiftPackageReference "swift-log-oslog" */;
			productName = LoggingOSLog;
		};
		A00AF05029AD006200673B31 /* OrderedCollections */ = {
			isa = XCSwiftPackageProductDependency;
			package = A00AF04F29AD006200673B31 /* XCRemoteSwiftPackageReference "swift-collections" */;
			productName = OrderedCollections;
		};
		A01AB95B2A7D8015004E87B3 /* Common */ = {
			isa = XCSwiftPackageProductDependency;
			productName = Common;
		};
		A01AB95D2A7D8015004E87B3 /* Controllers */ = {
			isa = XCSwiftPackageProductDependency;
			productName = Controllers;
		};
		A04332C9296BA21A00D69210 /* FirebaseCrashlytics */ = {
			isa = XCSwiftPackageProductDependency;
			package = A0A81D5A296B98D800B9E1DD /* XCRemoteSwiftPackageReference "firebase-ios-sdk" */;
			productName = FirebaseCrashlytics;
		};
		A0458BF9285FB5A300CE4CCB /* Logging */ = {
			isa = XCSwiftPackageProductDependency;
			package = A0458BF8285FB5A300CE4CCB /* XCRemoteSwiftPackageReference "swift-log" */;
			productName = Logging;
		};
		A0458C0028614D6500CE4CCB /* LoggingOSLog */ = {
			isa = XCSwiftPackageProductDependency;
			package = A0458BFF28614D6500CE4CCB /* XCRemoteSwiftPackageReference "swift-log-oslog" */;
			productName = LoggingOSLog;
		};
		A04FAD9B294D60960002C19B /* SwiftProtobuf */ = {
			isa = XCSwiftPackageProductDependency;
			package = A0717CC9294D260C00186AFE /* XCRemoteSwiftPackageReference "swift-protobuf" */;
			productName = SwiftProtobuf;
		};
		A056C3692A819E7F00E4ED9A /* CommonLoaders */ = {
			isa = XCSwiftPackageProductDependency;
			productName = CommonLoaders;
		};
		A056C36B2A819E8A00E4ED9A /* CommonLoaders */ = {
			isa = XCSwiftPackageProductDependency;
			productName = CommonLoaders;
		};
		A056C36D2A819E8F00E4ED9A /* AppViews */ = {
			isa = XCSwiftPackageProductDependency;
			productName = AppViews;
		};
		A0717CCC294D260C00186AFE /* SwiftProtobufPluginLibrary */ = {
			isa = XCSwiftPackageProductDependency;
			package = A0717CC9294D260C00186AFE /* XCRemoteSwiftPackageReference "swift-protobuf" */;
			productName = SwiftProtobufPluginLibrary;
		};
		A080EDF5294F9864005401E4 /* Logging */ = {
			isa = XCSwiftPackageProductDependency;
			package = A0458BF8285FB5A300CE4CCB /* XCRemoteSwiftPackageReference "swift-log" */;
			productName = Logging;
		};
		A080EDF7294F9868005401E4 /* LoggingOSLog */ = {
			isa = XCSwiftPackageProductDependency;
			package = A0458BFF28614D6500CE4CCB /* XCRemoteSwiftPackageReference "swift-log-oslog" */;
			productName = LoggingOSLog;
		};
		A081F2392967B10F00863FE3 /* SwiftProtobuf */ = {
			isa = XCSwiftPackageProductDependency;
			package = A0717CC9294D260C00186AFE /* XCRemoteSwiftPackageReference "swift-protobuf" */;
			productName = SwiftProtobuf;
		};
		A081F23B2967B10F00863FE3 /* SwiftProtobufPluginLibrary */ = {
			isa = XCSwiftPackageProductDependency;
			package = A0717CC9294D260C00186AFE /* XCRemoteSwiftPackageReference "swift-protobuf" */;
			productName = SwiftProtobufPluginLibrary;
		};
		A089610B2A7D8B3200742B70 /* Common */ = {
			isa = XCSwiftPackageProductDependency;
			productName = Common;
		};
		A089610D2A7D8C5200742B70 /* Server */ = {
			isa = XCSwiftPackageProductDependency;
			productName = Server;
		};
		A0975B462A832DA70079FCBD /* AppHelpers */ = {
			isa = XCSwiftPackageProductDependency;
			productName = AppHelpers;
		};
		A0975B482A832F380079FCBD /* AppHelpers */ = {
			isa = XCSwiftPackageProductDependency;
			productName = AppHelpers;
		};
		A0A81D5B296B98D800B9E1DD /* FirebaseCrashlytics */ = {
			isa = XCSwiftPackageProductDependency;
			package = A0A81D5A296B98D800B9E1DD /* XCRemoteSwiftPackageReference "firebase-ios-sdk" */;
			productName = FirebaseCrashlytics;
		};
		A0AB503F2A84846B002C84FB /* Models */ = {
			isa = XCSwiftPackageProductDependency;
			productName = Models;
		};
		A0C1F7AF2A8C400100934A8D /* FilterData */ = {
			isa = XCSwiftPackageProductDependency;
			productName = FilterData;
		};
		A0EE20AB2A82E84E00F34B98 /* Activities */ = {
			isa = XCSwiftPackageProductDependency;
			productName = Activities;
		};
		A0EE20AD2A82E86300F34B98 /* Activities */ = {
			isa = XCSwiftPackageProductDependency;
			productName = Activities;
		};
		A0F98C9D2A86B1D600D5E88E /* CommonViews */ = {
			isa = XCSwiftPackageProductDependency;
			productName = CommonViews;
		};
		A0F98C9F2A86B1F500D5E88E /* CommonViews */ = {
			isa = XCSwiftPackageProductDependency;
			productName = CommonViews;
		};
/* End XCSwiftPackageProductDependency section */
	};
	rootObject = A02F58D427A6F14500D3330F /* Project object */;
}
